{
  "version": 4,
  "terraform_version": "1.5.7",
  "serial": 284,
  "lineage": "f37a54f5-ee15-7652-215d-c85e3fe05816",
  "outputs": {},
  "resources": [
    {
      "mode": "data",
      "type": "aws_caller_identity",
      "name": "this",
      "provider": "provider[\"registry.terraform.io/hashicorp/aws\"]",
      "instances": [
        {
          "schema_version": 0,
          "attributes": {
            "account_id": "526054848789",
            "arn": "arn:aws:sts::526054848789:assumed-role/AWSReservedSSO_AdministratorAccess_eaa146b6dc3a2316/igor.oliveira",
            "id": "526054848789",
            "user_id": "AROAXU62P7EKSOARTWBFI:igor.oliveira"
          },
          "sensitive_attributes": []
        }
      ]
    },
    {
      "mode": "data",
      "type": "aws_ecr_authorization_token",
      "name": "token",
      "provider": "provider[\"registry.terraform.io/hashicorp/aws\"]",
      "instances": [
        {
          "schema_version": 0,
          "attributes": {
            "authorization_token": "QVdTOmV5SndZWGxzYjJGa0lqb2lUSEZEV0RocFdsaERSR3hCWW1SS2VsbFNlaTlJUzI0eE4wTmhZa0ZyV21sTmFscEpaVGR6VjBOMldDOVdkMXBqT1ZKR01UaHNiMWRLUWpsTk1tTnBOa2RrY1ZSWFlXZFZaWHBsYkU5aVNYSmxkR1EzZFVaaE1GVmxVRzgzYTNCS2JsRjRZMHhxY1cxaFQyeG9LM1pvY21oeFdsRnVNMGhEZWtKdFkwcG1WVmx2Vm01NWREQlVUWFp2ZUdOUksyZFNiemhLYVdsbldsRlJMMU5PU2xWQk1XSkRNWGd3VkVrM016UjJRV0Z5ZFdFdk4zUlZiMnh6VjFJMU5teEhXR2haTWxWSGRqbDFPVk4wVWtjd1FsZE9jWEZSVEdaR1VqbFZSR3BwZEd4WmNHRkVLMlJQUmpOR1lXRnNlbUZyUWt4UVIyeEtUbXBMTVN0RVRVVnFTRE5rUjNSeU0zSkRaMnBHWTFreVRrTlNOVTFaZFZsUloxZGFaMmxsWldndlowaFVWRkZyZDB4TFR6TlFhMjF1ZG5OV09FWTFOMVJzZWxSVlkyeFFSbTFEZG5rck5VazVSbWRYWlhGdGVIZFVNVUpyUzBreFFsRk1PVUpIT0RKNlEwOUdkSFZZYjBrNWNVeFVOVXRrYzBSdVFraGFNMUZoYUhVMmRWRlJkbk1yTVRNMWMyMVpRMEZHY1V4T1oya3pPRGs1VVdsaWFUbG1OMFJGTjA4NVVXVmxMMjFIUm1vMVMwOVRZbWx4VmxoNmJXRjRZVmRpVWxKR1RsQmpWakkyVFhGamJYSk5TblZuTTJOeVZXSkdZM2g2YlROVVZFZFdXRU5JYjJwU2NtWkplRVY0YUhJMk9FbHZOSHByY2xGSVNtMWxZa0ZKYWpsTk5GbENNRVkzTkdWT01XbHRhRTFFYm1seVlVZFBOM1J1YldFeWVEUnNabmROYVhwRWFEUXplREpTYXk5Mk5HTTVRamhCVW5WQ2NYUmxjeXRPTDJodlFYZHBXVUowVGtOelYwVjJaMU5UTkhreU0xaFBjbGt5WkROa1NXMUdWSFZKVlRoSkwzQjFPVU5UVm1GaFRFWjNLMHgxUzJKUGNVSktTR3N6WWpObFZuUlVhakoyUWt4NVZrOWxWR1JuTWtwamRrOU1URXN3ZVZJeFptb3lSbGRETTJ0RlpuVklNekptUlhodVMwbDNWRzVMV1hWRFVVbE5WRE4xUmxRM2RHNTZWVzRyU1UxMFVVTkpPR054V201aEwxYzVhRE5NY1c1c2VVWnBRV1I2Vm5WMk0xRnJhVE00VkhOMldEWjFjREZNWm5GUWJHWnZaSHBYYVdGRVZYTTNRakZqTlhkdkswbFhPRXhpVjNoMVFWSjBRVEZTU210a2QyWlNXV280ZVU1RWVURlNPWEpIZGs0MlNqRTJObWhWYW1oclRHeERZWEYxYlRSNGJVdHpRbFpOTmxWQk9ITTBURmR5TTIxQlZHWmxObGczUW1kcFIwdHdkalpuYmpsT1VUaDJNM05IY2pZNE0yMVdSVkJHUVUxVlNtY3JOMG80V2tsMWVGQm1iVTVxUzJRMlIzVlZSazFGVW05Vkx5OVNOU3RaUVRCNFVXaEtOR1paWVN0aU0xTnNPRGh6TUhkYU5qWkZPRTV4YWpOR2FXOUpjWGhIYlNzemJteE5UVXMxTmtOTFR6ZHlWblJYUnk4eWNUTXlhV0ZKU0ZndlpuTmlXV2tyU1hobFdGbGpSVFpqTVhWNFlYcDNVMjlUZWxKdFdFbzNjREl5V2xWdlpGUlRSRzFyVDNGcE5UTnNjVEpoUzB4c1JWSnlNbVJhYUdrNWVqa3dORE5HWWxadlJuazBSMmhLWkVGbFNpczVWR3RUWVdSdk1FRjNRVEkwYWxKTFoya3ZjMDUzVDJSdFV6WnpOVmhJU1dVdmR6WnRabmxxTUdWVmJFcGhNRmhaTDNGWWR6QkpUM1V5UzBOaUsyWlNSV2N5ZFVWa1FUSjVha0ZzVldKYVRuUTBZakJvY1hOUWNtWm1WMGxwVm5KdE9XdDJiMEUyUnk5aGVVMVpkRk5sYW5aNkwyMTFka05WYnpJdmJFMXRPRGQxWTJseGFqUTRhakpVZUZodFVWWkROVXhKVDFnNFNpdFFRV3hxV1Vrek1sWlFRMHg2VFRVNVZUZExXRFI0V2sxV01UVTFXRElyYlhCMFZqWkZUamh0THpKUk1XWklkVXBrTkRodVpqWlBOVUkxTW5wbFpIaE1hREF3VUU1cGJYRnpiR0pKT0dGNVQyZEdNREUyVFVSUGFqRnRTRWxVZFVvdlIyWXhiamsxUTFCNWJIa3lPV3hYTmpabFZteHNUUzlETUhWaFVHOTBLMUpCYkRGMlV6UmpVREIzWTI5eFZtMXVSRFJxVFdjMU0zb3lha2t4WkhvNU5WQTBUVlEyTlc5NFVISkRPSGRXYzBOeGIxWnhVemQ1YUhaMlFXSjRVV1J3UlQwaUxDSmtZWFJoYTJWNUlqb2lRVkZGUWtGSWFqWnNZelJZU1VwM0x6ZHNiakJJWXpBd1JFMWxhelpIUlhoSVEySlpORkpKY0ZSTlEwazFPRWx1VlhkQlFVRklOSGRtUVZsS1MyOWFTV2gyWTA1QlVXTkhiMGM0ZDJKUlNVSkJSRUp2UW1kcmNXaHJhVWM1ZHpCQ1FuZEZkMGhuV1VwWlNWcEpRVmRWUkVKQlJYVk5Ra1ZGUkVKdlpXeGpkMUpOT1ZBeldHdHpPVmRSU1VKRlNVRTNhMDVtUkcxNFRVWm9PRVZIWVdoNVZuVTVUR3BEU2pVNWEzZGtWRU5vWkRWc2FqZDNhSFo0Y1VNd1FsVlpiMkpHUm5OSGRWSnNkSGhWUVVwRVpWWTRObEZ3Wms1dEt6TXpORkZZU0VOdFZUMGlMQ0oyWlhKemFXOXVJam9pTWlJc0luUjVjR1VpT2lKRVFWUkJYMHRGV1NJc0ltVjRjR2x5WVhScGIyNGlPakUyT1RVd05EY3dPREI5",
            "expires_at": "2023-09-18T14:24:40Z",
            "id": "us-west-2",
            "password": "eyJwYXlsb2FkIjoiTHFDWDhpWlhDRGxBYmRKellSei9IS24xN0NhYkFrWmlNalpJZTdzV0N2WC9Wd1pjOVJGMThsb1dKQjlNMmNpNkdkcVRXYWdVZXplbE9iSXJldGQ3dUZhMFVlUG83a3BKblF4Y0xqcW1hT2xoK3ZocmhxWlFuM0hDekJtY0pmVVlvVm55dDBUTXZveGNRK2dSbzhKaWlnWlFRL1NOSlVBMWJDMXgwVEk3MzR2QWFydWEvN3RVb2xzV1I1NmxHWGhZMlVHdjl1OVN0UkcwQldOcXFRTGZGUjlVRGppdGxZcGFEK2RPRjNGYWFsemFrQkxQR2xKTmpLMStETUVqSDNkR3RyM3JDZ2pGY1kyTkNSNU1ZdVlRZ1daZ2llZWgvZ0hUVFFrd0xLTzNQa21udnNWOEY1N1RselRVY2xQRm1DdnkrNUk5RmdXZXFteHdUMUJrS0kxQlFMOUJHODJ6Q09GdHVYb0k5cUxUNUtkc0RuQkhaM1FhaHU2dVFRdnMrMTM1c21ZQ0FGcUxOZ2kzODk5UWliaTlmN0RFN085UWVlL21HRmo1S09TYmlxVlh6bWF4YVdiUlJGTlBjVjI2TXFjbXJNSnVnM2NyVWJGY3h6bTNUVEdWWENIb2pScmZJeEV4aHI2OElvNHprclFISm1lYkFJajlNNFlCMEY3NGVOMWltaE1EbmlyYUdPN3RubWEyeDRsZndNaXpEaDQzeDJSay92NGM5QjhBUnVCcXRlcytOL2hvQXdpWUJ0TkNzV0V2Z1NTNHkyM1hPclkyZDNkSW1GVHVJVThJL3B1OUNTVmFhTEZ3K0x1S2JPcUJKSGszYjNlVnRUajJ2Qkx5Vk9lVGRnMkpjdk9MTEsweVIxZmoyRldDM2tFZnVIMzJmRXhuS0l3VG5LWXVDUUlNVDN1RlQ3dG56VW4rSU10UUNJOGNxWm5hL1c5aDNMcW5seUZpQWR6VnV2M1FraTM4VHN2WDZ1cDFMZnFQbGZvZHpXaWFEVXM3QjFjNXdvK0lXOExiV3h1QVJ0QTFSSmtkd2ZSWWo4eU5EeTFSOXJHdk42SjE2NmhVamhrTGxDYXF1bTR4bUtzQlZNNlVBOHM0TFdyM21BVGZlNlg3QmdpR0twdjZnbjlOUTh2M3NHcjY4M21WRVBGQU1VSmcrN0o4Wkl1eFBmbU5qS2Q2R3VVRk1FUm9VLy9SNStZQTB4UWhKNGZZYStiM1NsODhzMHdaNjZFOE5xajNGaW9JcXhHbSszbmxNTUs1NkNLTzdyVnRXRy8ycTMyaWFJSFgvZnNiWWkrSXhlWFljRTZjMXV4YXp3U29TelJtWEo3cDIyWlVvZFRTRG1rT3FpNTNscTJhS0xsRVJyMmRaaGk5ejkwNDNGYlZvRnk0R2hKZEFlSis5VGtTYWRvMEF3QTI0alJLZ2kvc053T2RtUzZzNVhISWUvdzZtZnlqMGVVbEphMFhZL3FYdzBJT3UyS0NiK2ZSRWcydUVkQTJ5akFsVWJaTnQ0YjBocXNQcmZmV0lpVnJtOWt2b0E2Ry9heU1ZdFNlanZ6L211dkNVbzIvbE1tODd1Y2lxajQ4ajJUeFhtUVZDNUxJT1g4SitQQWxqWUkzMlZQQ0x6TTU5VTdLWDR4Wk1WMTU1WDIrbXB0VjZFTjhtLzJRMWZIdUpkNDhuZjZPNUI1MnplZHhMaDAwUE5pbXFzbGJJOGF5T2dGMDE2TURPajFtSElUdUovR2Yxbjk1Q1B5bHkyOWxXNjZlVmxsTS9DMHVhUG90K1JBbDF2UzRjUDB3Y29xVm1uRDRqTWc1M3oyakkxZHo5NVA0TVQ2NW94UHJDOHdWc0Nxb1ZxUzd5aHZ2QWJ4UWRwRT0iLCJkYXRha2V5IjoiQVFFQkFIajZsYzRYSUp3LzdsbjBIYzAwRE1lazZHRXhIQ2JZNFJJcFRNQ0k1OEluVXdBQUFINHdmQVlKS29aSWh2Y05BUWNHb0c4d2JRSUJBREJvQmdrcWhraUc5dzBCQndFd0hnWUpZSVpJQVdVREJBRXVNQkVFREJvZWxjd1JNOVAzWGtzOVdRSUJFSUE3a05mRG14TUZoOEVHYWh5VnU5TGpDSjU5a3dkVENoZDVsajd3aHZ4cUMwQlVZb2JGRnNHdVJsdHhVQUpEZVY4NlFwZk5tKzMzNFFYSENtVT0iLCJ2ZXJzaW9uIjoiMiIsInR5cGUiOiJEQVRBX0tFWSIsImV4cGlyYXRpb24iOjE2OTUwNDcwODB9",
            "proxy_endpoint": "https://526054848789.dkr.ecr.us-west-2.amazonaws.com",
            "registry_id": null,
            "user_name": "AWS"
          },
          "sensitive_attributes": []
        }
      ]
    },
    {
      "mode": "data",
      "type": "aws_region",
      "name": "current",
      "provider": "provider[\"registry.terraform.io/hashicorp/aws\"]",
      "instances": [
        {
          "schema_version": 0,
          "attributes": {
            "description": "US West (Oregon)",
            "endpoint": "ec2.us-west-2.amazonaws.com",
            "id": "us-west-2",
            "name": "us-west-2"
          },
          "sensitive_attributes": []
        }
      ]
    },
    {
      "module": "module.docker_image_spotify_playlist",
      "mode": "data",
      "type": "aws_caller_identity",
      "name": "this",
      "provider": "provider[\"registry.terraform.io/hashicorp/aws\"]",
      "instances": [
        {
          "schema_version": 0,
          "attributes": {
            "account_id": "526054848789",
            "arn": "arn:aws:sts::526054848789:assumed-role/AWSReservedSSO_AdministratorAccess_eaa146b6dc3a2316/igor.oliveira",
            "id": "526054848789",
            "user_id": "AROAXU62P7EKSOARTWBFI:igor.oliveira"
          },
          "sensitive_attributes": []
        }
      ]
    },
    {
      "module": "module.docker_image_spotify_playlist",
      "mode": "data",
      "type": "aws_region",
      "name": "current",
      "provider": "provider[\"registry.terraform.io/hashicorp/aws\"]",
      "instances": [
        {
          "schema_version": 0,
          "attributes": {
            "description": "US West (Oregon)",
            "endpoint": "ec2.us-west-2.amazonaws.com",
            "id": "us-west-2",
            "name": "us-west-2"
          },
          "sensitive_attributes": []
        }
      ]
    },
    {
      "module": "module.docker_image_spotify_playlist",
      "mode": "managed",
      "type": "aws_ecr_lifecycle_policy",
      "name": "this",
      "provider": "provider[\"registry.terraform.io/hashicorp/aws\"]",
      "instances": [
        {
          "index_key": 0,
          "schema_version": 0,
          "attributes": {
            "id": "spotify-playlist",
            "policy": "{\"rules\":[{\"action\":{\"type\":\"expire\"},\"description\":\"Keep only the last 2 images\",\"rulePriority\":1,\"selection\":{\"countNumber\":2,\"countType\":\"imageCountMoreThan\",\"tagStatus\":\"any\"}}]}",
            "registry_id": "526054848789",
            "repository": "spotify-playlist"
          },
          "sensitive_attributes": [],
          "private": "bnVsbA==",
          "dependencies": [
            "module.docker_image_spotify_playlist.aws_ecr_repository.this"
          ]
        }
      ]
    },
    {
      "module": "module.docker_image_spotify_playlist",
      "mode": "managed",
      "type": "aws_ecr_repository",
      "name": "this",
      "provider": "provider[\"registry.terraform.io/hashicorp/aws\"]",
      "instances": [
        {
          "index_key": 0,
          "schema_version": 0,
          "attributes": {
            "arn": "arn:aws:ecr:us-west-2:526054848789:repository/spotify-playlist",
            "encryption_configuration": [
              {
                "encryption_type": "AES256",
                "kms_key": ""
              }
            ],
            "force_delete": true,
            "id": "spotify-playlist",
            "image_scanning_configuration": [
              {
                "scan_on_push": false
              }
            ],
            "image_tag_mutability": "MUTABLE",
            "name": "spotify-playlist",
            "registry_id": "526054848789",
            "repository_url": "526054848789.dkr.ecr.us-west-2.amazonaws.com/spotify-playlist",
            "tags": {},
            "tags_all": {},
            "timeouts": null
          },
          "sensitive_attributes": [],
          "private": "eyJlMmJmYjczMC1lY2FhLTExZTYtOGY4OC0zNDM2M2JjN2M0YzAiOnsiZGVsZXRlIjoxMjAwMDAwMDAwMDAwfX0="
        }
      ]
    },
    {
      "module": "module.docker_image_spotify_playlist",
      "mode": "managed",
      "type": "docker_image",
      "name": "this",
      "provider": "provider[\"registry.terraform.io/kreuzwerker/docker\"]",
      "instances": [
        {
          "schema_version": 0,
          "attributes": {
            "build": [
              {
                "auth_config": [],
                "build_arg": null,
                "build_args": null,
                "build_id": "",
                "cache_from": [],
                "cgroup_parent": "",
                "context": "spotify",
                "cpu_period": null,
                "cpu_quota": null,
                "cpu_set_cpus": "",
                "cpu_set_mems": "",
                "cpu_shares": null,
                "dockerfile": "Dockerfile",
                "extra_hosts": [],
                "force_remove": null,
                "isolation": "",
                "label": null,
                "labels": null,
                "memory": null,
                "memory_swap": null,
                "network_mode": "",
                "no_cache": null,
                "platform": "linux/amd64",
                "pull_parent": null,
                "remote_context": "",
                "remove": true,
                "security_opt": [],
                "session_id": "",
                "shm_size": null,
                "squash": null,
                "suppress_output": null,
                "tag": [],
                "target": "",
                "ulimit": [],
                "version": ""
              }
            ],
            "force_remove": null,
            "id": "sha256:45d2afae6fab1fe78535d6acef9c2c2f6e727a8fe19769fa8f1af07788a08729526054848789.dkr.ecr.us-west-2.amazonaws.com/spotify-playlist:0.24",
            "image_id": "sha256:45d2afae6fab1fe78535d6acef9c2c2f6e727a8fe19769fa8f1af07788a08729",
            "keep_locally": null,
            "name": "526054848789.dkr.ecr.us-west-2.amazonaws.com/spotify-playlist:0.24",
            "platform": null,
            "pull_triggers": null,
            "repo_digest": "",
            "triggers": null
          },
          "sensitive_attributes": [],
          "private": "bnVsbA==",
          "dependencies": [
            "data.aws_caller_identity.this",
            "data.aws_ecr_authorization_token.token",
            "data.aws_region.current",
            "module.docker_image_spotify_playlist.aws_ecr_repository.this",
            "module.docker_image_spotify_playlist.data.aws_caller_identity.this",
            "module.docker_image_spotify_playlist.data.aws_region.current"
          ]
        }
      ]
    },
    {
      "module": "module.docker_image_spotify_playlist",
      "mode": "managed",
      "type": "docker_registry_image",
      "name": "this",
      "provider": "provider[\"registry.terraform.io/kreuzwerker/docker\"]",
      "instances": [
        {
          "schema_version": 0,
          "attributes": {
            "id": "sha256:0e138a12ea3ed419c5c06fb36efb09e61043f4072ff35589add8dddc3aef57e0",
            "insecure_skip_verify": false,
            "keep_remotely": false,
            "name": "526054848789.dkr.ecr.us-west-2.amazonaws.com/spotify-playlist:0.24",
            "sha256_digest": "sha256:0e138a12ea3ed419c5c06fb36efb09e61043f4072ff35589add8dddc3aef57e0",
            "triggers": null
          },
          "sensitive_attributes": [],
          "private": "bnVsbA==",
          "dependencies": [
            "data.aws_caller_identity.this",
            "data.aws_ecr_authorization_token.token",
            "data.aws_region.current",
            "module.docker_image_spotify_playlist.aws_ecr_repository.this",
            "module.docker_image_spotify_playlist.data.aws_caller_identity.this",
            "module.docker_image_spotify_playlist.data.aws_region.current",
            "module.docker_image_spotify_playlist.docker_image.this"
          ]
        }
      ]
    },
    {
      "module": "module.docker_image_spotify_playlist",
      "mode": "managed",
      "type": "null_resource",
      "name": "sam_metadata_docker_registry_image",
      "provider": "provider[\"registry.terraform.io/hashicorp/null\"]",
      "instances": [
        {
          "schema_version": 0,
          "attributes": {
            "id": "2757306200227838256",
            "triggers": {
              "built_image_uri": "526054848789.dkr.ecr.us-west-2.amazonaws.com/spotify-playlist:0.24",
              "docker_build_args": "{}",
              "docker_context": "spotify",
              "docker_file": "Dockerfile",
              "docker_tag": "0.24",
              "resource_type": "IMAGE_LAMBDA_FUNCTION"
            }
          },
          "sensitive_attributes": [],
          "dependencies": [
            "data.aws_caller_identity.this",
            "data.aws_ecr_authorization_token.token",
            "data.aws_region.current",
            "module.docker_image_spotify_playlist.aws_ecr_repository.this",
            "module.docker_image_spotify_playlist.data.aws_caller_identity.this",
            "module.docker_image_spotify_playlist.data.aws_region.current",
            "module.docker_image_spotify_playlist.docker_image.this",
            "module.docker_image_spotify_playlist.docker_registry_image.this"
          ]
        }
      ]
    },
    {
      "module": "module.docker_image_spotify_track",
      "mode": "data",
      "type": "aws_caller_identity",
      "name": "this",
      "provider": "provider[\"registry.terraform.io/hashicorp/aws\"]",
      "instances": [
        {
          "schema_version": 0,
          "attributes": {
            "account_id": "526054848789",
            "arn": "arn:aws:sts::526054848789:assumed-role/AWSReservedSSO_AdministratorAccess_eaa146b6dc3a2316/igor.oliveira",
            "id": "526054848789",
            "user_id": "AROAXU62P7EKSOARTWBFI:igor.oliveira"
          },
          "sensitive_attributes": []
        }
      ]
    },
    {
      "module": "module.docker_image_spotify_track",
      "mode": "data",
      "type": "aws_region",
      "name": "current",
      "provider": "provider[\"registry.terraform.io/hashicorp/aws\"]",
      "instances": [
        {
          "schema_version": 0,
          "attributes": {
            "description": "US West (Oregon)",
            "endpoint": "ec2.us-west-2.amazonaws.com",
            "id": "us-west-2",
            "name": "us-west-2"
          },
          "sensitive_attributes": []
        }
      ]
    },
    {
      "module": "module.docker_image_spotify_track",
      "mode": "managed",
      "type": "aws_ecr_lifecycle_policy",
      "name": "this",
      "provider": "provider[\"registry.terraform.io/hashicorp/aws\"]",
      "instances": [
        {
          "index_key": 0,
          "schema_version": 0,
          "attributes": {
            "id": "spotify-track",
            "policy": "{\"rules\":[{\"action\":{\"type\":\"expire\"},\"description\":\"Keep only the last 2 images\",\"rulePriority\":1,\"selection\":{\"countNumber\":2,\"countType\":\"imageCountMoreThan\",\"tagStatus\":\"any\"}}]}",
            "registry_id": "526054848789",
            "repository": "spotify-track"
          },
          "sensitive_attributes": [],
          "private": "bnVsbA==",
          "dependencies": [
            "module.docker_image_spotify_track.aws_ecr_repository.this"
          ]
        }
      ]
    },
    {
      "module": "module.docker_image_spotify_track",
      "mode": "managed",
      "type": "aws_ecr_repository",
      "name": "this",
      "provider": "provider[\"registry.terraform.io/hashicorp/aws\"]",
      "instances": [
        {
          "index_key": 0,
          "schema_version": 0,
          "attributes": {
            "arn": "arn:aws:ecr:us-west-2:526054848789:repository/spotify-track",
            "encryption_configuration": [
              {
                "encryption_type": "AES256",
                "kms_key": ""
              }
            ],
            "force_delete": true,
            "id": "spotify-track",
            "image_scanning_configuration": [
              {
                "scan_on_push": false
              }
            ],
            "image_tag_mutability": "MUTABLE",
            "name": "spotify-track",
            "registry_id": "526054848789",
            "repository_url": "526054848789.dkr.ecr.us-west-2.amazonaws.com/spotify-track",
            "tags": {},
            "tags_all": {},
            "timeouts": null
          },
          "sensitive_attributes": [],
          "private": "eyJlMmJmYjczMC1lY2FhLTExZTYtOGY4OC0zNDM2M2JjN2M0YzAiOnsiZGVsZXRlIjoxMjAwMDAwMDAwMDAwfX0="
        }
      ]
    },
    {
      "module": "module.docker_image_spotify_track",
      "mode": "managed",
      "type": "docker_image",
      "name": "this",
      "provider": "provider[\"registry.terraform.io/kreuzwerker/docker\"]",
      "instances": [
        {
          "schema_version": 0,
          "attributes": {
            "build": [
              {
                "auth_config": [],
                "build_arg": null,
                "build_args": null,
                "build_id": "",
                "cache_from": [],
                "cgroup_parent": "",
                "context": "spotify",
                "cpu_period": null,
                "cpu_quota": null,
                "cpu_set_cpus": "",
                "cpu_set_mems": "",
                "cpu_shares": null,
                "dockerfile": "Dockerfile",
                "extra_hosts": [],
                "force_remove": null,
                "isolation": "",
                "label": null,
                "labels": null,
                "memory": null,
                "memory_swap": null,
                "network_mode": "",
                "no_cache": null,
                "platform": "linux/amd64",
                "pull_parent": null,
                "remote_context": "",
                "remove": true,
                "security_opt": [],
                "session_id": "",
                "shm_size": null,
                "squash": null,
                "suppress_output": null,
                "tag": [],
                "target": "",
                "ulimit": [],
                "version": ""
              }
            ],
            "force_remove": null,
            "id": "sha256:45d2afae6fab1fe78535d6acef9c2c2f6e727a8fe19769fa8f1af07788a08729526054848789.dkr.ecr.us-west-2.amazonaws.com/spotify-track:0.24",
            "image_id": "sha256:45d2afae6fab1fe78535d6acef9c2c2f6e727a8fe19769fa8f1af07788a08729",
            "keep_locally": null,
            "name": "526054848789.dkr.ecr.us-west-2.amazonaws.com/spotify-track:0.24",
            "platform": null,
            "pull_triggers": null,
            "repo_digest": "",
            "triggers": null
          },
          "sensitive_attributes": [],
          "private": "bnVsbA==",
          "dependencies": [
            "data.aws_caller_identity.this",
            "data.aws_ecr_authorization_token.token",
            "data.aws_region.current",
            "module.docker_image_spotify_track.aws_ecr_repository.this",
            "module.docker_image_spotify_track.data.aws_caller_identity.this",
            "module.docker_image_spotify_track.data.aws_region.current"
          ]
        }
      ]
    },
    {
      "module": "module.docker_image_spotify_track",
      "mode": "managed",
      "type": "docker_registry_image",
      "name": "this",
      "provider": "provider[\"registry.terraform.io/kreuzwerker/docker\"]",
      "instances": [
        {
          "schema_version": 0,
          "attributes": {
            "id": "sha256:0e138a12ea3ed419c5c06fb36efb09e61043f4072ff35589add8dddc3aef57e0",
            "insecure_skip_verify": false,
            "keep_remotely": false,
            "name": "526054848789.dkr.ecr.us-west-2.amazonaws.com/spotify-track:0.24",
            "sha256_digest": "sha256:0e138a12ea3ed419c5c06fb36efb09e61043f4072ff35589add8dddc3aef57e0",
            "triggers": null
          },
          "sensitive_attributes": [],
          "private": "bnVsbA==",
          "dependencies": [
            "data.aws_caller_identity.this",
            "data.aws_ecr_authorization_token.token",
            "data.aws_region.current",
            "module.docker_image_spotify_track.aws_ecr_repository.this",
            "module.docker_image_spotify_track.data.aws_caller_identity.this",
            "module.docker_image_spotify_track.data.aws_region.current",
            "module.docker_image_spotify_track.docker_image.this"
          ]
        }
      ]
    },
    {
      "module": "module.docker_image_spotify_track",
      "mode": "managed",
      "type": "null_resource",
      "name": "sam_metadata_docker_registry_image",
      "provider": "provider[\"registry.terraform.io/hashicorp/null\"]",
      "instances": [
        {
          "schema_version": 0,
          "attributes": {
            "id": "2187695118147914552",
            "triggers": {
              "built_image_uri": "526054848789.dkr.ecr.us-west-2.amazonaws.com/spotify-track:0.24",
              "docker_build_args": "{}",
              "docker_context": "spotify",
              "docker_file": "Dockerfile",
              "docker_tag": "0.24",
              "resource_type": "IMAGE_LAMBDA_FUNCTION"
            }
          },
          "sensitive_attributes": [],
          "dependencies": [
            "data.aws_caller_identity.this",
            "data.aws_ecr_authorization_token.token",
            "data.aws_region.current",
            "module.docker_image_spotify_track.aws_ecr_repository.this",
            "module.docker_image_spotify_track.data.aws_caller_identity.this",
            "module.docker_image_spotify_track.data.aws_region.current",
            "module.docker_image_spotify_track.docker_image.this",
            "module.docker_image_spotify_track.docker_registry_image.this"
          ]
        }
      ]
    },
    {
      "module": "module.dynamodb_table",
      "mode": "managed",
      "type": "aws_dynamodb_table",
      "name": "this",
      "provider": "provider[\"registry.terraform.io/hashicorp/aws\"]",
      "instances": [
        {
          "index_key": 0,
          "schema_version": 1,
          "attributes": {
            "arn": "arn:aws:dynamodb:us-west-2:526054848789:table/playlists",
            "attribute": [
              {
                "name": "pk",
                "type": "S"
              },
              {
                "name": "sk",
                "type": "S"
              }
            ],
            "billing_mode": "PAY_PER_REQUEST",
            "deletion_protection_enabled": false,
            "global_secondary_index": [],
            "hash_key": "pk",
            "id": "playlists",
            "local_secondary_index": [],
            "name": "playlists",
            "point_in_time_recovery": [
              {
                "enabled": false
              }
            ],
            "range_key": "sk",
            "read_capacity": 0,
            "replica": [],
            "restore_date_time": null,
            "restore_source_name": null,
            "restore_to_latest_time": null,
            "server_side_encryption": [],
            "stream_arn": "",
            "stream_enabled": false,
            "stream_label": "",
            "stream_view_type": "",
            "table_class": "STANDARD",
            "tags": {
              "Name": "playlists"
            },
            "tags_all": {
              "Name": "playlists"
            },
            "timeouts": {
              "create": "10m",
              "delete": "10m",
              "update": "60m"
            },
            "ttl": [
              {
                "attribute_name": "",
                "enabled": false
              }
            ],
            "write_capacity": 0
          },
          "sensitive_attributes": [],
          "private": "eyJlMmJmYjczMC1lY2FhLTExZTYtOGY4OC0zNDM2M2JjN2M0YzAiOnsiY3JlYXRlIjo2MDAwMDAwMDAwMDAsImRlbGV0ZSI6NjAwMDAwMDAwMDAwLCJ1cGRhdGUiOjM2MDAwMDAwMDAwMDB9LCJzY2hlbWFfdmVyc2lvbiI6IjEifQ=="
        }
      ]
    },
    {
      "module": "module.lambda_function_spotify_playlist",
      "mode": "data",
      "type": "aws_caller_identity",
      "name": "current",
      "provider": "provider[\"registry.terraform.io/hashicorp/aws\"]",
      "instances": [
        {
          "schema_version": 0,
          "attributes": {
            "account_id": "526054848789",
            "arn": "arn:aws:sts::526054848789:assumed-role/AWSReservedSSO_AdministratorAccess_eaa146b6dc3a2316/igor.oliveira",
            "id": "526054848789",
            "user_id": "AROAXU62P7EKSOARTWBFI:igor.oliveira"
          },
          "sensitive_attributes": []
        }
      ]
    },
    {
      "module": "module.lambda_function_spotify_playlist",
      "mode": "data",
      "type": "aws_iam_policy_document",
      "name": "additional_inline",
      "provider": "provider[\"registry.terraform.io/hashicorp/aws\"]",
      "instances": [
        {
          "index_key": 0,
          "schema_version": 0,
          "attributes": {
            "id": "629899498",
            "json": "{\n  \"Version\": \"2012-10-17\",\n  \"Statement\": [\n    {\n      \"Sid\": \"dynamodb\",\n      \"Effect\": \"Allow\",\n      \"Action\": \"dynamodb:*\",\n      \"Resource\": \"arn:aws:dynamodb:us-west-2:526054848789:table/playlists\"\n    }\n  ]\n}",
            "override_policy_documents": null,
            "policy_id": null,
            "source_policy_documents": null,
            "statement": [
              {
                "actions": [
                  "dynamodb:*"
                ],
                "condition": [],
                "effect": "Allow",
                "not_actions": [],
                "not_principals": [],
                "not_resources": [],
                "principals": [],
                "resources": [
                  "arn:aws:dynamodb:us-west-2:526054848789:table/playlists"
                ],
                "sid": "dynamodb"
              }
            ],
            "version": "2012-10-17"
          },
          "sensitive_attributes": []
        }
      ]
    },
    {
      "module": "module.lambda_function_spotify_playlist",
      "mode": "data",
      "type": "aws_iam_policy_document",
      "name": "assume_role",
      "provider": "provider[\"registry.terraform.io/hashicorp/aws\"]",
      "instances": [
        {
          "index_key": 0,
          "schema_version": 0,
          "attributes": {
            "id": "2690255455",
            "json": "{\n  \"Version\": \"2012-10-17\",\n  \"Statement\": [\n    {\n      \"Effect\": \"Allow\",\n      \"Action\": \"sts:AssumeRole\",\n      \"Principal\": {\n        \"Service\": \"lambda.amazonaws.com\"\n      }\n    }\n  ]\n}",
            "override_policy_documents": null,
            "policy_id": null,
            "source_policy_documents": null,
            "statement": [
              {
                "actions": [
                  "sts:AssumeRole"
                ],
                "condition": [],
                "effect": "Allow",
                "not_actions": [],
                "not_principals": [],
                "not_resources": [],
                "principals": [
                  {
                    "identifiers": [
                      "lambda.amazonaws.com"
                    ],
                    "type": "Service"
                  }
                ],
                "resources": [],
                "sid": ""
              }
            ],
            "version": "2012-10-17"
          },
          "sensitive_attributes": []
        }
      ]
    },
    {
      "module": "module.lambda_function_spotify_playlist",
      "mode": "data",
      "type": "aws_iam_policy_document",
      "name": "logs",
      "provider": "provider[\"registry.terraform.io/hashicorp/aws\"]",
      "instances": [
        {
          "index_key": 0,
          "schema_version": 0,
          "attributes": {
            "id": "3341041614",
            "json": "{\n  \"Version\": \"2012-10-17\",\n  \"Statement\": [\n    {\n      \"Effect\": \"Allow\",\n      \"Action\": [\n        \"logs:PutLogEvents\",\n        \"logs:CreateLogStream\",\n        \"logs:CreateLogGroup\"\n      ],\n      \"Resource\": [\n        \"arn:aws:logs:us-west-2:526054848789:log-group:/aws/lambda/spotify-playlist:*:*\",\n        \"arn:aws:logs:us-west-2:526054848789:log-group:/aws/lambda/spotify-playlist:*\"\n      ]\n    }\n  ]\n}",
            "override_policy_documents": null,
            "policy_id": null,
            "source_policy_documents": null,
            "statement": [
              {
                "actions": [
                  "logs:CreateLogGroup",
                  "logs:CreateLogStream",
                  "logs:PutLogEvents"
                ],
                "condition": [],
                "effect": "Allow",
                "not_actions": [],
                "not_principals": [],
                "not_resources": [],
                "principals": [],
                "resources": [
                  "arn:aws:logs:us-west-2:526054848789:log-group:/aws/lambda/spotify-playlist:*",
                  "arn:aws:logs:us-west-2:526054848789:log-group:/aws/lambda/spotify-playlist:*:*"
                ],
                "sid": ""
              }
            ],
            "version": "2012-10-17"
          },
          "sensitive_attributes": []
        }
      ]
    },
    {
      "module": "module.lambda_function_spotify_playlist",
      "mode": "data",
      "type": "aws_partition",
      "name": "current",
      "provider": "provider[\"registry.terraform.io/hashicorp/aws\"]",
      "instances": [
        {
          "schema_version": 0,
          "attributes": {
            "dns_suffix": "amazonaws.com",
            "id": "aws",
            "partition": "aws",
            "reverse_dns_prefix": "com.amazonaws"
          },
          "sensitive_attributes": []
        }
      ]
    },
    {
      "module": "module.lambda_function_spotify_playlist",
      "mode": "data",
      "type": "aws_region",
      "name": "current",
      "provider": "provider[\"registry.terraform.io/hashicorp/aws\"]",
      "instances": [
        {
          "schema_version": 0,
          "attributes": {
            "description": "US West (Oregon)",
            "endpoint": "ec2.us-west-2.amazonaws.com",
            "id": "us-west-2",
            "name": "us-west-2"
          },
          "sensitive_attributes": []
        }
      ]
    },
    {
      "module": "module.lambda_function_spotify_playlist",
      "mode": "managed",
      "type": "aws_cloudwatch_log_group",
      "name": "lambda",
      "provider": "provider[\"registry.terraform.io/hashicorp/aws\"]",
      "instances": [
        {
          "index_key": 0,
          "schema_version": 0,
          "attributes": {
            "arn": "arn:aws:logs:us-west-2:526054848789:log-group:/aws/lambda/spotify-playlist",
            "id": "/aws/lambda/spotify-playlist",
            "kms_key_id": "",
            "name": "/aws/lambda/spotify-playlist",
            "name_prefix": "",
            "retention_in_days": 0,
            "skip_destroy": false,
            "tags": {},
            "tags_all": {}
          },
          "sensitive_attributes": [],
          "private": "bnVsbA=="
        }
      ]
    },
    {
      "module": "module.lambda_function_spotify_playlist",
      "mode": "managed",
      "type": "aws_iam_policy",
      "name": "additional_inline",
      "provider": "provider[\"registry.terraform.io/hashicorp/aws\"]",
      "instances": [
        {
          "index_key": 0,
          "schema_version": 0,
          "attributes": {
            "arn": "arn:aws:iam::526054848789:policy/spotify-playlist-inline",
            "description": "",
            "id": "arn:aws:iam::526054848789:policy/spotify-playlist-inline",
            "name": "spotify-playlist-inline",
            "name_prefix": "",
            "path": "/",
            "policy": "{\"Statement\":[{\"Action\":\"dynamodb:*\",\"Effect\":\"Allow\",\"Resource\":\"arn:aws:dynamodb:us-west-2:526054848789:table/playlists\",\"Sid\":\"dynamodb\"}],\"Version\":\"2012-10-17\"}",
            "policy_id": "ANPAXU62P7EKVZD7SRM4W",
            "tags": {},
            "tags_all": {}
          },
          "sensitive_attributes": [],
          "private": "bnVsbA==",
          "dependencies": [
            "module.dynamodb_table.aws_dynamodb_table.autoscaled",
            "module.dynamodb_table.aws_dynamodb_table.autoscaled_gsi_ignore",
            "module.dynamodb_table.aws_dynamodb_table.this",
            "module.lambda_function_spotify_playlist.data.aws_iam_policy_document.additional_inline"
          ]
        }
      ]
    },
    {
      "module": "module.lambda_function_spotify_playlist",
      "mode": "managed",
      "type": "aws_iam_policy",
      "name": "logs",
      "provider": "provider[\"registry.terraform.io/hashicorp/aws\"]",
      "instances": [
        {
          "index_key": 0,
          "schema_version": 0,
          "attributes": {
            "arn": "arn:aws:iam::526054848789:policy/spotify-playlist-logs",
            "description": "",
            "id": "arn:aws:iam::526054848789:policy/spotify-playlist-logs",
            "name": "spotify-playlist-logs",
            "name_prefix": "",
            "path": "/",
            "policy": "{\"Statement\":[{\"Action\":[\"logs:PutLogEvents\",\"logs:CreateLogStream\",\"logs:CreateLogGroup\"],\"Effect\":\"Allow\",\"Resource\":[\"arn:aws:logs:us-west-2:526054848789:log-group:/aws/lambda/spotify-playlist:*:*\",\"arn:aws:logs:us-west-2:526054848789:log-group:/aws/lambda/spotify-playlist:*\"]}],\"Version\":\"2012-10-17\"}",
            "policy_id": "ANPAXU62P7EK45I2VTCWI",
            "tags": {},
            "tags_all": {}
          },
          "sensitive_attributes": [],
          "private": "bnVsbA==",
          "dependencies": [
            "module.lambda_function_spotify_playlist.aws_cloudwatch_log_group.lambda",
            "module.lambda_function_spotify_playlist.data.aws_arn.log_group_arn",
            "module.lambda_function_spotify_playlist.data.aws_cloudwatch_log_group.lambda",
            "module.lambda_function_spotify_playlist.data.aws_iam_policy_document.logs"
          ]
        }
      ]
    },
    {
      "module": "module.lambda_function_spotify_playlist",
      "mode": "managed",
      "type": "aws_iam_role",
      "name": "lambda",
      "provider": "provider[\"registry.terraform.io/hashicorp/aws\"]",
      "instances": [
        {
          "index_key": 0,
          "schema_version": 0,
          "attributes": {
            "arn": "arn:aws:iam::526054848789:role/spotify-playlist",
            "assume_role_policy": "{\"Statement\":[{\"Action\":\"sts:AssumeRole\",\"Effect\":\"Allow\",\"Principal\":{\"Service\":\"lambda.amazonaws.com\"}}],\"Version\":\"2012-10-17\"}",
            "create_date": "2023-09-17T18:12:23Z",
            "description": "",
            "force_detach_policies": true,
            "id": "spotify-playlist",
            "inline_policy": [],
            "managed_policy_arns": [
              "arn:aws:iam::526054848789:policy/spotify-playlist-inline",
              "arn:aws:iam::526054848789:policy/spotify-playlist-logs"
            ],
            "max_session_duration": 3600,
            "name": "spotify-playlist",
            "name_prefix": "",
            "path": "/",
            "permissions_boundary": null,
            "tags": {},
            "tags_all": {},
            "unique_id": "AROAXU62P7EK5O6R63KCV"
          },
          "sensitive_attributes": [],
          "private": "bnVsbA==",
          "dependencies": [
            "module.lambda_function_spotify_playlist.data.aws_iam_policy_document.assume_role"
          ]
        }
      ]
    },
    {
      "module": "module.lambda_function_spotify_playlist",
      "mode": "managed",
      "type": "aws_iam_role_policy_attachment",
      "name": "additional_inline",
      "provider": "provider[\"registry.terraform.io/hashicorp/aws\"]",
      "instances": [
        {
          "index_key": 0,
          "schema_version": 0,
          "attributes": {
            "id": "spotify-playlist-20230917181234139900000002",
            "policy_arn": "arn:aws:iam::526054848789:policy/spotify-playlist-inline",
            "role": "spotify-playlist"
          },
          "sensitive_attributes": [],
          "private": "bnVsbA==",
          "dependencies": [
            "module.dynamodb_table.aws_dynamodb_table.autoscaled",
            "module.dynamodb_table.aws_dynamodb_table.autoscaled_gsi_ignore",
            "module.dynamodb_table.aws_dynamodb_table.this",
            "module.lambda_function_spotify_playlist.aws_iam_policy.additional_inline",
            "module.lambda_function_spotify_playlist.aws_iam_role.lambda",
            "module.lambda_function_spotify_playlist.data.aws_iam_policy_document.additional_inline",
            "module.lambda_function_spotify_playlist.data.aws_iam_policy_document.assume_role"
          ]
        }
      ]
    },
    {
      "module": "module.lambda_function_spotify_playlist",
      "mode": "managed",
      "type": "aws_iam_role_policy_attachment",
      "name": "logs",
      "provider": "provider[\"registry.terraform.io/hashicorp/aws\"]",
      "instances": [
        {
          "index_key": 0,
          "schema_version": 0,
          "attributes": {
            "id": "spotify-playlist-20230917181224550800000001",
            "policy_arn": "arn:aws:iam::526054848789:policy/spotify-playlist-logs",
            "role": "spotify-playlist"
          },
          "sensitive_attributes": [],
          "private": "bnVsbA==",
          "dependencies": [
            "module.lambda_function_spotify_playlist.aws_cloudwatch_log_group.lambda",
            "module.lambda_function_spotify_playlist.aws_iam_policy.logs",
            "module.lambda_function_spotify_playlist.aws_iam_role.lambda",
            "module.lambda_function_spotify_playlist.data.aws_arn.log_group_arn",
            "module.lambda_function_spotify_playlist.data.aws_cloudwatch_log_group.lambda",
            "module.lambda_function_spotify_playlist.data.aws_iam_policy_document.assume_role",
            "module.lambda_function_spotify_playlist.data.aws_iam_policy_document.logs"
          ]
        }
      ]
    },
    {
      "module": "module.lambda_function_spotify_playlist",
      "mode": "managed",
      "type": "aws_lambda_function",
      "name": "this",
      "provider": "provider[\"registry.terraform.io/hashicorp/aws\"]",
      "instances": [
        {
          "index_key": 0,
          "schema_version": 0,
          "attributes": {
            "architectures": [
              "x86_64"
            ],
            "arn": "arn:aws:lambda:us-west-2:526054848789:function:spotify-playlist",
            "code_signing_config_arn": "",
            "dead_letter_config": [],
            "description": "My awesome lambda function",
            "environment": [
              {
                "variables": {
                  "TABLE_NAME": "playlists"
                }
              }
            ],
            "ephemeral_storage": [
              {
                "size": 512
              }
            ],
            "file_system_config": [],
            "filename": null,
            "function_name": "spotify-playlist",
            "handler": "",
            "id": "spotify-playlist",
            "image_config": [],
            "image_uri": "526054848789.dkr.ecr.us-west-2.amazonaws.com/spotify-playlist:0.24",
            "invoke_arn": "arn:aws:apigateway:us-west-2:lambda:path/2015-03-31/functions/arn:aws:lambda:us-west-2:526054848789:function:spotify-playlist/invocations",
            "kms_key_arn": "",
            "last_modified": "2023-09-18T02:25:03.000+0000",
            "layers": [],
            "memory_size": 1024,
            "package_type": "Image",
            "publish": false,
            "qualified_arn": "arn:aws:lambda:us-west-2:526054848789:function:spotify-playlist:$LATEST",
            "qualified_invoke_arn": "arn:aws:apigateway:us-west-2:lambda:path/2015-03-31/functions/arn:aws:lambda:us-west-2:526054848789:function:spotify-playlist:$LATEST/invocations",
            "replace_security_groups_on_destroy": null,
            "replacement_security_group_ids": null,
            "reserved_concurrent_executions": -1,
            "role": "arn:aws:iam::526054848789:role/spotify-playlist",
            "runtime": "",
            "s3_bucket": null,
            "s3_key": null,
            "s3_object_version": null,
            "signing_job_arn": "",
            "signing_profile_version_arn": "",
            "skip_destroy": false,
            "snap_start": [],
            "source_code_hash": "0e138a12ea3ed419c5c06fb36efb09e61043f4072ff35589add8dddc3aef57e0",
            "source_code_size": 0,
            "tags": {},
            "tags_all": {},
            "timeout": 60,
            "timeouts": null,
            "tracing_config": [
              {
                "mode": "PassThrough"
              }
            ],
            "version": "$LATEST",
            "vpc_config": []
          },
          "sensitive_attributes": [],
          "private": "eyJlMmJmYjczMC1lY2FhLTExZTYtOGY4OC0zNDM2M2JjN2M0YzAiOnsiY3JlYXRlIjo2MDAwMDAwMDAwMDAsImRlbGV0ZSI6NjAwMDAwMDAwMDAwLCJ1cGRhdGUiOjYwMDAwMDAwMDAwMH19",
          "dependencies": [
            "data.aws_caller_identity.this",
            "data.aws_ecr_authorization_token.token",
            "data.aws_region.current",
            "module.docker_image_spotify_playlist.aws_ecr_repository.this",
            "module.docker_image_spotify_playlist.data.aws_caller_identity.this",
            "module.docker_image_spotify_playlist.data.aws_region.current",
            "module.docker_image_spotify_playlist.docker_image.this",
            "module.docker_image_spotify_playlist.docker_registry_image.this",
            "module.dynamodb_table.aws_dynamodb_table.autoscaled",
            "module.dynamodb_table.aws_dynamodb_table.autoscaled_gsi_ignore",
            "module.dynamodb_table.aws_dynamodb_table.this",
            "module.lambda_function_spotify_playlist.aws_cloudwatch_log_group.lambda",
            "module.lambda_function_spotify_playlist.aws_iam_role.lambda",
            "module.lambda_function_spotify_playlist.aws_iam_role_policy_attachment.additional_inline",
            "module.lambda_function_spotify_playlist.aws_iam_role_policy_attachment.additional_json",
            "module.lambda_function_spotify_playlist.aws_iam_role_policy_attachment.additional_jsons",
            "module.lambda_function_spotify_playlist.aws_iam_role_policy_attachment.additional_many",
            "module.lambda_function_spotify_playlist.aws_iam_role_policy_attachment.additional_one",
            "module.lambda_function_spotify_playlist.aws_iam_role_policy_attachment.async",
            "module.lambda_function_spotify_playlist.aws_iam_role_policy_attachment.dead_letter",
            "module.lambda_function_spotify_playlist.aws_iam_role_policy_attachment.logs",
            "module.lambda_function_spotify_playlist.aws_iam_role_policy_attachment.tracing",
            "module.lambda_function_spotify_playlist.aws_iam_role_policy_attachment.vpc",
            "module.lambda_function_spotify_playlist.aws_s3_object.lambda_package",
            "module.lambda_function_spotify_playlist.data.external.archive_prepare",
            "module.lambda_function_spotify_playlist.null_resource.archive"
          ]
        }
      ]
    },
    {
      "module": "module.lambda_function_spotify_track",
      "mode": "data",
      "type": "aws_caller_identity",
      "name": "current",
      "provider": "provider[\"registry.terraform.io/hashicorp/aws\"]",
      "instances": [
        {
          "schema_version": 0,
          "attributes": {
            "account_id": "526054848789",
            "arn": "arn:aws:sts::526054848789:assumed-role/AWSReservedSSO_AdministratorAccess_eaa146b6dc3a2316/igor.oliveira",
            "id": "526054848789",
            "user_id": "AROAXU62P7EKSOARTWBFI:igor.oliveira"
          },
          "sensitive_attributes": []
        }
      ]
    },
    {
      "module": "module.lambda_function_spotify_track",
      "mode": "data",
      "type": "aws_iam_policy_document",
      "name": "additional_inline",
      "provider": "provider[\"registry.terraform.io/hashicorp/aws\"]",
      "instances": [
        {
          "index_key": 0,
          "schema_version": 0,
          "attributes": {
            "id": "629899498",
            "json": "{\n  \"Version\": \"2012-10-17\",\n  \"Statement\": [\n    {\n      \"Sid\": \"dynamodb\",\n      \"Effect\": \"Allow\",\n      \"Action\": \"dynamodb:*\",\n      \"Resource\": \"arn:aws:dynamodb:us-west-2:526054848789:table/playlists\"\n    }\n  ]\n}",
            "override_policy_documents": null,
            "policy_id": null,
            "source_policy_documents": null,
            "statement": [
              {
                "actions": [
                  "dynamodb:*"
                ],
                "condition": [],
                "effect": "Allow",
                "not_actions": [],
                "not_principals": [],
                "not_resources": [],
                "principals": [],
                "resources": [
                  "arn:aws:dynamodb:us-west-2:526054848789:table/playlists"
                ],
                "sid": "dynamodb"
              }
            ],
            "version": "2012-10-17"
          },
          "sensitive_attributes": []
        }
      ]
    },
    {
      "module": "module.lambda_function_spotify_track",
      "mode": "data",
      "type": "aws_iam_policy_document",
      "name": "assume_role",
      "provider": "provider[\"registry.terraform.io/hashicorp/aws\"]",
      "instances": [
        {
          "index_key": 0,
          "schema_version": 0,
          "attributes": {
            "id": "2690255455",
            "json": "{\n  \"Version\": \"2012-10-17\",\n  \"Statement\": [\n    {\n      \"Effect\": \"Allow\",\n      \"Action\": \"sts:AssumeRole\",\n      \"Principal\": {\n        \"Service\": \"lambda.amazonaws.com\"\n      }\n    }\n  ]\n}",
            "override_policy_documents": null,
            "policy_id": null,
            "source_policy_documents": null,
            "statement": [
              {
                "actions": [
                  "sts:AssumeRole"
                ],
                "condition": [],
                "effect": "Allow",
                "not_actions": [],
                "not_principals": [],
                "not_resources": [],
                "principals": [
                  {
                    "identifiers": [
                      "lambda.amazonaws.com"
                    ],
                    "type": "Service"
                  }
                ],
                "resources": [],
                "sid": ""
              }
            ],
            "version": "2012-10-17"
          },
          "sensitive_attributes": []
        }
      ]
    },
    {
      "module": "module.lambda_function_spotify_track",
      "mode": "data",
      "type": "aws_iam_policy_document",
      "name": "logs",
      "provider": "provider[\"registry.terraform.io/hashicorp/aws\"]",
      "instances": [
        {
          "index_key": 0,
          "schema_version": 0,
          "attributes": {
            "id": "1877385745",
            "json": "{\n  \"Version\": \"2012-10-17\",\n  \"Statement\": [\n    {\n      \"Effect\": \"Allow\",\n      \"Action\": [\n        \"logs:PutLogEvents\",\n        \"logs:CreateLogStream\",\n        \"logs:CreateLogGroup\"\n      ],\n      \"Resource\": [\n        \"arn:aws:logs:us-west-2:526054848789:log-group:/aws/lambda/spotify-track:*:*\",\n        \"arn:aws:logs:us-west-2:526054848789:log-group:/aws/lambda/spotify-track:*\"\n      ]\n    }\n  ]\n}",
            "override_policy_documents": null,
            "policy_id": null,
            "source_policy_documents": null,
            "statement": [
              {
                "actions": [
                  "logs:CreateLogGroup",
                  "logs:CreateLogStream",
                  "logs:PutLogEvents"
                ],
                "condition": [],
                "effect": "Allow",
                "not_actions": [],
                "not_principals": [],
                "not_resources": [],
                "principals": [],
                "resources": [
                  "arn:aws:logs:us-west-2:526054848789:log-group:/aws/lambda/spotify-track:*",
                  "arn:aws:logs:us-west-2:526054848789:log-group:/aws/lambda/spotify-track:*:*"
                ],
                "sid": ""
              }
            ],
            "version": "2012-10-17"
          },
          "sensitive_attributes": []
        }
      ]
    },
    {
      "module": "module.lambda_function_spotify_track",
      "mode": "data",
      "type": "aws_partition",
      "name": "current",
      "provider": "provider[\"registry.terraform.io/hashicorp/aws\"]",
      "instances": [
        {
          "schema_version": 0,
          "attributes": {
            "dns_suffix": "amazonaws.com",
            "id": "aws",
            "partition": "aws",
            "reverse_dns_prefix": "com.amazonaws"
          },
          "sensitive_attributes": []
        }
      ]
    },
    {
      "module": "module.lambda_function_spotify_track",
      "mode": "data",
      "type": "aws_region",
      "name": "current",
      "provider": "provider[\"registry.terraform.io/hashicorp/aws\"]",
      "instances": [
        {
          "schema_version": 0,
          "attributes": {
            "description": "US West (Oregon)",
            "endpoint": "ec2.us-west-2.amazonaws.com",
            "id": "us-west-2",
            "name": "us-west-2"
          },
          "sensitive_attributes": []
        }
      ]
    },
    {
      "module": "module.lambda_function_spotify_track",
      "mode": "managed",
      "type": "aws_cloudwatch_log_group",
      "name": "lambda",
      "provider": "provider[\"registry.terraform.io/hashicorp/aws\"]",
      "instances": [
        {
          "index_key": 0,
          "schema_version": 0,
          "attributes": {
            "arn": "arn:aws:logs:us-west-2:526054848789:log-group:/aws/lambda/spotify-track",
            "id": "/aws/lambda/spotify-track",
            "kms_key_id": "",
            "name": "/aws/lambda/spotify-track",
            "name_prefix": "",
            "retention_in_days": 0,
            "skip_destroy": false,
            "tags": {},
            "tags_all": {}
          },
          "sensitive_attributes": [],
          "private": "bnVsbA=="
        }
      ]
    },
    {
      "module": "module.lambda_function_spotify_track",
      "mode": "managed",
      "type": "aws_iam_policy",
      "name": "additional_inline",
      "provider": "provider[\"registry.terraform.io/hashicorp/aws\"]",
      "instances": [
        {
          "index_key": 0,
          "schema_version": 0,
          "attributes": {
            "arn": "arn:aws:iam::526054848789:policy/spotify-track-inline",
            "description": "",
            "id": "arn:aws:iam::526054848789:policy/spotify-track-inline",
            "name": "spotify-track-inline",
            "name_prefix": "",
            "path": "/",
            "policy": "{\"Statement\":[{\"Action\":\"dynamodb:*\",\"Effect\":\"Allow\",\"Resource\":\"arn:aws:dynamodb:us-west-2:526054848789:table/playlists\",\"Sid\":\"dynamodb\"}],\"Version\":\"2012-10-17\"}",
            "policy_id": "ANPAXU62P7EKT7VJKD4Z2",
            "tags": {},
            "tags_all": {}
          },
          "sensitive_attributes": [],
          "private": "bnVsbA==",
          "dependencies": [
            "module.dynamodb_table.aws_dynamodb_table.autoscaled",
            "module.dynamodb_table.aws_dynamodb_table.autoscaled_gsi_ignore",
            "module.dynamodb_table.aws_dynamodb_table.this",
            "module.lambda_function_spotify_track.data.aws_iam_policy_document.additional_inline"
          ]
        }
      ]
    },
    {
      "module": "module.lambda_function_spotify_track",
      "mode": "managed",
      "type": "aws_iam_policy",
      "name": "logs",
      "provider": "provider[\"registry.terraform.io/hashicorp/aws\"]",
      "instances": [
        {
          "index_key": 0,
          "schema_version": 0,
          "attributes": {
            "arn": "arn:aws:iam::526054848789:policy/spotify-track-logs",
            "description": "",
            "id": "arn:aws:iam::526054848789:policy/spotify-track-logs",
            "name": "spotify-track-logs",
            "name_prefix": "",
            "path": "/",
            "policy": "{\"Statement\":[{\"Action\":[\"logs:PutLogEvents\",\"logs:CreateLogStream\",\"logs:CreateLogGroup\"],\"Effect\":\"Allow\",\"Resource\":[\"arn:aws:logs:us-west-2:526054848789:log-group:/aws/lambda/spotify-track:*:*\",\"arn:aws:logs:us-west-2:526054848789:log-group:/aws/lambda/spotify-track:*\"]}],\"Version\":\"2012-10-17\"}",
            "policy_id": "ANPAXU62P7EKZEQMQXHNO",
            "tags": {},
            "tags_all": {}
          },
          "sensitive_attributes": [],
          "private": "bnVsbA==",
          "dependencies": [
            "module.lambda_function_spotify_track.aws_cloudwatch_log_group.lambda",
            "module.lambda_function_spotify_track.data.aws_arn.log_group_arn",
            "module.lambda_function_spotify_track.data.aws_cloudwatch_log_group.lambda",
            "module.lambda_function_spotify_track.data.aws_iam_policy_document.logs"
          ]
        }
      ]
    },
    {
      "module": "module.lambda_function_spotify_track",
      "mode": "managed",
      "type": "aws_iam_role",
      "name": "lambda",
      "provider": "provider[\"registry.terraform.io/hashicorp/aws\"]",
      "instances": [
        {
          "index_key": 0,
          "schema_version": 0,
          "attributes": {
            "arn": "arn:aws:iam::526054848789:role/spotify-track",
            "assume_role_policy": "{\"Statement\":[{\"Action\":\"sts:AssumeRole\",\"Effect\":\"Allow\",\"Principal\":{\"Service\":\"lambda.amazonaws.com\"}}],\"Version\":\"2012-10-17\"}",
            "create_date": "2023-09-17T19:22:34Z",
            "description": "",
            "force_detach_policies": true,
            "id": "spotify-track",
            "inline_policy": [],
            "managed_policy_arns": [
              "arn:aws:iam::526054848789:policy/spotify-track-inline",
              "arn:aws:iam::526054848789:policy/spotify-track-logs"
            ],
            "max_session_duration": 3600,
            "name": "spotify-track",
            "name_prefix": "",
            "path": "/",
            "permissions_boundary": null,
            "tags": {},
            "tags_all": {},
            "unique_id": "AROAXU62P7EKQPSWBWI2A"
          },
          "sensitive_attributes": [],
          "private": "bnVsbA==",
          "dependencies": [
            "module.lambda_function_spotify_track.data.aws_iam_policy_document.assume_role"
          ]
        }
      ]
    },
    {
      "module": "module.lambda_function_spotify_track",
      "mode": "managed",
      "type": "aws_iam_role_policy_attachment",
      "name": "additional_inline",
      "provider": "provider[\"registry.terraform.io/hashicorp/aws\"]",
      "instances": [
        {
          "index_key": 0,
          "schema_version": 0,
          "attributes": {
            "id": "spotify-track-20230917192235392000000001",
            "policy_arn": "arn:aws:iam::526054848789:policy/spotify-track-inline",
            "role": "spotify-track"
          },
          "sensitive_attributes": [],
          "private": "bnVsbA==",
          "dependencies": [
            "module.dynamodb_table.aws_dynamodb_table.autoscaled",
            "module.dynamodb_table.aws_dynamodb_table.autoscaled_gsi_ignore",
            "module.dynamodb_table.aws_dynamodb_table.this",
            "module.lambda_function_spotify_track.aws_iam_policy.additional_inline",
            "module.lambda_function_spotify_track.aws_iam_role.lambda",
            "module.lambda_function_spotify_track.data.aws_iam_policy_document.additional_inline",
            "module.lambda_function_spotify_track.data.aws_iam_policy_document.assume_role"
          ]
        }
      ]
    },
    {
      "module": "module.lambda_function_spotify_track",
      "mode": "managed",
      "type": "aws_iam_role_policy_attachment",
      "name": "logs",
      "provider": "provider[\"registry.terraform.io/hashicorp/aws\"]",
      "instances": [
        {
          "index_key": 0,
          "schema_version": 0,
          "attributes": {
            "id": "spotify-track-20230917192236314400000002",
            "policy_arn": "arn:aws:iam::526054848789:policy/spotify-track-logs",
            "role": "spotify-track"
          },
          "sensitive_attributes": [],
          "private": "bnVsbA==",
          "dependencies": [
            "module.lambda_function_spotify_track.aws_cloudwatch_log_group.lambda",
            "module.lambda_function_spotify_track.aws_iam_policy.logs",
            "module.lambda_function_spotify_track.aws_iam_role.lambda",
            "module.lambda_function_spotify_track.data.aws_arn.log_group_arn",
            "module.lambda_function_spotify_track.data.aws_cloudwatch_log_group.lambda",
            "module.lambda_function_spotify_track.data.aws_iam_policy_document.assume_role",
            "module.lambda_function_spotify_track.data.aws_iam_policy_document.logs"
          ]
        }
      ]
    },
    {
      "module": "module.lambda_function_spotify_track",
      "mode": "managed",
      "type": "aws_lambda_function",
      "name": "this",
      "provider": "provider[\"registry.terraform.io/hashicorp/aws\"]",
      "instances": [
        {
          "index_key": 0,
          "schema_version": 0,
          "attributes": {
            "architectures": [
              "x86_64"
            ],
            "arn": "arn:aws:lambda:us-west-2:526054848789:function:spotify-track",
            "code_signing_config_arn": "",
            "dead_letter_config": [],
            "description": "My awesome lambda function",
            "environment": [
              {
                "variables": {
                  "TABLE_NAME": "playlists"
                }
              }
            ],
            "ephemeral_storage": [
              {
                "size": 512
              }
            ],
            "file_system_config": [],
            "filename": null,
            "function_name": "spotify-track",
            "handler": "",
            "id": "spotify-track",
            "image_config": [],
            "image_uri": "526054848789.dkr.ecr.us-west-2.amazonaws.com/spotify-track:0.24",
            "invoke_arn": "arn:aws:apigateway:us-west-2:lambda:path/2015-03-31/functions/arn:aws:lambda:us-west-2:526054848789:function:spotify-track/invocations",
            "kms_key_arn": "",
            "last_modified": "2023-09-18T02:24:58.000+0000",
            "layers": [],
            "memory_size": 1024,
            "package_type": "Image",
            "publish": false,
            "qualified_arn": "arn:aws:lambda:us-west-2:526054848789:function:spotify-track:$LATEST",
            "qualified_invoke_arn": "arn:aws:apigateway:us-west-2:lambda:path/2015-03-31/functions/arn:aws:lambda:us-west-2:526054848789:function:spotify-track:$LATEST/invocations",
            "replace_security_groups_on_destroy": null,
            "replacement_security_group_ids": null,
            "reserved_concurrent_executions": -1,
            "role": "arn:aws:iam::526054848789:role/spotify-track",
            "runtime": "",
            "s3_bucket": null,
            "s3_key": null,
            "s3_object_version": null,
            "signing_job_arn": "",
            "signing_profile_version_arn": "",
            "skip_destroy": false,
            "snap_start": [],
            "source_code_hash": "0e138a12ea3ed419c5c06fb36efb09e61043f4072ff35589add8dddc3aef57e0",
            "source_code_size": 0,
            "tags": {},
            "tags_all": {},
            "timeout": 60,
            "timeouts": null,
            "tracing_config": [
              {
                "mode": "PassThrough"
              }
            ],
            "version": "$LATEST",
            "vpc_config": []
          },
          "sensitive_attributes": [],
          "private": "eyJlMmJmYjczMC1lY2FhLTExZTYtOGY4OC0zNDM2M2JjN2M0YzAiOnsiY3JlYXRlIjo2MDAwMDAwMDAwMDAsImRlbGV0ZSI6NjAwMDAwMDAwMDAwLCJ1cGRhdGUiOjYwMDAwMDAwMDAwMH19",
          "dependencies": [
            "data.aws_caller_identity.this",
            "data.aws_ecr_authorization_token.token",
            "data.aws_region.current",
            "module.docker_image_spotify_track.aws_ecr_repository.this",
            "module.docker_image_spotify_track.data.aws_caller_identity.this",
            "module.docker_image_spotify_track.data.aws_region.current",
            "module.docker_image_spotify_track.docker_image.this",
            "module.docker_image_spotify_track.docker_registry_image.this",
            "module.dynamodb_table.aws_dynamodb_table.autoscaled",
            "module.dynamodb_table.aws_dynamodb_table.autoscaled_gsi_ignore",
            "module.dynamodb_table.aws_dynamodb_table.this",
            "module.lambda_function_spotify_track.aws_cloudwatch_log_group.lambda",
            "module.lambda_function_spotify_track.aws_iam_role.lambda",
            "module.lambda_function_spotify_track.aws_iam_role_policy_attachment.additional_inline",
            "module.lambda_function_spotify_track.aws_iam_role_policy_attachment.additional_json",
            "module.lambda_function_spotify_track.aws_iam_role_policy_attachment.additional_jsons",
            "module.lambda_function_spotify_track.aws_iam_role_policy_attachment.additional_many",
            "module.lambda_function_spotify_track.aws_iam_role_policy_attachment.additional_one",
            "module.lambda_function_spotify_track.aws_iam_role_policy_attachment.async",
            "module.lambda_function_spotify_track.aws_iam_role_policy_attachment.dead_letter",
            "module.lambda_function_spotify_track.aws_iam_role_policy_attachment.logs",
            "module.lambda_function_spotify_track.aws_iam_role_policy_attachment.tracing",
            "module.lambda_function_spotify_track.aws_iam_role_policy_attachment.vpc",
            "module.lambda_function_spotify_track.aws_s3_object.lambda_package",
            "module.lambda_function_spotify_track.data.external.archive_prepare",
            "module.lambda_function_spotify_track.null_resource.archive"
          ]
        }
      ]
    },
    {
      "module": "module.step_function_spotify",
      "mode": "data",
      "type": "aws_caller_identity",
      "name": "current",
      "provider": "provider[\"registry.terraform.io/hashicorp/aws\"]",
      "instances": [
        {
          "schema_version": 0,
          "attributes": {
            "account_id": "526054848789",
            "arn": "arn:aws:sts::526054848789:assumed-role/AWSReservedSSO_AdministratorAccess_eaa146b6dc3a2316/igor.oliveira",
            "id": "526054848789",
            "user_id": "AROAXU62P7EKSOARTWBFI:igor.oliveira"
          },
          "sensitive_attributes": []
        }
      ]
    },
    {
      "module": "module.step_function_spotify",
      "mode": "data",
      "type": "aws_iam_policy_document",
      "name": "assume_role",
      "provider": "provider[\"registry.terraform.io/hashicorp/aws\"]",
      "instances": [
        {
          "index_key": 0,
          "schema_version": 0,
          "attributes": {
            "id": "427396675",
            "json": "{\n  \"Version\": \"2012-10-17\",\n  \"Statement\": [\n    {\n      \"Effect\": \"Allow\",\n      \"Action\": \"sts:AssumeRole\",\n      \"Principal\": {\n        \"Service\": \"states.us-west-2.amazonaws.com\"\n      }\n    }\n  ]\n}",
            "override_policy_documents": null,
            "policy_id": null,
            "source_policy_documents": null,
            "statement": [
              {
                "actions": [
                  "sts:AssumeRole"
                ],
                "condition": [],
                "effect": "Allow",
                "not_actions": [],
                "not_principals": [],
                "not_resources": [],
                "principals": [
                  {
                    "identifiers": [
                      "states.us-west-2.amazonaws.com"
                    ],
                    "type": "Service"
                  }
                ],
                "resources": [],
                "sid": ""
              }
            ],
            "version": "2012-10-17"
          },
          "sensitive_attributes": []
        }
      ]
    },
    {
      "module": "module.step_function_spotify",
      "mode": "data",
      "type": "aws_iam_policy_document",
      "name": "logs",
      "provider": "provider[\"registry.terraform.io/hashicorp/aws\"]",
      "instances": [
        {
          "index_key": 0,
          "schema_version": 0,
          "attributes": {
            "id": "2981584126",
            "json": "{\n  \"Version\": \"2012-10-17\",\n  \"Statement\": [\n    {\n      \"Effect\": \"Allow\",\n      \"Action\": [\n        \"logs:UpdateLogDelivery\",\n        \"logs:PutResourcePolicy\",\n        \"logs:ListLogDeliveries\",\n        \"logs:GetLogDelivery\",\n        \"logs:DescribeResourcePolicies\",\n        \"logs:DescribeLogGroups\",\n        \"logs:DeleteLogDelivery\",\n        \"logs:CreateLogDelivery\"\n      ],\n      \"Resource\": \"*\"\n    }\n  ]\n}",
            "override_policy_documents": null,
            "policy_id": null,
            "source_policy_documents": null,
            "statement": [
              {
                "actions": [
                  "logs:CreateLogDelivery",
                  "logs:DeleteLogDelivery",
                  "logs:DescribeLogGroups",
                  "logs:DescribeResourcePolicies",
                  "logs:GetLogDelivery",
                  "logs:ListLogDeliveries",
                  "logs:PutResourcePolicy",
                  "logs:UpdateLogDelivery"
                ],
                "condition": [],
                "effect": "Allow",
                "not_actions": [],
                "not_principals": [],
                "not_resources": [],
                "principals": [],
                "resources": [
                  "*"
                ],
                "sid": ""
              }
            ],
            "version": "2012-10-17"
          },
          "sensitive_attributes": []
        }
      ]
    },
    {
      "module": "module.step_function_spotify",
      "mode": "data",
      "type": "aws_iam_policy_document",
      "name": "service",
      "provider": "provider[\"registry.terraform.io/hashicorp/aws\"]",
      "instances": [
        {
          "index_key": "lambda",
          "schema_version": 0,
          "attributes": {
            "id": "1029029696",
            "json": "{\n  \"Version\": \"2012-10-17\",\n  \"Statement\": [\n    {\n      \"Sid\": \"lambdaLambda\",\n      \"Effect\": \"Allow\",\n      \"Action\": \"lambda:InvokeFunction\",\n      \"Resource\": [\n        \"arn:aws:lambda:us-west-2:526054848789:function:spotify-track:*\",\n        \"arn:aws:lambda:us-west-2:526054848789:function:spotify-track\",\n        \"arn:aws:lambda:us-west-2:526054848789:function:spotify-playlist:*\",\n        \"arn:aws:lambda:us-west-2:526054848789:function:spotify-playlist\"\n      ]\n    }\n  ]\n}",
            "override_policy_documents": null,
            "policy_id": null,
            "source_policy_documents": null,
            "statement": [
              {
                "actions": [
                  "lambda:InvokeFunction"
                ],
                "condition": [],
                "effect": "Allow",
                "not_actions": [],
                "not_principals": [],
                "not_resources": [],
                "principals": [],
                "resources": [
                  "arn:aws:lambda:us-west-2:526054848789:function:spotify-playlist",
                  "arn:aws:lambda:us-west-2:526054848789:function:spotify-playlist:*",
                  "arn:aws:lambda:us-west-2:526054848789:function:spotify-track",
                  "arn:aws:lambda:us-west-2:526054848789:function:spotify-track:*"
                ],
                "sid": "lambdaLambda"
              }
            ],
            "version": "2012-10-17"
          },
          "sensitive_attributes": []
        }
      ]
    },
    {
      "module": "module.step_function_spotify",
      "mode": "data",
      "type": "aws_region",
      "name": "current",
      "provider": "provider[\"registry.terraform.io/hashicorp/aws\"]",
      "instances": [
        {
          "index_key": 0,
          "schema_version": 0,
          "attributes": {
            "description": "US West (Oregon)",
            "endpoint": "ec2.us-west-2.amazonaws.com",
            "id": "us-west-2",
            "name": "us-west-2"
          },
          "sensitive_attributes": []
        }
      ]
    },
    {
      "module": "module.step_function_spotify",
      "mode": "managed",
      "type": "aws_cloudwatch_log_group",
      "name": "sfn",
      "provider": "provider[\"registry.terraform.io/hashicorp/aws\"]",
      "instances": [
        {
          "index_key": 0,
          "schema_version": 0,
          "attributes": {
            "arn": "arn:aws:logs:us-west-2:526054848789:log-group:/aws/vendedlogs/states/sf-spotify",
            "id": "/aws/vendedlogs/states/sf-spotify",
            "kms_key_id": "",
            "name": "/aws/vendedlogs/states/sf-spotify",
            "name_prefix": "",
            "retention_in_days": 0,
            "skip_destroy": false,
            "tags": {},
            "tags_all": {}
          },
          "sensitive_attributes": [],
          "private": "bnVsbA=="
        }
      ]
    },
    {
      "module": "module.step_function_spotify",
      "mode": "managed",
      "type": "aws_iam_policy",
      "name": "logs",
      "provider": "provider[\"registry.terraform.io/hashicorp/aws\"]",
      "instances": [
        {
          "index_key": 0,
          "schema_version": 0,
          "attributes": {
            "arn": "arn:aws:iam::526054848789:policy/sf-spotify-logs",
            "description": "",
            "id": "arn:aws:iam::526054848789:policy/sf-spotify-logs",
            "name": "sf-spotify-logs",
            "name_prefix": "",
            "path": "/",
            "policy": "{\"Statement\":[{\"Action\":[\"logs:UpdateLogDelivery\",\"logs:PutResourcePolicy\",\"logs:ListLogDeliveries\",\"logs:GetLogDelivery\",\"logs:DescribeResourcePolicies\",\"logs:DescribeLogGroups\",\"logs:DeleteLogDelivery\",\"logs:CreateLogDelivery\"],\"Effect\":\"Allow\",\"Resource\":\"*\"}],\"Version\":\"2012-10-17\"}",
            "policy_id": "ANPAXU62P7EK2HNI65UFB",
            "tags": {},
            "tags_all": {}
          },
          "sensitive_attributes": [],
          "private": "bnVsbA==",
          "dependencies": [
            "module.step_function_spotify.data.aws_iam_policy_document.logs"
          ]
        }
      ]
    },
    {
      "module": "module.step_function_spotify",
      "mode": "managed",
      "type": "aws_iam_policy",
      "name": "service",
      "provider": "provider[\"registry.terraform.io/hashicorp/aws\"]",
      "instances": [
        {
          "index_key": "lambda",
          "schema_version": 0,
          "attributes": {
            "arn": "arn:aws:iam::526054848789:policy/sf-spotify-lambda",
            "description": "",
            "id": "arn:aws:iam::526054848789:policy/sf-spotify-lambda",
            "name": "sf-spotify-lambda",
            "name_prefix": "",
            "path": "/",
            "policy": "{\"Statement\":[{\"Action\":\"lambda:InvokeFunction\",\"Effect\":\"Allow\",\"Resource\":[\"arn:aws:lambda:us-west-2:526054848789:function:spotify-track:*\",\"arn:aws:lambda:us-west-2:526054848789:function:spotify-track\",\"arn:aws:lambda:us-west-2:526054848789:function:spotify-playlist:*\",\"arn:aws:lambda:us-west-2:526054848789:function:spotify-playlist\"],\"Sid\":\"lambdaLambda\"}],\"Version\":\"2012-10-17\"}",
            "policy_id": "ANPAXU62P7EK2KXDLLILA",
            "tags": {},
            "tags_all": {}
          },
          "sensitive_attributes": [],
          "private": "bnVsbA==",
          "dependencies": [
            "data.aws_caller_identity.this",
            "data.aws_ecr_authorization_token.token",
            "data.aws_region.current",
            "module.docker_image_spotify_playlist.aws_ecr_repository.this",
            "module.docker_image_spotify_playlist.data.aws_caller_identity.this",
            "module.docker_image_spotify_playlist.data.aws_region.current",
            "module.docker_image_spotify_playlist.docker_image.this",
            "module.docker_image_spotify_playlist.docker_registry_image.this",
            "module.docker_image_spotify_track.aws_ecr_repository.this",
            "module.docker_image_spotify_track.data.aws_caller_identity.this",
            "module.docker_image_spotify_track.data.aws_region.current",
            "module.docker_image_spotify_track.docker_image.this",
            "module.docker_image_spotify_track.docker_registry_image.this",
            "module.dynamodb_table.aws_dynamodb_table.autoscaled",
            "module.dynamodb_table.aws_dynamodb_table.autoscaled_gsi_ignore",
            "module.dynamodb_table.aws_dynamodb_table.this",
            "module.lambda_function_spotify_playlist.aws_cloudwatch_log_group.lambda",
            "module.lambda_function_spotify_playlist.aws_iam_policy.additional_inline",
            "module.lambda_function_spotify_playlist.aws_iam_policy.additional_json",
            "module.lambda_function_spotify_playlist.aws_iam_policy.additional_jsons",
            "module.lambda_function_spotify_playlist.aws_iam_policy.async",
            "module.lambda_function_spotify_playlist.aws_iam_policy.dead_letter",
            "module.lambda_function_spotify_playlist.aws_iam_policy.logs",
            "module.lambda_function_spotify_playlist.aws_iam_policy.tracing",
            "module.lambda_function_spotify_playlist.aws_iam_policy.vpc",
            "module.lambda_function_spotify_playlist.aws_iam_role.lambda",
            "module.lambda_function_spotify_playlist.aws_iam_role_policy_attachment.additional_inline",
            "module.lambda_function_spotify_playlist.aws_iam_role_policy_attachment.additional_json",
            "module.lambda_function_spotify_playlist.aws_iam_role_policy_attachment.additional_jsons",
            "module.lambda_function_spotify_playlist.aws_iam_role_policy_attachment.additional_many",
            "module.lambda_function_spotify_playlist.aws_iam_role_policy_attachment.additional_one",
            "module.lambda_function_spotify_playlist.aws_iam_role_policy_attachment.async",
            "module.lambda_function_spotify_playlist.aws_iam_role_policy_attachment.dead_letter",
            "module.lambda_function_spotify_playlist.aws_iam_role_policy_attachment.logs",
            "module.lambda_function_spotify_playlist.aws_iam_role_policy_attachment.tracing",
            "module.lambda_function_spotify_playlist.aws_iam_role_policy_attachment.vpc",
            "module.lambda_function_spotify_playlist.aws_lambda_function.this",
            "module.lambda_function_spotify_playlist.aws_s3_object.lambda_package",
            "module.lambda_function_spotify_playlist.data.aws_arn.log_group_arn",
            "module.lambda_function_spotify_playlist.data.aws_cloudwatch_log_group.lambda",
            "module.lambda_function_spotify_playlist.data.aws_iam_policy.tracing",
            "module.lambda_function_spotify_playlist.data.aws_iam_policy.vpc",
            "module.lambda_function_spotify_playlist.data.aws_iam_policy_document.additional_inline",
            "module.lambda_function_spotify_playlist.data.aws_iam_policy_document.assume_role",
            "module.lambda_function_spotify_playlist.data.aws_iam_policy_document.async",
            "module.lambda_function_spotify_playlist.data.aws_iam_policy_document.dead_letter",
            "module.lambda_function_spotify_playlist.data.aws_iam_policy_document.logs",
            "module.lambda_function_spotify_playlist.data.aws_partition.current",
            "module.lambda_function_spotify_playlist.data.external.archive_prepare",
            "module.lambda_function_spotify_playlist.local_file.archive_plan",
            "module.lambda_function_spotify_playlist.null_resource.archive",
            "module.lambda_function_spotify_track.aws_cloudwatch_log_group.lambda",
            "module.lambda_function_spotify_track.aws_iam_policy.additional_inline",
            "module.lambda_function_spotify_track.aws_iam_policy.additional_json",
            "module.lambda_function_spotify_track.aws_iam_policy.additional_jsons",
            "module.lambda_function_spotify_track.aws_iam_policy.async",
            "module.lambda_function_spotify_track.aws_iam_policy.dead_letter",
            "module.lambda_function_spotify_track.aws_iam_policy.logs",
            "module.lambda_function_spotify_track.aws_iam_policy.tracing",
            "module.lambda_function_spotify_track.aws_iam_policy.vpc",
            "module.lambda_function_spotify_track.aws_iam_role.lambda",
            "module.lambda_function_spotify_track.aws_iam_role_policy_attachment.additional_inline",
            "module.lambda_function_spotify_track.aws_iam_role_policy_attachment.additional_json",
            "module.lambda_function_spotify_track.aws_iam_role_policy_attachment.additional_jsons",
            "module.lambda_function_spotify_track.aws_iam_role_policy_attachment.additional_many",
            "module.lambda_function_spotify_track.aws_iam_role_policy_attachment.additional_one",
            "module.lambda_function_spotify_track.aws_iam_role_policy_attachment.async",
            "module.lambda_function_spotify_track.aws_iam_role_policy_attachment.dead_letter",
            "module.lambda_function_spotify_track.aws_iam_role_policy_attachment.logs",
            "module.lambda_function_spotify_track.aws_iam_role_policy_attachment.tracing",
            "module.lambda_function_spotify_track.aws_iam_role_policy_attachment.vpc",
            "module.lambda_function_spotify_track.aws_lambda_function.this",
            "module.lambda_function_spotify_track.aws_s3_object.lambda_package",
            "module.lambda_function_spotify_track.data.aws_arn.log_group_arn",
            "module.lambda_function_spotify_track.data.aws_cloudwatch_log_group.lambda",
            "module.lambda_function_spotify_track.data.aws_iam_policy.tracing",
            "module.lambda_function_spotify_track.data.aws_iam_policy.vpc",
            "module.lambda_function_spotify_track.data.aws_iam_policy_document.additional_inline",
            "module.lambda_function_spotify_track.data.aws_iam_policy_document.assume_role",
            "module.lambda_function_spotify_track.data.aws_iam_policy_document.async",
            "module.lambda_function_spotify_track.data.aws_iam_policy_document.dead_letter",
            "module.lambda_function_spotify_track.data.aws_iam_policy_document.logs",
            "module.lambda_function_spotify_track.data.aws_partition.current",
            "module.lambda_function_spotify_track.data.external.archive_prepare",
            "module.lambda_function_spotify_track.local_file.archive_plan",
            "module.lambda_function_spotify_track.null_resource.archive",
            "module.step_function_spotify.data.aws_caller_identity.current",
            "module.step_function_spotify.data.aws_iam_policy_document.service",
            "module.step_function_spotify.data.aws_region.current"
          ]
        }
      ]
    },
    {
      "module": "module.step_function_spotify",
      "mode": "managed",
      "type": "aws_iam_policy_attachment",
      "name": "logs",
      "provider": "provider[\"registry.terraform.io/hashicorp/aws\"]",
      "instances": [
        {
          "index_key": 0,
          "schema_version": 0,
          "attributes": {
            "groups": [],
            "id": "sf-spotify-logs",
            "name": "sf-spotify-logs",
            "policy_arn": "arn:aws:iam::526054848789:policy/sf-spotify-logs",
            "roles": [
              "sf-spotify"
            ],
            "users": []
          },
          "sensitive_attributes": [],
          "private": "bnVsbA==",
          "dependencies": [
            "module.step_function_spotify.aws_iam_policy.logs",
            "module.step_function_spotify.aws_iam_role.this",
            "module.step_function_spotify.data.aws_iam_policy_document.assume_role",
            "module.step_function_spotify.data.aws_iam_policy_document.logs",
            "module.step_function_spotify.data.aws_region.current"
          ]
        }
      ]
    },
    {
      "module": "module.step_function_spotify",
      "mode": "managed",
      "type": "aws_iam_policy_attachment",
      "name": "service",
      "provider": "provider[\"registry.terraform.io/hashicorp/aws\"]",
      "instances": [
        {
          "index_key": "lambda",
          "schema_version": 0,
          "attributes": {
            "groups": [],
            "id": "sf-spotify-lambda",
            "name": "sf-spotify-lambda",
            "policy_arn": "arn:aws:iam::526054848789:policy/sf-spotify-lambda",
            "roles": [
              "sf-spotify"
            ],
            "users": []
          },
          "sensitive_attributes": [],
          "private": "bnVsbA==",
          "dependencies": [
            "data.aws_caller_identity.this",
            "data.aws_ecr_authorization_token.token",
            "data.aws_region.current",
            "module.docker_image_spotify_playlist.aws_ecr_repository.this",
            "module.docker_image_spotify_playlist.data.aws_caller_identity.this",
            "module.docker_image_spotify_playlist.data.aws_region.current",
            "module.docker_image_spotify_playlist.docker_image.this",
            "module.docker_image_spotify_playlist.docker_registry_image.this",
            "module.docker_image_spotify_track.aws_ecr_repository.this",
            "module.docker_image_spotify_track.data.aws_caller_identity.this",
            "module.docker_image_spotify_track.data.aws_region.current",
            "module.docker_image_spotify_track.docker_image.this",
            "module.docker_image_spotify_track.docker_registry_image.this",
            "module.dynamodb_table.aws_dynamodb_table.autoscaled",
            "module.dynamodb_table.aws_dynamodb_table.autoscaled_gsi_ignore",
            "module.dynamodb_table.aws_dynamodb_table.this",
            "module.lambda_function_spotify_playlist.aws_cloudwatch_log_group.lambda",
            "module.lambda_function_spotify_playlist.aws_iam_policy.additional_inline",
            "module.lambda_function_spotify_playlist.aws_iam_policy.additional_json",
            "module.lambda_function_spotify_playlist.aws_iam_policy.additional_jsons",
            "module.lambda_function_spotify_playlist.aws_iam_policy.async",
            "module.lambda_function_spotify_playlist.aws_iam_policy.dead_letter",
            "module.lambda_function_spotify_playlist.aws_iam_policy.logs",
            "module.lambda_function_spotify_playlist.aws_iam_policy.tracing",
            "module.lambda_function_spotify_playlist.aws_iam_policy.vpc",
            "module.lambda_function_spotify_playlist.aws_iam_role.lambda",
            "module.lambda_function_spotify_playlist.aws_iam_role_policy_attachment.additional_inline",
            "module.lambda_function_spotify_playlist.aws_iam_role_policy_attachment.additional_json",
            "module.lambda_function_spotify_playlist.aws_iam_role_policy_attachment.additional_jsons",
            "module.lambda_function_spotify_playlist.aws_iam_role_policy_attachment.additional_many",
            "module.lambda_function_spotify_playlist.aws_iam_role_policy_attachment.additional_one",
            "module.lambda_function_spotify_playlist.aws_iam_role_policy_attachment.async",
            "module.lambda_function_spotify_playlist.aws_iam_role_policy_attachment.dead_letter",
            "module.lambda_function_spotify_playlist.aws_iam_role_policy_attachment.logs",
            "module.lambda_function_spotify_playlist.aws_iam_role_policy_attachment.tracing",
            "module.lambda_function_spotify_playlist.aws_iam_role_policy_attachment.vpc",
            "module.lambda_function_spotify_playlist.aws_lambda_function.this",
            "module.lambda_function_spotify_playlist.aws_s3_object.lambda_package",
            "module.lambda_function_spotify_playlist.data.aws_arn.log_group_arn",
            "module.lambda_function_spotify_playlist.data.aws_cloudwatch_log_group.lambda",
            "module.lambda_function_spotify_playlist.data.aws_iam_policy.tracing",
            "module.lambda_function_spotify_playlist.data.aws_iam_policy.vpc",
            "module.lambda_function_spotify_playlist.data.aws_iam_policy_document.additional_inline",
            "module.lambda_function_spotify_playlist.data.aws_iam_policy_document.assume_role",
            "module.lambda_function_spotify_playlist.data.aws_iam_policy_document.async",
            "module.lambda_function_spotify_playlist.data.aws_iam_policy_document.dead_letter",
            "module.lambda_function_spotify_playlist.data.aws_iam_policy_document.logs",
            "module.lambda_function_spotify_playlist.data.aws_partition.current",
            "module.lambda_function_spotify_playlist.data.external.archive_prepare",
            "module.lambda_function_spotify_playlist.local_file.archive_plan",
            "module.lambda_function_spotify_playlist.null_resource.archive",
            "module.lambda_function_spotify_track.aws_cloudwatch_log_group.lambda",
            "module.lambda_function_spotify_track.aws_iam_policy.additional_inline",
            "module.lambda_function_spotify_track.aws_iam_policy.additional_json",
            "module.lambda_function_spotify_track.aws_iam_policy.additional_jsons",
            "module.lambda_function_spotify_track.aws_iam_policy.async",
            "module.lambda_function_spotify_track.aws_iam_policy.dead_letter",
            "module.lambda_function_spotify_track.aws_iam_policy.logs",
            "module.lambda_function_spotify_track.aws_iam_policy.tracing",
            "module.lambda_function_spotify_track.aws_iam_policy.vpc",
            "module.lambda_function_spotify_track.aws_iam_role.lambda",
            "module.lambda_function_spotify_track.aws_iam_role_policy_attachment.additional_inline",
            "module.lambda_function_spotify_track.aws_iam_role_policy_attachment.additional_json",
            "module.lambda_function_spotify_track.aws_iam_role_policy_attachment.additional_jsons",
            "module.lambda_function_spotify_track.aws_iam_role_policy_attachment.additional_many",
            "module.lambda_function_spotify_track.aws_iam_role_policy_attachment.additional_one",
            "module.lambda_function_spotify_track.aws_iam_role_policy_attachment.async",
            "module.lambda_function_spotify_track.aws_iam_role_policy_attachment.dead_letter",
            "module.lambda_function_spotify_track.aws_iam_role_policy_attachment.logs",
            "module.lambda_function_spotify_track.aws_iam_role_policy_attachment.tracing",
            "module.lambda_function_spotify_track.aws_iam_role_policy_attachment.vpc",
            "module.lambda_function_spotify_track.aws_lambda_function.this",
            "module.lambda_function_spotify_track.aws_s3_object.lambda_package",
            "module.lambda_function_spotify_track.data.aws_arn.log_group_arn",
            "module.lambda_function_spotify_track.data.aws_cloudwatch_log_group.lambda",
            "module.lambda_function_spotify_track.data.aws_iam_policy.tracing",
            "module.lambda_function_spotify_track.data.aws_iam_policy.vpc",
            "module.lambda_function_spotify_track.data.aws_iam_policy_document.additional_inline",
            "module.lambda_function_spotify_track.data.aws_iam_policy_document.assume_role",
            "module.lambda_function_spotify_track.data.aws_iam_policy_document.async",
            "module.lambda_function_spotify_track.data.aws_iam_policy_document.dead_letter",
            "module.lambda_function_spotify_track.data.aws_iam_policy_document.logs",
            "module.lambda_function_spotify_track.data.aws_partition.current",
            "module.lambda_function_spotify_track.data.external.archive_prepare",
            "module.lambda_function_spotify_track.local_file.archive_plan",
            "module.lambda_function_spotify_track.null_resource.archive",
            "module.step_function_spotify.aws_iam_policy.service",
            "module.step_function_spotify.aws_iam_role.this",
            "module.step_function_spotify.data.aws_caller_identity.current",
            "module.step_function_spotify.data.aws_iam_policy_document.assume_role",
            "module.step_function_spotify.data.aws_iam_policy_document.service",
            "module.step_function_spotify.data.aws_region.current"
          ]
        }
      ]
    },
    {
      "module": "module.step_function_spotify",
      "mode": "managed",
      "type": "aws_iam_role",
      "name": "this",
      "provider": "provider[\"registry.terraform.io/hashicorp/aws\"]",
      "instances": [
        {
          "index_key": 0,
          "schema_version": 0,
          "attributes": {
            "arn": "arn:aws:iam::526054848789:role/sf-spotify",
            "assume_role_policy": "{\"Statement\":[{\"Action\":\"sts:AssumeRole\",\"Effect\":\"Allow\",\"Principal\":{\"Service\":\"states.us-west-2.amazonaws.com\"}}],\"Version\":\"2012-10-17\"}",
            "create_date": "2023-09-17T18:12:23Z",
            "description": "",
            "force_detach_policies": true,
            "id": "sf-spotify",
            "inline_policy": [],
            "managed_policy_arns": [
              "arn:aws:iam::526054848789:policy/sf-spotify-lambda",
              "arn:aws:iam::526054848789:policy/sf-spotify-logs"
            ],
            "max_session_duration": 3600,
            "name": "sf-spotify",
            "name_prefix": "",
            "path": "/",
            "permissions_boundary": null,
            "tags": {},
            "tags_all": {},
            "unique_id": "AROAXU62P7EKRIGCKPBTX"
          },
          "sensitive_attributes": [],
          "private": "bnVsbA==",
          "dependencies": [
            "module.step_function_spotify.data.aws_iam_policy_document.assume_role",
            "module.step_function_spotify.data.aws_region.current"
          ]
        }
      ]
    },
    {
      "module": "module.step_function_spotify",
      "mode": "managed",
      "type": "aws_sfn_state_machine",
      "name": "this",
      "provider": "provider[\"registry.terraform.io/hashicorp/aws\"]",
      "instances": [
        {
          "index_key": 0,
          "schema_version": 0,
          "attributes": {
            "arn": "arn:aws:states:us-west-2:526054848789:stateMachine:sf-spotify",
            "creation_date": "2023-09-17T18:31:42Z",
            "definition": "{\n  \"Comment\": \"Spotify Flow\",\n  \"StartAt\": \"Get Spotify Playlists\",\n  \"States\": {\n    \"Get Spotify Playlists\": {\n      \"Type\": \"Task\",\n      \"Resource\": \"arn:aws:states:::lambda:invoke\",\n      \"OutputPath\": \"$.Payload\",\n      \"Parameters\": {\n        \"Payload.$\": \"$\",\n        \"FunctionName\": \"arn:aws:lambda:us-west-2:526054848789:function:spotify-playlist:$LATEST\"\n      },\n      \"Retry\": [\n        {\n          \"ErrorEquals\": [\n            \"Lambda.ServiceException\",\n            \"Lambda.AWSLambdaException\",\n            \"Lambda.SdkClientException\",\n            \"Lambda.TooManyRequestsException\"\n          ],\n          \"IntervalSeconds\": 2,\n          \"MaxAttempts\": 6,\n          \"BackoffRate\": 2\n        }\n      ],\n      \"Next\": \"Has Next Playlist?\",\n      \"ResultPath\": \"$\"\n    },\n    \"Has Next Playlist?\": {\n      \"Type\": \"Choice\",\n      \"Choices\": [\n        {\n          \"Variable\": \"$.next_playlist\",\n          \"IsPresent\": true,\n          \"Next\": \"Get Spotify Playlists\"\n        }\n      ],\n      \"Default\": \"Process Spotify Tracks\"\n    },\n    \"Process Spotify Tracks\": {\n      \"Type\": \"Map\",\n      \"ItemProcessor\": {\n        \"ProcessorConfig\": {\n          \"Mode\": \"INLINE\"\n        },\n        \"StartAt\": \"Get Spotify Tracks\",\n        \"States\": {\n          \"Get Spotify Tracks\": {\n            \"Type\": \"Task\",\n            \"Resource\": \"arn:aws:states:::lambda:invoke\",\n            \"OutputPath\": \"$.Payload\",\n            \"Parameters\": {\n              \"Payload.$\": \"$\",\n              \"FunctionName\": \"arn:aws:lambda:us-west-2:526054848789:function:spotify-track:$LATEST\"\n            },\n            \"Retry\": [\n              {\n                \"ErrorEquals\": [\n                  \"Lambda.ServiceException\",\n                  \"Lambda.AWSLambdaException\",\n                  \"Lambda.SdkClientException\",\n                  \"Lambda.TooManyRequestsException\"\n                ],\n                \"IntervalSeconds\": 2,\n                \"MaxAttempts\": 6,\n                \"BackoffRate\": 2\n              }\n            ],\n            \"Next\": \"Has Next Tracks?\"\n          },\n          \"Has Next Tracks?\": {\n            \"Type\": \"Choice\",\n            \"Choices\": [\n              {\n                \"Variable\": \"$.next_tracks\",\n                \"IsPresent\": true,\n                \"Next\": \"Get Spotify Tracks\"\n              }\n            ],\n            \"Default\": \"Success Map\"\n          },\n          \"Success Map\": {\n            \"Type\": \"Succeed\"\n          }\n        }\n      },\n      \"Next\": \"Success\",\n      \"ItemsPath\": \"$.tracks\",\n      \"ResultPath\": \"$\",\n      \"MaxConcurrency\": 1\n    },\n    \"Success\": {\n      \"Type\": \"Succeed\"\n    }\n  }\n}",
            "description": "",
            "id": "arn:aws:states:us-west-2:526054848789:stateMachine:sf-spotify",
            "logging_configuration": [
              {
                "include_execution_data": false,
                "level": "ERROR",
                "log_destination": "arn:aws:logs:us-west-2:526054848789:log-group:/aws/vendedlogs/states/sf-spotify:*"
              }
            ],
            "name": "sf-spotify",
            "name_prefix": "",
            "publish": false,
            "revision_id": "63979c93-1af9-4f8a-bd4d-6ef1aade0870",
            "role_arn": "arn:aws:iam::526054848789:role/sf-spotify",
            "state_machine_version_arn": "",
            "status": "ACTIVE",
            "tags": {
              "Name": "sf-spotify"
            },
            "tags_all": {
              "Name": "sf-spotify"
            },
            "timeouts": {
              "create": null,
              "delete": null,
              "update": null
            },
            "tracing_configuration": [
              {
                "enabled": false
              }
            ],
            "type": "STANDARD",
            "version_description": null
          },
          "sensitive_attributes": [],
          "private": "eyJlMmJmYjczMC1lY2FhLTExZTYtOGY4OC0zNDM2M2JjN2M0YzAiOnsiY3JlYXRlIjozMDAwMDAwMDAwMDAsImRlbGV0ZSI6MzAwMDAwMDAwMDAwLCJ1cGRhdGUiOjYwMDAwMDAwMDAwfX0=",
          "dependencies": [
            "data.aws_caller_identity.this",
            "data.aws_ecr_authorization_token.token",
            "data.aws_region.current",
            "module.docker_image_spotify_playlist.aws_ecr_repository.this",
            "module.docker_image_spotify_playlist.data.aws_caller_identity.this",
            "module.docker_image_spotify_playlist.data.aws_region.current",
            "module.docker_image_spotify_playlist.docker_image.this",
            "module.docker_image_spotify_playlist.docker_registry_image.this",
            "module.docker_image_spotify_track.aws_ecr_repository.this",
            "module.docker_image_spotify_track.data.aws_caller_identity.this",
            "module.docker_image_spotify_track.data.aws_region.current",
            "module.docker_image_spotify_track.docker_image.this",
            "module.docker_image_spotify_track.docker_registry_image.this",
            "module.dynamodb_table.aws_dynamodb_table.autoscaled",
            "module.dynamodb_table.aws_dynamodb_table.autoscaled_gsi_ignore",
            "module.dynamodb_table.aws_dynamodb_table.this",
            "module.lambda_function_spotify_playlist.aws_cloudwatch_log_group.lambda",
            "module.lambda_function_spotify_playlist.aws_iam_policy.additional_inline",
            "module.lambda_function_spotify_playlist.aws_iam_policy.additional_json",
            "module.lambda_function_spotify_playlist.aws_iam_policy.additional_jsons",
            "module.lambda_function_spotify_playlist.aws_iam_policy.async",
            "module.lambda_function_spotify_playlist.aws_iam_policy.dead_letter",
            "module.lambda_function_spotify_playlist.aws_iam_policy.logs",
            "module.lambda_function_spotify_playlist.aws_iam_policy.tracing",
            "module.lambda_function_spotify_playlist.aws_iam_policy.vpc",
            "module.lambda_function_spotify_playlist.aws_iam_role.lambda",
            "module.lambda_function_spotify_playlist.aws_iam_role_policy_attachment.additional_inline",
            "module.lambda_function_spotify_playlist.aws_iam_role_policy_attachment.additional_json",
            "module.lambda_function_spotify_playlist.aws_iam_role_policy_attachment.additional_jsons",
            "module.lambda_function_spotify_playlist.aws_iam_role_policy_attachment.additional_many",
            "module.lambda_function_spotify_playlist.aws_iam_role_policy_attachment.additional_one",
            "module.lambda_function_spotify_playlist.aws_iam_role_policy_attachment.async",
            "module.lambda_function_spotify_playlist.aws_iam_role_policy_attachment.dead_letter",
            "module.lambda_function_spotify_playlist.aws_iam_role_policy_attachment.logs",
            "module.lambda_function_spotify_playlist.aws_iam_role_policy_attachment.tracing",
            "module.lambda_function_spotify_playlist.aws_iam_role_policy_attachment.vpc",
            "module.lambda_function_spotify_playlist.aws_lambda_function.this",
            "module.lambda_function_spotify_playlist.aws_s3_object.lambda_package",
            "module.lambda_function_spotify_playlist.data.aws_arn.log_group_arn",
            "module.lambda_function_spotify_playlist.data.aws_cloudwatch_log_group.lambda",
            "module.lambda_function_spotify_playlist.data.aws_iam_policy.tracing",
            "module.lambda_function_spotify_playlist.data.aws_iam_policy.vpc",
            "module.lambda_function_spotify_playlist.data.aws_iam_policy_document.additional_inline",
            "module.lambda_function_spotify_playlist.data.aws_iam_policy_document.assume_role",
            "module.lambda_function_spotify_playlist.data.aws_iam_policy_document.async",
            "module.lambda_function_spotify_playlist.data.aws_iam_policy_document.dead_letter",
            "module.lambda_function_spotify_playlist.data.aws_iam_policy_document.logs",
            "module.lambda_function_spotify_playlist.data.aws_partition.current",
            "module.lambda_function_spotify_playlist.data.external.archive_prepare",
            "module.lambda_function_spotify_playlist.local_file.archive_plan",
            "module.lambda_function_spotify_playlist.null_resource.archive",
            "module.lambda_function_spotify_track.aws_cloudwatch_log_group.lambda",
            "module.lambda_function_spotify_track.aws_iam_policy.additional_inline",
            "module.lambda_function_spotify_track.aws_iam_policy.additional_json",
            "module.lambda_function_spotify_track.aws_iam_policy.additional_jsons",
            "module.lambda_function_spotify_track.aws_iam_policy.async",
            "module.lambda_function_spotify_track.aws_iam_policy.dead_letter",
            "module.lambda_function_spotify_track.aws_iam_policy.logs",
            "module.lambda_function_spotify_track.aws_iam_policy.tracing",
            "module.lambda_function_spotify_track.aws_iam_policy.vpc",
            "module.lambda_function_spotify_track.aws_iam_role.lambda",
            "module.lambda_function_spotify_track.aws_iam_role_policy_attachment.additional_inline",
            "module.lambda_function_spotify_track.aws_iam_role_policy_attachment.additional_json",
            "module.lambda_function_spotify_track.aws_iam_role_policy_attachment.additional_jsons",
            "module.lambda_function_spotify_track.aws_iam_role_policy_attachment.additional_many",
            "module.lambda_function_spotify_track.aws_iam_role_policy_attachment.additional_one",
            "module.lambda_function_spotify_track.aws_iam_role_policy_attachment.async",
            "module.lambda_function_spotify_track.aws_iam_role_policy_attachment.dead_letter",
            "module.lambda_function_spotify_track.aws_iam_role_policy_attachment.logs",
            "module.lambda_function_spotify_track.aws_iam_role_policy_attachment.tracing",
            "module.lambda_function_spotify_track.aws_iam_role_policy_attachment.vpc",
            "module.lambda_function_spotify_track.aws_lambda_function.this",
            "module.lambda_function_spotify_track.aws_s3_object.lambda_package",
            "module.lambda_function_spotify_track.data.aws_arn.log_group_arn",
            "module.lambda_function_spotify_track.data.aws_cloudwatch_log_group.lambda",
            "module.lambda_function_spotify_track.data.aws_iam_policy.tracing",
            "module.lambda_function_spotify_track.data.aws_iam_policy.vpc",
            "module.lambda_function_spotify_track.data.aws_iam_policy_document.additional_inline",
            "module.lambda_function_spotify_track.data.aws_iam_policy_document.assume_role",
            "module.lambda_function_spotify_track.data.aws_iam_policy_document.async",
            "module.lambda_function_spotify_track.data.aws_iam_policy_document.dead_letter",
            "module.lambda_function_spotify_track.data.aws_iam_policy_document.logs",
            "module.lambda_function_spotify_track.data.aws_partition.current",
            "module.lambda_function_spotify_track.data.external.archive_prepare",
            "module.lambda_function_spotify_track.local_file.archive_plan",
            "module.lambda_function_spotify_track.null_resource.archive",
            "module.step_function_spotify.aws_cloudwatch_log_group.sfn",
            "module.step_function_spotify.aws_iam_role.this",
            "module.step_function_spotify.data.aws_cloudwatch_log_group.sfn",
            "module.step_function_spotify.data.aws_iam_policy_document.assume_role",
            "module.step_function_spotify.data.aws_region.current"
          ]
        }
      ]
    }
  ],
  "check_results": null
}
