{
  "version": 4,
  "terraform_version": "1.5.7",
  "serial": 271,
  "lineage": "f37a54f5-ee15-7652-215d-c85e3fe05816",
  "outputs": {},
  "resources": [
    {
      "mode": "data",
      "type": "aws_caller_identity",
      "name": "this",
      "provider": "provider[\"registry.terraform.io/hashicorp/aws\"]",
      "instances": [
        {
          "schema_version": 0,
          "attributes": {
            "account_id": "526054848789",
            "arn": "arn:aws:sts::526054848789:assumed-role/AWSReservedSSO_AdministratorAccess_eaa146b6dc3a2316/igor.oliveira",
            "id": "526054848789",
            "user_id": "AROAXU62P7EKSOARTWBFI:igor.oliveira"
          },
          "sensitive_attributes": []
        }
      ]
    },
    {
      "mode": "data",
      "type": "aws_ecr_authorization_token",
      "name": "token",
      "provider": "provider[\"registry.terraform.io/hashicorp/aws\"]",
      "instances": [
        {
          "schema_version": 0,
          "attributes": {
            "authorization_token": "QVdTOmV5SndZWGxzYjJGa0lqb2lkRE0xU1cwMVV6UjRSRUY0ZGpkblIxUm9Va1JHTnpSR2VXbEhOek5ZZDNORGNXSjJXRUUwYm5GSVZpOWpWWGwyYW1oMFRYQTVZbGR6V0hrdldXOVZMMnBEWW5OcmFYUmpVek5UYUV0cVVrVnJWMDlYZWpWMGNVeENaWEZMYldNck1GZ3ZURTgxUmpKMlVXZElSR2hWWWl0WlVscFJjMU15TVRobVNXVkJkRkZyVjJsSlZUWlVRMGRCVG1RemVWZGpkVkJZYTNkRlVVSnRTMDVSTVRkNWVGSmpkM295UjBsaE5rNVdaelF6T0RJdksycFBjRnBpYlVwR1RuVTFkWE5EUnpSNGNHRnBlbGd5TjAwdlprTkRLemhrU21kUFZIbFJiMGw2TURZeVRGbDFaMjVVZGl0dFRFWkVUMUZUZGtObmJGVjNaVWxNUVRkMmRXRmhXRmhyTmxwNGFFOHJiMmN3VmpKbWVqVnBXWEVyYVdWME1EazRiR1V3YVV4dVQxUmhRVUZFTjBkVldqbG5OVEYzZVM5V2JGcFFSbXN5Vmtoak1rcG5jblZZVkc5aGJXOTJWVTVwTm1GeEszZDJLMWwzYjJ0MksyZzNTWHBITW1WbFNFZFJRa3BTVVRNNFdYWXJNMDF2ZDJWNlMyOTBNVlUxUW5kSGEzVlNiVU54UVU5cmFYazFUQzl5UlROdmRGaFRPV1IwU1ZsMk1YcGtiMGhxUmtOTlVUTmpiM2RpYUVRMWJrUlpaek4wYWk5V1lucDBNRkpuVFdaTlZWQm1NbU5qWVUxRmFWbHBaaXRhT0RKdGFWRTFaMFpGTkV4RlQyTlVaR1J3YW1jMkx5OXRaSFpUV25CYWVsaHlXblJ0T1c1aE1UUnRNV04xT0VkYWNXUm5MM3A0T0Rod2RFSmpRblJWZUZoV01FVXpVbkZRZGxScE5sQlBUakZJUWtGWVYzSkdTRGh5U2tGSU5HVk5iUzk1Wm1OVFREWkNVbUpGWW1WSlowWlVkMU4xTWtFd2JGVTVTVFp0ZVRWU1l6STJhV05IUjJscmMyMW9iekl4YkZSYU5qaHNZMUZ5TmtWelUzVlRjbUpFU0RsdFVrOUlWWFZRTUZORmRVVjFlVlZTU1VOa2RtSlhOMjlZZGpWRlJFTjRTbHBoVVVGSFlXVjNXVVZHWTNkSFdGTnVNMkZZVVVGa1VVcHdlazlGV1RGWVZrNXliV0k0YjJSNmJtdEJWSFV4Wm5ZeFFYbFdiRTkwYlhWS2ExQlBZVXhHUmxCa2RWWXdlRTVvTjJSQ1NHUk1kbGx4ZDJjM1RraFNaa1ZxWW1kbVFtUnViSGMwZG5VeWRqRklNRVpwTDJ0WGJsWjRlVzkxU1VsQk1rcDRjQzlMVDBsUVFWazJORXRYUW5sbk1UUkdUVnBDYlZSYVFVazNPVEJJZERWUUwxbDJNbk5VUm1wdWNFNHdNMHRzYzBaMWNURjBUV3c0VVZKR09URklVM1JaUVVodmIyTmlaalJxUW5kSGN6RlFhelZSTUd0S2JsTm5iV1p2WlhsaE5WTXdaakkxTDFwVU1HdzBNakV2UVhKSVIyZ3lhM1prWVc5dFF6WjRRM3BWTW10R05sZG5jRzVxVEN0bldVNUhMMVZRWmxSdWFIUlhRMmx3VlhORlptVktLMjB4Tnk5b2IyNXBLMjFyU1RGaFpub3lXa3hyUmpZME5tY3hlVVZ3Wm1ZemNHOUliRWR1ZWxCRVFsaFFTa0ZzT0U5TFpHWlFVbVJRUkRCcGNIQkpiakZtVWxsTloyRkVWMGxZY1hCeE0xaDNaRkp3ZHpkWFkzbDJVV1pZWmt4S0wxVkhlbFZRYlN0aVNXa3ZkbEZhYW5Kd05UZDBhSGhSU1dkMVJqaGFTM0UzYTB0eFUwWk9RVkJJY0cxemIycFVNR0pMYUZwcFptcHJkR3RPWWtwRFNEaGtPRXAyV0ZGT1ZWZExVR0pvZUdkME1HeFdiSGNyUldwSlFqWnpRek5OWldFMVYzZGhVVmxHVWtGSWVGUnRPWG96UjNKS1pWbG9kMmxqTkZWTVZYcEJjMVpCTkc1cFpqSXJSMUpsUm5ReGMwaEVjRXBaVjB4MmVWQllOVVU1VWpJeGRrNHlORkozTkdKalZGQlFNbHBaVkV0cGRrTlZURGx2VG1kclJ6ZDFjRWxMZDJoc01UTTBORVpTV0hKQ1kwVk9iSGgxYTJ4clJqa3hkMnRGZERSMWEza3JOVGs1VVZabGFFdENTVTFuYlhkM1ptMUtOSFI0TTFCbWMwRTRRamxyY2tRd2JtVkZlRlZPUjB4bGVHSjFOWEJrYURKcE1EWldhMnBxVWtnMFRYcEpWRlZVVTJaMlJXVTJiRVJ6UjJKdmNsSTBWMjlKY0V0SFJXaE1VVVJrZW1jcmNFVk5jbE5OYkVkNmVFcEtZMVE0Tms0NGVGTXpja3RPVW5kR1JsRnNjVFZMVVhZM1R6TTFabGxoUVQwaUxDSmtZWFJoYTJWNUlqb2lRVkZGUWtGSWFqWnNZelJZU1VwM0x6ZHNiakJJWXpBd1JFMWxhelpIUlhoSVEySlpORkpKY0ZSTlEwazFPRWx1VlhkQlFVRklOSGRtUVZsS1MyOWFTV2gyWTA1QlVXTkhiMGM0ZDJKUlNVSkJSRUp2UW1kcmNXaHJhVWM1ZHpCQ1FuZEZkMGhuV1VwWlNWcEpRVmRWUkVKQlJYVk5Ra1ZGUkU5dFREUlNURWhCVG5OQlFUaFFNRFJuU1VKRlNVRTNjVE5LUW5WSVdGcEJOa1JCZFVoelIwcExUR2gySzFaWVRWUk1WSEZGSzNCNllXUTJiMnd5ZEhsVFFVTkxkVWhMU21jdlRsVjVTSGxhYTNjd00xVjBOMDFPY2pOaFRGQnRORnBMZG1sT1NUMGlMQ0oyWlhKemFXOXVJam9pTWlJc0luUjVjR1VpT2lKRVFWUkJYMHRGV1NJc0ltVjRjR2x5WVhScGIyNGlPakUyT1RVd01qWXdOREo5",
            "expires_at": "2023-09-18T08:34:02Z",
            "id": "us-west-2",
            "password": "eyJwYXlsb2FkIjoidDM1SW01UzR4REF4djdnR1RoUkRGNzRGeWlHNzNYd3NDcWJ2WEE0bnFIVi9jVXl2amh0TXA5YldzWHkvWW9VL2pDYnNraXRjUzNTaEtqUkVrV09XejV0cUxCZXFLbWMrMFgvTE81RjJ2UWdIRGhVYitZUlpRc1MyMThmSWVBdFFrV2lJVTZUQ0dBTmQzeVdjdVBYa3dFUUJtS05RMTd5eFJjd3oyR0lhNk5WZzQzODIvK2pPcFpibUpGTnU1dXNDRzR4cGFpelgyN00vZkNDKzhkSmdPVHlRb0l6MDYyTFl1Z25UdittTEZET1FTdkNnbFV3ZUlMQTd2dWFhWFhrNlp4aE8rb2cwVjJmejVpWXEraWV0MDk4bGUwaUxuT1RhQUFEN0dVWjlnNTF3eS9WbFpQRmsyVkhjMkpncnVYVG9hbW92VU5pNmFxK3d2K1l3b2t2K2g3SXpHMmVlSEdRQkpSUTM4WXYrM01vd2V6S290MVU1QndHa3VSbUNxQU9raXk1TC9yRTNvdFhTOWR0SVl2MXpkb0hqRkNNUTNjb3diaEQ1bkRZZzN0ai9WYnp0MFJnTWZNVVBmMmNjYU1FaVlpZitaODJtaVE1Z0ZFNExFT2NUZGRwamc2Ly9tZHZTWnBaelhyWnRtOW5hMTRtMWN1OEdacWRnL3p4ODhwdEJjQnRVeFhWMEUzUnFQdlRpNlBPTjFIQkFYV3JGSDhySkFINGVNbS95ZmNTTDZCUmJFYmVJZ0ZUd1N1MkEwbFU5STZteTVSYzI2aWNHR2lrc21obzIxbFRaNjhsY1FyNkVzU3VTcmJESDltUk9IVXVQMFNFdUV1eVVSSUNkdmJXN29YdjVFREN4SlphUUFHYWV3WUVGY3dHWFNuM2FYUUFkUUpwek9FWTFYVk5ybWI4b2R6bmtBVHUxZnYxQXlWbE90bXVKa1BPYUxGRlBkdVYweE5oN2RCSGRMdllxd2c3TkhSZkVqYmdmQmRubHc0dnUydjFIMEZpL2tXblZ4eW91SUlBMkp4cC9LT0lQQVk2NEtXQnlnMTRGTVpCbVRaQUk3OTBIdDVQL1l2MnNURmpucE4wM0tsc0Z1cTF0TWw4UVJGOTFIU3RZQUhvb2NiZjRqQndHczFQazVRMGtKblNnbWZvZXlhNVMwZjI1L1pUMGw0MjEvQXJIR2gya3ZkYW9tQzZ4Q3pVMmtGNldncG5qTCtnWU5HL1VQZlRuaHRXQ2lwVXNFZmVKK20xNy9ob25pK21rSTFhZnoyWkxrRjY0NmcxeUVwZmYzcG9IbEduelBEQlhQSkFsOE9LZGZQUmRQRDBpcHBJbjFmUllNZ2FEV0lYcXBxM1h3ZFJwdzdXY3l2UWZYZkxKL1VHelVQbStiSWkvdlFaanJwNTd0aHhRSWd1RjhaS3E3a0txU0ZOQVBIcG1zb2pUMGJLaFppZmprdGtOYkpDSDhkOEp2WFFOVVdLUGJoeGd0MGxWbHcrRWpJQjZzQzNNZWE1V3dhUVlGUkFIeFRtOXozR3JKZVlod2ljNFVMVXpBc1ZBNG5pZjIrR1JlRnQxc0hEcEpZV0x2eVBYNUU5UjIxdk4yNFJ3NGJjVFBQMlpZVEtpdkNVTDlvTmdrRzd1cElLd2hsMTM0NEZSWHJCY0VObHh1a2xrRjkxd2tFdDR1a3krNTk5UVZlaEtCSU1nbXd3Zm1KNHR4M1Bmc0E4QjlrckQwbmVFeFVOR0xleGJ1NXBkaDJpMDZWa2pqUkg0TXpJVFVUU2Z2RWU2bERzR2JvclI0V29JcEtHRWhMUURkemcrcEVNclNNbEd6eEpKY1Q4Nk44eFMzcktOUndGRlFscTVLUXY3TzM1ZllhQT0iLCJkYXRha2V5IjoiQVFFQkFIajZsYzRYSUp3LzdsbjBIYzAwRE1lazZHRXhIQ2JZNFJJcFRNQ0k1OEluVXdBQUFINHdmQVlKS29aSWh2Y05BUWNHb0c4d2JRSUJBREJvQmdrcWhraUc5dzBCQndFd0hnWUpZSVpJQVdVREJBRXVNQkVFRE9tTDRSTEhBTnNBQThQMDRnSUJFSUE3cTNKQnVIWFpBNkRBdUhzR0pLTGh2K1ZYTVRMVHFFK3B6YWQ2b2wydHlTQUNLdUhLSmcvTlV5SHlaa3cwM1V0N01OcjNhTFBtNFpLdmlOST0iLCJ2ZXJzaW9uIjoiMiIsInR5cGUiOiJEQVRBX0tFWSIsImV4cGlyYXRpb24iOjE2OTUwMjYwNDJ9",
            "proxy_endpoint": "https://526054848789.dkr.ecr.us-west-2.amazonaws.com",
            "registry_id": null,
            "user_name": "AWS"
          },
          "sensitive_attributes": []
        }
      ]
    },
    {
      "mode": "data",
      "type": "aws_region",
      "name": "current",
      "provider": "provider[\"registry.terraform.io/hashicorp/aws\"]",
      "instances": [
        {
          "schema_version": 0,
          "attributes": {
            "description": "US West (Oregon)",
            "endpoint": "ec2.us-west-2.amazonaws.com",
            "id": "us-west-2",
            "name": "us-west-2"
          },
          "sensitive_attributes": []
        }
      ]
    },
    {
      "module": "module.docker_image_spotify_playlist",
      "mode": "data",
      "type": "aws_caller_identity",
      "name": "this",
      "provider": "provider[\"registry.terraform.io/hashicorp/aws\"]",
      "instances": [
        {
          "schema_version": 0,
          "attributes": {
            "account_id": "526054848789",
            "arn": "arn:aws:sts::526054848789:assumed-role/AWSReservedSSO_AdministratorAccess_eaa146b6dc3a2316/igor.oliveira",
            "id": "526054848789",
            "user_id": "AROAXU62P7EKSOARTWBFI:igor.oliveira"
          },
          "sensitive_attributes": []
        }
      ]
    },
    {
      "module": "module.docker_image_spotify_playlist",
      "mode": "data",
      "type": "aws_region",
      "name": "current",
      "provider": "provider[\"registry.terraform.io/hashicorp/aws\"]",
      "instances": [
        {
          "schema_version": 0,
          "attributes": {
            "description": "US West (Oregon)",
            "endpoint": "ec2.us-west-2.amazonaws.com",
            "id": "us-west-2",
            "name": "us-west-2"
          },
          "sensitive_attributes": []
        }
      ]
    },
    {
      "module": "module.docker_image_spotify_playlist",
      "mode": "managed",
      "type": "aws_ecr_lifecycle_policy",
      "name": "this",
      "provider": "provider[\"registry.terraform.io/hashicorp/aws\"]",
      "instances": [
        {
          "index_key": 0,
          "schema_version": 0,
          "attributes": {
            "id": "spotify-playlist",
            "policy": "{\"rules\":[{\"action\":{\"type\":\"expire\"},\"description\":\"Keep only the last 2 images\",\"rulePriority\":1,\"selection\":{\"countNumber\":2,\"countType\":\"imageCountMoreThan\",\"tagStatus\":\"any\"}}]}",
            "registry_id": "526054848789",
            "repository": "spotify-playlist"
          },
          "sensitive_attributes": [],
          "private": "bnVsbA==",
          "dependencies": [
            "module.docker_image_spotify_playlist.aws_ecr_repository.this"
          ]
        }
      ]
    },
    {
      "module": "module.docker_image_spotify_playlist",
      "mode": "managed",
      "type": "aws_ecr_repository",
      "name": "this",
      "provider": "provider[\"registry.terraform.io/hashicorp/aws\"]",
      "instances": [
        {
          "index_key": 0,
          "schema_version": 0,
          "attributes": {
            "arn": "arn:aws:ecr:us-west-2:526054848789:repository/spotify-playlist",
            "encryption_configuration": [
              {
                "encryption_type": "AES256",
                "kms_key": ""
              }
            ],
            "force_delete": true,
            "id": "spotify-playlist",
            "image_scanning_configuration": [
              {
                "scan_on_push": false
              }
            ],
            "image_tag_mutability": "MUTABLE",
            "name": "spotify-playlist",
            "registry_id": "526054848789",
            "repository_url": "526054848789.dkr.ecr.us-west-2.amazonaws.com/spotify-playlist",
            "tags": {},
            "tags_all": {},
            "timeouts": null
          },
          "sensitive_attributes": [],
          "private": "eyJlMmJmYjczMC1lY2FhLTExZTYtOGY4OC0zNDM2M2JjN2M0YzAiOnsiZGVsZXRlIjoxMjAwMDAwMDAwMDAwfX0="
        }
      ]
    },
    {
      "module": "module.docker_image_spotify_playlist",
      "mode": "managed",
      "type": "docker_image",
      "name": "this",
      "provider": "provider[\"registry.terraform.io/kreuzwerker/docker\"]",
      "instances": [
        {
          "schema_version": 0,
          "attributes": {
            "build": [
              {
                "auth_config": [],
                "build_arg": {},
                "build_args": {},
                "build_id": "",
                "cache_from": [],
                "cgroup_parent": "",
                "context": "spotify",
                "cpu_period": 0,
                "cpu_quota": 0,
                "cpu_set_cpus": "",
                "cpu_set_mems": "",
                "cpu_shares": 0,
                "dockerfile": "Dockerfile",
                "extra_hosts": [],
                "force_remove": false,
                "isolation": "",
                "label": {},
                "labels": {},
                "memory": 0,
                "memory_swap": 0,
                "network_mode": "",
                "no_cache": false,
                "platform": "linux/amd64",
                "pull_parent": false,
                "remote_context": "",
                "remove": true,
                "security_opt": [],
                "session_id": "",
                "shm_size": 0,
                "squash": false,
                "suppress_output": false,
                "tag": [],
                "target": "",
                "ulimit": [],
                "version": ""
              }
            ],
            "force_remove": null,
            "id": "sha256:45d2afae6fab1fe78535d6acef9c2c2f6e727a8fe19769fa8f1af07788a08729526054848789.dkr.ecr.us-west-2.amazonaws.com/spotify-playlist:0.23",
            "image_id": "sha256:45d2afae6fab1fe78535d6acef9c2c2f6e727a8fe19769fa8f1af07788a08729",
            "keep_locally": null,
            "name": "526054848789.dkr.ecr.us-west-2.amazonaws.com/spotify-playlist:0.23",
            "platform": null,
            "pull_triggers": null,
            "repo_digest": "526054848789.dkr.ecr.us-west-2.amazonaws.com/spotify-track@sha256:0e138a12ea3ed419c5c06fb36efb09e61043f4072ff35589add8dddc3aef57e0",
            "triggers": null
          },
          "sensitive_attributes": [],
          "private": "bnVsbA==",
          "dependencies": [
            "data.aws_caller_identity.this",
            "data.aws_ecr_authorization_token.token",
            "data.aws_region.current",
            "module.docker_image_spotify_playlist.aws_ecr_repository.this",
            "module.docker_image_spotify_playlist.data.aws_caller_identity.this",
            "module.docker_image_spotify_playlist.data.aws_region.current"
          ]
        }
      ]
    },
    {
      "module": "module.docker_image_spotify_playlist",
      "mode": "managed",
      "type": "null_resource",
      "name": "sam_metadata_docker_registry_image",
      "provider": "provider[\"registry.terraform.io/hashicorp/null\"]",
      "instances": []
    },
    {
      "module": "module.docker_image_spotify_track",
      "mode": "data",
      "type": "aws_caller_identity",
      "name": "this",
      "provider": "provider[\"registry.terraform.io/hashicorp/aws\"]",
      "instances": [
        {
          "schema_version": 0,
          "attributes": {
            "account_id": "526054848789",
            "arn": "arn:aws:sts::526054848789:assumed-role/AWSReservedSSO_AdministratorAccess_eaa146b6dc3a2316/igor.oliveira",
            "id": "526054848789",
            "user_id": "AROAXU62P7EKSOARTWBFI:igor.oliveira"
          },
          "sensitive_attributes": []
        }
      ]
    },
    {
      "module": "module.docker_image_spotify_track",
      "mode": "data",
      "type": "aws_region",
      "name": "current",
      "provider": "provider[\"registry.terraform.io/hashicorp/aws\"]",
      "instances": [
        {
          "schema_version": 0,
          "attributes": {
            "description": "US West (Oregon)",
            "endpoint": "ec2.us-west-2.amazonaws.com",
            "id": "us-west-2",
            "name": "us-west-2"
          },
          "sensitive_attributes": []
        }
      ]
    },
    {
      "module": "module.docker_image_spotify_track",
      "mode": "managed",
      "type": "aws_ecr_lifecycle_policy",
      "name": "this",
      "provider": "provider[\"registry.terraform.io/hashicorp/aws\"]",
      "instances": [
        {
          "index_key": 0,
          "schema_version": 0,
          "attributes": {
            "id": "spotify-track",
            "policy": "{\"rules\":[{\"action\":{\"type\":\"expire\"},\"description\":\"Keep only the last 2 images\",\"rulePriority\":1,\"selection\":{\"countNumber\":2,\"countType\":\"imageCountMoreThan\",\"tagStatus\":\"any\"}}]}",
            "registry_id": "526054848789",
            "repository": "spotify-track"
          },
          "sensitive_attributes": [],
          "private": "bnVsbA==",
          "dependencies": [
            "module.docker_image_spotify_track.aws_ecr_repository.this"
          ]
        }
      ]
    },
    {
      "module": "module.docker_image_spotify_track",
      "mode": "managed",
      "type": "aws_ecr_repository",
      "name": "this",
      "provider": "provider[\"registry.terraform.io/hashicorp/aws\"]",
      "instances": [
        {
          "index_key": 0,
          "schema_version": 0,
          "attributes": {
            "arn": "arn:aws:ecr:us-west-2:526054848789:repository/spotify-track",
            "encryption_configuration": [
              {
                "encryption_type": "AES256",
                "kms_key": ""
              }
            ],
            "force_delete": true,
            "id": "spotify-track",
            "image_scanning_configuration": [
              {
                "scan_on_push": false
              }
            ],
            "image_tag_mutability": "MUTABLE",
            "name": "spotify-track",
            "registry_id": "526054848789",
            "repository_url": "526054848789.dkr.ecr.us-west-2.amazonaws.com/spotify-track",
            "tags": {},
            "tags_all": {},
            "timeouts": null
          },
          "sensitive_attributes": [],
          "private": "eyJlMmJmYjczMC1lY2FhLTExZTYtOGY4OC0zNDM2M2JjN2M0YzAiOnsiZGVsZXRlIjoxMjAwMDAwMDAwMDAwfX0="
        }
      ]
    },
    {
      "module": "module.docker_image_spotify_track",
      "mode": "managed",
      "type": "docker_image",
      "name": "this",
      "provider": "provider[\"registry.terraform.io/kreuzwerker/docker\"]",
      "instances": [
        {
          "schema_version": 0,
          "attributes": {
            "build": [
              {
                "auth_config": [],
                "build_arg": {},
                "build_args": {},
                "build_id": "",
                "cache_from": [],
                "cgroup_parent": "",
                "context": "spotify",
                "cpu_period": 0,
                "cpu_quota": 0,
                "cpu_set_cpus": "",
                "cpu_set_mems": "",
                "cpu_shares": 0,
                "dockerfile": "Dockerfile",
                "extra_hosts": [],
                "force_remove": false,
                "isolation": "",
                "label": {},
                "labels": {},
                "memory": 0,
                "memory_swap": 0,
                "network_mode": "",
                "no_cache": false,
                "platform": "linux/amd64",
                "pull_parent": false,
                "remote_context": "",
                "remove": true,
                "security_opt": [],
                "session_id": "",
                "shm_size": 0,
                "squash": false,
                "suppress_output": false,
                "tag": [],
                "target": "",
                "ulimit": [],
                "version": ""
              }
            ],
            "force_remove": null,
            "id": "sha256:45d2afae6fab1fe78535d6acef9c2c2f6e727a8fe19769fa8f1af07788a08729526054848789.dkr.ecr.us-west-2.amazonaws.com/spotify-track:0.23",
            "image_id": "sha256:45d2afae6fab1fe78535d6acef9c2c2f6e727a8fe19769fa8f1af07788a08729",
            "keep_locally": null,
            "name": "526054848789.dkr.ecr.us-west-2.amazonaws.com/spotify-track:0.23",
            "platform": null,
            "pull_triggers": null,
            "repo_digest": "526054848789.dkr.ecr.us-west-2.amazonaws.com/spotify-track@sha256:0e138a12ea3ed419c5c06fb36efb09e61043f4072ff35589add8dddc3aef57e0",
            "triggers": null
          },
          "sensitive_attributes": [],
          "private": "bnVsbA==",
          "dependencies": [
            "data.aws_caller_identity.this",
            "data.aws_ecr_authorization_token.token",
            "data.aws_region.current",
            "module.docker_image_spotify_track.aws_ecr_repository.this",
            "module.docker_image_spotify_track.data.aws_caller_identity.this",
            "module.docker_image_spotify_track.data.aws_region.current"
          ]
        }
      ]
    },
    {
      "module": "module.docker_image_spotify_track",
      "mode": "managed",
      "type": "docker_registry_image",
      "name": "this",
      "provider": "provider[\"registry.terraform.io/kreuzwerker/docker\"]",
      "instances": [
        {
          "schema_version": 0,
          "attributes": {
            "id": "sha256:0e138a12ea3ed419c5c06fb36efb09e61043f4072ff35589add8dddc3aef57e0",
            "insecure_skip_verify": false,
            "keep_remotely": false,
            "name": "526054848789.dkr.ecr.us-west-2.amazonaws.com/spotify-track:0.23",
            "sha256_digest": "sha256:0e138a12ea3ed419c5c06fb36efb09e61043f4072ff35589add8dddc3aef57e0",
            "triggers": null
          },
          "sensitive_attributes": [],
          "private": "bnVsbA==",
          "dependencies": [
            "data.aws_caller_identity.this",
            "data.aws_ecr_authorization_token.token",
            "data.aws_region.current",
            "module.docker_image_spotify_track.aws_ecr_repository.this",
            "module.docker_image_spotify_track.data.aws_caller_identity.this",
            "module.docker_image_spotify_track.data.aws_region.current",
            "module.docker_image_spotify_track.docker_image.this"
          ]
        }
      ]
    },
    {
      "module": "module.docker_image_spotify_track",
      "mode": "managed",
      "type": "null_resource",
      "name": "sam_metadata_docker_registry_image",
      "provider": "provider[\"registry.terraform.io/hashicorp/null\"]",
      "instances": [
        {
          "schema_version": 0,
          "attributes": {
            "id": "8190263433536041546",
            "triggers": {
              "built_image_uri": "526054848789.dkr.ecr.us-west-2.amazonaws.com/spotify-track:0.23",
              "docker_build_args": "{}",
              "docker_context": "spotify",
              "docker_file": "Dockerfile",
              "docker_tag": "0.23",
              "resource_type": "IMAGE_LAMBDA_FUNCTION"
            }
          },
          "sensitive_attributes": [],
          "dependencies": [
            "data.aws_caller_identity.this",
            "data.aws_ecr_authorization_token.token",
            "data.aws_region.current",
            "module.docker_image_spotify_track.aws_ecr_repository.this",
            "module.docker_image_spotify_track.data.aws_caller_identity.this",
            "module.docker_image_spotify_track.data.aws_region.current",
            "module.docker_image_spotify_track.docker_image.this",
            "module.docker_image_spotify_track.docker_registry_image.this"
          ]
        }
      ]
    },
    {
      "module": "module.dynamodb_table",
      "mode": "managed",
      "type": "aws_dynamodb_table",
      "name": "autoscaled",
      "provider": "provider[\"registry.terraform.io/hashicorp/aws\"]",
      "instances": []
    },
    {
      "module": "module.dynamodb_table",
      "mode": "managed",
      "type": "aws_dynamodb_table",
      "name": "autoscaled_gsi_ignore",
      "provider": "provider[\"registry.terraform.io/hashicorp/aws\"]",
      "instances": []
    },
    {
      "module": "module.dynamodb_table",
      "mode": "managed",
      "type": "aws_dynamodb_table",
      "name": "this",
      "provider": "provider[\"registry.terraform.io/hashicorp/aws\"]",
      "instances": [
        {
          "index_key": 0,
          "schema_version": 1,
          "attributes": {
            "arn": "arn:aws:dynamodb:us-west-2:526054848789:table/playlists",
            "attribute": [
              {
                "name": "pk",
                "type": "S"
              },
              {
                "name": "sk",
                "type": "S"
              }
            ],
            "billing_mode": "PAY_PER_REQUEST",
            "deletion_protection_enabled": false,
            "global_secondary_index": [],
            "hash_key": "pk",
            "id": "playlists",
            "local_secondary_index": [],
            "name": "playlists",
            "point_in_time_recovery": [
              {
                "enabled": false
              }
            ],
            "range_key": "sk",
            "read_capacity": 0,
            "replica": [],
            "restore_date_time": null,
            "restore_source_name": null,
            "restore_to_latest_time": null,
            "server_side_encryption": [],
            "stream_arn": "",
            "stream_enabled": false,
            "stream_label": "",
            "stream_view_type": "",
            "table_class": "STANDARD",
            "tags": {
              "Name": "playlists"
            },
            "tags_all": {
              "Name": "playlists"
            },
            "timeouts": {
              "create": "10m",
              "delete": "10m",
              "update": "60m"
            },
            "ttl": [
              {
                "attribute_name": "",
                "enabled": false
              }
            ],
            "write_capacity": 0
          },
          "sensitive_attributes": [],
          "private": "eyJlMmJmYjczMC1lY2FhLTExZTYtOGY4OC0zNDM2M2JjN2M0YzAiOnsiY3JlYXRlIjo2MDAwMDAwMDAwMDAsImRlbGV0ZSI6NjAwMDAwMDAwMDAwLCJ1cGRhdGUiOjM2MDAwMDAwMDAwMDB9LCJzY2hlbWFfdmVyc2lvbiI6IjEifQ=="
        }
      ]
    },
    {
      "module": "module.lambda_function_spotify_playlist",
      "mode": "data",
      "type": "aws_caller_identity",
      "name": "current",
      "provider": "provider[\"registry.terraform.io/hashicorp/aws\"]",
      "instances": [
        {
          "schema_version": 0,
          "attributes": {
            "account_id": "526054848789",
            "arn": "arn:aws:sts::526054848789:assumed-role/AWSReservedSSO_AdministratorAccess_eaa146b6dc3a2316/igor.oliveira",
            "id": "526054848789",
            "user_id": "AROAXU62P7EKSOARTWBFI:igor.oliveira"
          },
          "sensitive_attributes": []
        }
      ]
    },
    {
      "module": "module.lambda_function_spotify_playlist",
      "mode": "data",
      "type": "aws_iam_policy_document",
      "name": "additional_inline",
      "provider": "provider[\"registry.terraform.io/hashicorp/aws\"]",
      "instances": [
        {
          "index_key": 0,
          "schema_version": 0,
          "attributes": {
            "id": "629899498",
            "json": "{\n  \"Version\": \"2012-10-17\",\n  \"Statement\": [\n    {\n      \"Sid\": \"dynamodb\",\n      \"Effect\": \"Allow\",\n      \"Action\": \"dynamodb:*\",\n      \"Resource\": \"arn:aws:dynamodb:us-west-2:526054848789:table/playlists\"\n    }\n  ]\n}",
            "override_policy_documents": null,
            "policy_id": null,
            "source_policy_documents": null,
            "statement": [
              {
                "actions": [
                  "dynamodb:*"
                ],
                "condition": [],
                "effect": "Allow",
                "not_actions": [],
                "not_principals": [],
                "not_resources": [],
                "principals": [],
                "resources": [
                  "arn:aws:dynamodb:us-west-2:526054848789:table/playlists"
                ],
                "sid": "dynamodb"
              }
            ],
            "version": "2012-10-17"
          },
          "sensitive_attributes": []
        }
      ]
    },
    {
      "module": "module.lambda_function_spotify_playlist",
      "mode": "data",
      "type": "aws_iam_policy_document",
      "name": "assume_role",
      "provider": "provider[\"registry.terraform.io/hashicorp/aws\"]",
      "instances": [
        {
          "index_key": 0,
          "schema_version": 0,
          "attributes": {
            "id": "2690255455",
            "json": "{\n  \"Version\": \"2012-10-17\",\n  \"Statement\": [\n    {\n      \"Effect\": \"Allow\",\n      \"Action\": \"sts:AssumeRole\",\n      \"Principal\": {\n        \"Service\": \"lambda.amazonaws.com\"\n      }\n    }\n  ]\n}",
            "override_policy_documents": null,
            "policy_id": null,
            "source_policy_documents": null,
            "statement": [
              {
                "actions": [
                  "sts:AssumeRole"
                ],
                "condition": [],
                "effect": "Allow",
                "not_actions": [],
                "not_principals": [],
                "not_resources": [],
                "principals": [
                  {
                    "identifiers": [
                      "lambda.amazonaws.com"
                    ],
                    "type": "Service"
                  }
                ],
                "resources": [],
                "sid": ""
              }
            ],
            "version": "2012-10-17"
          },
          "sensitive_attributes": []
        }
      ]
    },
    {
      "module": "module.lambda_function_spotify_playlist",
      "mode": "data",
      "type": "aws_iam_policy_document",
      "name": "logs",
      "provider": "provider[\"registry.terraform.io/hashicorp/aws\"]",
      "instances": [
        {
          "index_key": 0,
          "schema_version": 0,
          "attributes": {
            "id": "3341041614",
            "json": "{\n  \"Version\": \"2012-10-17\",\n  \"Statement\": [\n    {\n      \"Effect\": \"Allow\",\n      \"Action\": [\n        \"logs:PutLogEvents\",\n        \"logs:CreateLogStream\",\n        \"logs:CreateLogGroup\"\n      ],\n      \"Resource\": [\n        \"arn:aws:logs:us-west-2:526054848789:log-group:/aws/lambda/spotify-playlist:*:*\",\n        \"arn:aws:logs:us-west-2:526054848789:log-group:/aws/lambda/spotify-playlist:*\"\n      ]\n    }\n  ]\n}",
            "override_policy_documents": null,
            "policy_id": null,
            "source_policy_documents": null,
            "statement": [
              {
                "actions": [
                  "logs:CreateLogGroup",
                  "logs:CreateLogStream",
                  "logs:PutLogEvents"
                ],
                "condition": [],
                "effect": "Allow",
                "not_actions": [],
                "not_principals": [],
                "not_resources": [],
                "principals": [],
                "resources": [
                  "arn:aws:logs:us-west-2:526054848789:log-group:/aws/lambda/spotify-playlist:*",
                  "arn:aws:logs:us-west-2:526054848789:log-group:/aws/lambda/spotify-playlist:*:*"
                ],
                "sid": ""
              }
            ],
            "version": "2012-10-17"
          },
          "sensitive_attributes": []
        }
      ]
    },
    {
      "module": "module.lambda_function_spotify_playlist",
      "mode": "data",
      "type": "aws_partition",
      "name": "current",
      "provider": "provider[\"registry.terraform.io/hashicorp/aws\"]",
      "instances": [
        {
          "schema_version": 0,
          "attributes": {
            "dns_suffix": "amazonaws.com",
            "id": "aws",
            "partition": "aws",
            "reverse_dns_prefix": "com.amazonaws"
          },
          "sensitive_attributes": []
        }
      ]
    },
    {
      "module": "module.lambda_function_spotify_playlist",
      "mode": "data",
      "type": "aws_region",
      "name": "current",
      "provider": "provider[\"registry.terraform.io/hashicorp/aws\"]",
      "instances": [
        {
          "schema_version": 0,
          "attributes": {
            "description": "US West (Oregon)",
            "endpoint": "ec2.us-west-2.amazonaws.com",
            "id": "us-west-2",
            "name": "us-west-2"
          },
          "sensitive_attributes": []
        }
      ]
    },
    {
      "module": "module.lambda_function_spotify_playlist",
      "mode": "data",
      "type": "external",
      "name": "archive_prepare",
      "provider": "provider[\"registry.terraform.io/hashicorp/external\"]",
      "instances": []
    },
    {
      "module": "module.lambda_function_spotify_playlist",
      "mode": "managed",
      "type": "aws_cloudwatch_log_group",
      "name": "lambda",
      "provider": "provider[\"registry.terraform.io/hashicorp/aws\"]",
      "instances": [
        {
          "index_key": 0,
          "schema_version": 0,
          "attributes": {
            "arn": "arn:aws:logs:us-west-2:526054848789:log-group:/aws/lambda/spotify-playlist",
            "id": "/aws/lambda/spotify-playlist",
            "kms_key_id": "",
            "name": "/aws/lambda/spotify-playlist",
            "name_prefix": "",
            "retention_in_days": 0,
            "skip_destroy": false,
            "tags": {},
            "tags_all": {}
          },
          "sensitive_attributes": [],
          "private": "bnVsbA=="
        }
      ]
    },
    {
      "module": "module.lambda_function_spotify_playlist",
      "mode": "managed",
      "type": "aws_iam_policy",
      "name": "additional_inline",
      "provider": "provider[\"registry.terraform.io/hashicorp/aws\"]",
      "instances": [
        {
          "index_key": 0,
          "schema_version": 0,
          "attributes": {
            "arn": "arn:aws:iam::526054848789:policy/spotify-playlist-inline",
            "description": "",
            "id": "arn:aws:iam::526054848789:policy/spotify-playlist-inline",
            "name": "spotify-playlist-inline",
            "name_prefix": "",
            "path": "/",
            "policy": "{\"Statement\":[{\"Action\":\"dynamodb:*\",\"Effect\":\"Allow\",\"Resource\":\"arn:aws:dynamodb:us-west-2:526054848789:table/playlists\",\"Sid\":\"dynamodb\"}],\"Version\":\"2012-10-17\"}",
            "policy_id": "ANPAXU62P7EKVZD7SRM4W",
            "tags": {},
            "tags_all": {}
          },
          "sensitive_attributes": [],
          "private": "bnVsbA==",
          "dependencies": [
            "module.dynamodb_table.aws_dynamodb_table.autoscaled",
            "module.dynamodb_table.aws_dynamodb_table.autoscaled_gsi_ignore",
            "module.dynamodb_table.aws_dynamodb_table.this",
            "module.lambda_function_spotify_playlist.data.aws_iam_policy_document.additional_inline"
          ]
        }
      ]
    },
    {
      "module": "module.lambda_function_spotify_playlist",
      "mode": "managed",
      "type": "aws_iam_policy",
      "name": "logs",
      "provider": "provider[\"registry.terraform.io/hashicorp/aws\"]",
      "instances": [
        {
          "index_key": 0,
          "schema_version": 0,
          "attributes": {
            "arn": "arn:aws:iam::526054848789:policy/spotify-playlist-logs",
            "description": "",
            "id": "arn:aws:iam::526054848789:policy/spotify-playlist-logs",
            "name": "spotify-playlist-logs",
            "name_prefix": "",
            "path": "/",
            "policy": "{\"Statement\":[{\"Action\":[\"logs:PutLogEvents\",\"logs:CreateLogStream\",\"logs:CreateLogGroup\"],\"Effect\":\"Allow\",\"Resource\":[\"arn:aws:logs:us-west-2:526054848789:log-group:/aws/lambda/spotify-playlist:*:*\",\"arn:aws:logs:us-west-2:526054848789:log-group:/aws/lambda/spotify-playlist:*\"]}],\"Version\":\"2012-10-17\"}",
            "policy_id": "ANPAXU62P7EK45I2VTCWI",
            "tags": {},
            "tags_all": {}
          },
          "sensitive_attributes": [],
          "private": "bnVsbA==",
          "dependencies": [
            "module.lambda_function_spotify_playlist.aws_cloudwatch_log_group.lambda",
            "module.lambda_function_spotify_playlist.data.aws_arn.log_group_arn",
            "module.lambda_function_spotify_playlist.data.aws_cloudwatch_log_group.lambda",
            "module.lambda_function_spotify_playlist.data.aws_iam_policy_document.logs"
          ]
        }
      ]
    },
    {
      "module": "module.lambda_function_spotify_playlist",
      "mode": "managed",
      "type": "aws_iam_role",
      "name": "lambda",
      "provider": "provider[\"registry.terraform.io/hashicorp/aws\"]",
      "instances": [
        {
          "index_key": 0,
          "schema_version": 0,
          "attributes": {
            "arn": "arn:aws:iam::526054848789:role/spotify-playlist",
            "assume_role_policy": "{\"Statement\":[{\"Action\":\"sts:AssumeRole\",\"Effect\":\"Allow\",\"Principal\":{\"Service\":\"lambda.amazonaws.com\"}}],\"Version\":\"2012-10-17\"}",
            "create_date": "2023-09-17T18:12:23Z",
            "description": "",
            "force_detach_policies": true,
            "id": "spotify-playlist",
            "inline_policy": [],
            "managed_policy_arns": [
              "arn:aws:iam::526054848789:policy/spotify-playlist-inline",
              "arn:aws:iam::526054848789:policy/spotify-playlist-logs"
            ],
            "max_session_duration": 3600,
            "name": "spotify-playlist",
            "name_prefix": "",
            "path": "/",
            "permissions_boundary": null,
            "tags": {},
            "tags_all": {},
            "unique_id": "AROAXU62P7EK5O6R63KCV"
          },
          "sensitive_attributes": [],
          "private": "bnVsbA==",
          "dependencies": [
            "module.lambda_function_spotify_playlist.data.aws_iam_policy_document.assume_role"
          ]
        }
      ]
    },
    {
      "module": "module.lambda_function_spotify_playlist",
      "mode": "managed",
      "type": "aws_iam_role_policy_attachment",
      "name": "additional_inline",
      "provider": "provider[\"registry.terraform.io/hashicorp/aws\"]",
      "instances": [
        {
          "index_key": 0,
          "schema_version": 0,
          "attributes": {
            "id": "spotify-playlist-20230917181234139900000002",
            "policy_arn": "arn:aws:iam::526054848789:policy/spotify-playlist-inline",
            "role": "spotify-playlist"
          },
          "sensitive_attributes": [],
          "private": "bnVsbA==",
          "dependencies": [
            "module.dynamodb_table.aws_dynamodb_table.autoscaled",
            "module.dynamodb_table.aws_dynamodb_table.autoscaled_gsi_ignore",
            "module.dynamodb_table.aws_dynamodb_table.this",
            "module.lambda_function_spotify_playlist.aws_iam_policy.additional_inline",
            "module.lambda_function_spotify_playlist.aws_iam_role.lambda",
            "module.lambda_function_spotify_playlist.data.aws_iam_policy_document.additional_inline",
            "module.lambda_function_spotify_playlist.data.aws_iam_policy_document.assume_role"
          ]
        }
      ]
    },
    {
      "module": "module.lambda_function_spotify_playlist",
      "mode": "managed",
      "type": "aws_iam_role_policy_attachment",
      "name": "additional_json",
      "provider": "provider[\"registry.terraform.io/hashicorp/aws\"]",
      "instances": []
    },
    {
      "module": "module.lambda_function_spotify_playlist",
      "mode": "managed",
      "type": "aws_iam_role_policy_attachment",
      "name": "additional_jsons",
      "provider": "provider[\"registry.terraform.io/hashicorp/aws\"]",
      "instances": []
    },
    {
      "module": "module.lambda_function_spotify_playlist",
      "mode": "managed",
      "type": "aws_iam_role_policy_attachment",
      "name": "additional_many",
      "provider": "provider[\"registry.terraform.io/hashicorp/aws\"]",
      "instances": []
    },
    {
      "module": "module.lambda_function_spotify_playlist",
      "mode": "managed",
      "type": "aws_iam_role_policy_attachment",
      "name": "additional_one",
      "provider": "provider[\"registry.terraform.io/hashicorp/aws\"]",
      "instances": []
    },
    {
      "module": "module.lambda_function_spotify_playlist",
      "mode": "managed",
      "type": "aws_iam_role_policy_attachment",
      "name": "async",
      "provider": "provider[\"registry.terraform.io/hashicorp/aws\"]",
      "instances": []
    },
    {
      "module": "module.lambda_function_spotify_playlist",
      "mode": "managed",
      "type": "aws_iam_role_policy_attachment",
      "name": "dead_letter",
      "provider": "provider[\"registry.terraform.io/hashicorp/aws\"]",
      "instances": []
    },
    {
      "module": "module.lambda_function_spotify_playlist",
      "mode": "managed",
      "type": "aws_iam_role_policy_attachment",
      "name": "logs",
      "provider": "provider[\"registry.terraform.io/hashicorp/aws\"]",
      "instances": [
        {
          "index_key": 0,
          "schema_version": 0,
          "attributes": {
            "id": "spotify-playlist-20230917181224550800000001",
            "policy_arn": "arn:aws:iam::526054848789:policy/spotify-playlist-logs",
            "role": "spotify-playlist"
          },
          "sensitive_attributes": [],
          "private": "bnVsbA==",
          "dependencies": [
            "module.lambda_function_spotify_playlist.aws_cloudwatch_log_group.lambda",
            "module.lambda_function_spotify_playlist.aws_iam_policy.logs",
            "module.lambda_function_spotify_playlist.aws_iam_role.lambda",
            "module.lambda_function_spotify_playlist.data.aws_arn.log_group_arn",
            "module.lambda_function_spotify_playlist.data.aws_cloudwatch_log_group.lambda",
            "module.lambda_function_spotify_playlist.data.aws_iam_policy_document.assume_role",
            "module.lambda_function_spotify_playlist.data.aws_iam_policy_document.logs"
          ]
        }
      ]
    },
    {
      "module": "module.lambda_function_spotify_playlist",
      "mode": "managed",
      "type": "aws_iam_role_policy_attachment",
      "name": "tracing",
      "provider": "provider[\"registry.terraform.io/hashicorp/aws\"]",
      "instances": []
    },
    {
      "module": "module.lambda_function_spotify_playlist",
      "mode": "managed",
      "type": "aws_iam_role_policy_attachment",
      "name": "vpc",
      "provider": "provider[\"registry.terraform.io/hashicorp/aws\"]",
      "instances": []
    },
    {
      "module": "module.lambda_function_spotify_playlist",
      "mode": "managed",
      "type": "aws_lambda_function",
      "name": "this",
      "provider": "provider[\"registry.terraform.io/hashicorp/aws\"]",
      "instances": [
        {
          "index_key": 0,
          "schema_version": 0,
          "attributes": {
            "architectures": [
              "x86_64"
            ],
            "arn": "arn:aws:lambda:us-west-2:526054848789:function:spotify-playlist",
            "code_signing_config_arn": "",
            "dead_letter_config": [],
            "description": "My awesome lambda function",
            "environment": [
              {
                "variables": {
                  "TABLE_NAME": "playlists"
                }
              }
            ],
            "ephemeral_storage": [
              {
                "size": 512
              }
            ],
            "file_system_config": [],
            "filename": null,
            "function_name": "spotify-playlist",
            "handler": "",
            "id": "spotify-playlist",
            "image_config": [],
            "image_uri": "526054848789.dkr.ecr.us-west-2.amazonaws.com/spotify-playlist:0.22",
            "invoke_arn": "arn:aws:apigateway:us-west-2:lambda:path/2015-03-31/functions/arn:aws:lambda:us-west-2:526054848789:function:spotify-playlist/invocations",
            "kms_key_arn": "",
            "last_modified": "2023-09-17T18:31:19.222+0000",
            "layers": [],
            "memory_size": 1024,
            "package_type": "Image",
            "publish": false,
            "qualified_arn": "arn:aws:lambda:us-west-2:526054848789:function:spotify-playlist:$LATEST",
            "qualified_invoke_arn": "arn:aws:apigateway:us-west-2:lambda:path/2015-03-31/functions/arn:aws:lambda:us-west-2:526054848789:function:spotify-playlist:$LATEST/invocations",
            "replace_security_groups_on_destroy": null,
            "replacement_security_group_ids": null,
            "reserved_concurrent_executions": -1,
            "role": "arn:aws:iam::526054848789:role/spotify-playlist",
            "runtime": "",
            "s3_bucket": null,
            "s3_key": null,
            "s3_object_version": null,
            "signing_job_arn": "",
            "signing_profile_version_arn": "",
            "skip_destroy": false,
            "snap_start": [],
            "source_code_hash": "f908a4e9290f08b63e96a27f6d2f8e8bb98c36b0727599f293661c8eb0902241",
            "source_code_size": 0,
            "tags": {},
            "tags_all": {},
            "timeout": 60,
            "timeouts": null,
            "tracing_config": [
              {
                "mode": "PassThrough"
              }
            ],
            "version": "$LATEST",
            "vpc_config": []
          },
          "sensitive_attributes": [],
          "private": "eyJlMmJmYjczMC1lY2FhLTExZTYtOGY4OC0zNDM2M2JjN2M0YzAiOnsiY3JlYXRlIjo2MDAwMDAwMDAwMDAsImRlbGV0ZSI6NjAwMDAwMDAwMDAwLCJ1cGRhdGUiOjYwMDAwMDAwMDAwMH19",
          "dependencies": [
            "data.aws_caller_identity.this",
            "data.aws_ecr_authorization_token.token",
            "data.aws_region.current",
            "module.docker_image_spotify_playlist.aws_ecr_repository.this",
            "module.docker_image_spotify_playlist.data.aws_caller_identity.this",
            "module.docker_image_spotify_playlist.data.aws_region.current",
            "module.docker_image_spotify_playlist.docker_image.this",
            "module.docker_image_spotify_playlist.docker_registry_image.this",
            "module.dynamodb_table.aws_dynamodb_table.autoscaled",
            "module.dynamodb_table.aws_dynamodb_table.autoscaled_gsi_ignore",
            "module.dynamodb_table.aws_dynamodb_table.this",
            "module.lambda_function_spotify_playlist.aws_cloudwatch_log_group.lambda",
            "module.lambda_function_spotify_playlist.aws_iam_policy.additional_inline",
            "module.lambda_function_spotify_playlist.aws_iam_policy.additional_json",
            "module.lambda_function_spotify_playlist.aws_iam_policy.additional_jsons",
            "module.lambda_function_spotify_playlist.aws_iam_policy.async",
            "module.lambda_function_spotify_playlist.aws_iam_policy.dead_letter",
            "module.lambda_function_spotify_playlist.aws_iam_policy.logs",
            "module.lambda_function_spotify_playlist.aws_iam_policy.tracing",
            "module.lambda_function_spotify_playlist.aws_iam_policy.vpc",
            "module.lambda_function_spotify_playlist.aws_iam_role.lambda",
            "module.lambda_function_spotify_playlist.aws_iam_role_policy_attachment.additional_inline",
            "module.lambda_function_spotify_playlist.aws_iam_role_policy_attachment.additional_json",
            "module.lambda_function_spotify_playlist.aws_iam_role_policy_attachment.additional_jsons",
            "module.lambda_function_spotify_playlist.aws_iam_role_policy_attachment.additional_many",
            "module.lambda_function_spotify_playlist.aws_iam_role_policy_attachment.additional_one",
            "module.lambda_function_spotify_playlist.aws_iam_role_policy_attachment.async",
            "module.lambda_function_spotify_playlist.aws_iam_role_policy_attachment.dead_letter",
            "module.lambda_function_spotify_playlist.aws_iam_role_policy_attachment.logs",
            "module.lambda_function_spotify_playlist.aws_iam_role_policy_attachment.tracing",
            "module.lambda_function_spotify_playlist.aws_iam_role_policy_attachment.vpc",
            "module.lambda_function_spotify_playlist.aws_s3_object.lambda_package",
            "module.lambda_function_spotify_playlist.data.aws_arn.log_group_arn",
            "module.lambda_function_spotify_playlist.data.aws_cloudwatch_log_group.lambda",
            "module.lambda_function_spotify_playlist.data.aws_iam_policy.tracing",
            "module.lambda_function_spotify_playlist.data.aws_iam_policy.vpc",
            "module.lambda_function_spotify_playlist.data.aws_iam_policy_document.additional_inline",
            "module.lambda_function_spotify_playlist.data.aws_iam_policy_document.assume_role",
            "module.lambda_function_spotify_playlist.data.aws_iam_policy_document.async",
            "module.lambda_function_spotify_playlist.data.aws_iam_policy_document.dead_letter",
            "module.lambda_function_spotify_playlist.data.aws_iam_policy_document.logs",
            "module.lambda_function_spotify_playlist.data.aws_partition.current",
            "module.lambda_function_spotify_playlist.data.external.archive_prepare",
            "module.lambda_function_spotify_playlist.local_file.archive_plan",
            "module.lambda_function_spotify_playlist.null_resource.archive"
          ]
        }
      ]
    },
    {
      "module": "module.lambda_function_spotify_playlist",
      "mode": "managed",
      "type": "aws_s3_object",
      "name": "lambda_package",
      "provider": "provider[\"registry.terraform.io/hashicorp/aws\"]",
      "instances": []
    },
    {
      "module": "module.lambda_function_spotify_playlist",
      "mode": "managed",
      "type": "null_resource",
      "name": "archive",
      "provider": "provider[\"registry.terraform.io/hashicorp/null\"]",
      "instances": []
    },
    {
      "module": "module.lambda_function_spotify_track",
      "mode": "data",
      "type": "aws_caller_identity",
      "name": "current",
      "provider": "provider[\"registry.terraform.io/hashicorp/aws\"]",
      "instances": [
        {
          "schema_version": 0,
          "attributes": {
            "account_id": "526054848789",
            "arn": "arn:aws:sts::526054848789:assumed-role/AWSReservedSSO_AdministratorAccess_eaa146b6dc3a2316/igor.oliveira",
            "id": "526054848789",
            "user_id": "AROAXU62P7EKSOARTWBFI:igor.oliveira"
          },
          "sensitive_attributes": []
        }
      ]
    },
    {
      "module": "module.lambda_function_spotify_track",
      "mode": "data",
      "type": "aws_iam_policy_document",
      "name": "additional_inline",
      "provider": "provider[\"registry.terraform.io/hashicorp/aws\"]",
      "instances": [
        {
          "index_key": 0,
          "schema_version": 0,
          "attributes": {
            "id": "629899498",
            "json": "{\n  \"Version\": \"2012-10-17\",\n  \"Statement\": [\n    {\n      \"Sid\": \"dynamodb\",\n      \"Effect\": \"Allow\",\n      \"Action\": \"dynamodb:*\",\n      \"Resource\": \"arn:aws:dynamodb:us-west-2:526054848789:table/playlists\"\n    }\n  ]\n}",
            "override_policy_documents": null,
            "policy_id": null,
            "source_policy_documents": null,
            "statement": [
              {
                "actions": [
                  "dynamodb:*"
                ],
                "condition": [],
                "effect": "Allow",
                "not_actions": [],
                "not_principals": [],
                "not_resources": [],
                "principals": [],
                "resources": [
                  "arn:aws:dynamodb:us-west-2:526054848789:table/playlists"
                ],
                "sid": "dynamodb"
              }
            ],
            "version": "2012-10-17"
          },
          "sensitive_attributes": []
        }
      ]
    },
    {
      "module": "module.lambda_function_spotify_track",
      "mode": "data",
      "type": "aws_iam_policy_document",
      "name": "assume_role",
      "provider": "provider[\"registry.terraform.io/hashicorp/aws\"]",
      "instances": [
        {
          "index_key": 0,
          "schema_version": 0,
          "attributes": {
            "id": "2690255455",
            "json": "{\n  \"Version\": \"2012-10-17\",\n  \"Statement\": [\n    {\n      \"Effect\": \"Allow\",\n      \"Action\": \"sts:AssumeRole\",\n      \"Principal\": {\n        \"Service\": \"lambda.amazonaws.com\"\n      }\n    }\n  ]\n}",
            "override_policy_documents": null,
            "policy_id": null,
            "source_policy_documents": null,
            "statement": [
              {
                "actions": [
                  "sts:AssumeRole"
                ],
                "condition": [],
                "effect": "Allow",
                "not_actions": [],
                "not_principals": [],
                "not_resources": [],
                "principals": [
                  {
                    "identifiers": [
                      "lambda.amazonaws.com"
                    ],
                    "type": "Service"
                  }
                ],
                "resources": [],
                "sid": ""
              }
            ],
            "version": "2012-10-17"
          },
          "sensitive_attributes": []
        }
      ]
    },
    {
      "module": "module.lambda_function_spotify_track",
      "mode": "data",
      "type": "aws_iam_policy_document",
      "name": "logs",
      "provider": "provider[\"registry.terraform.io/hashicorp/aws\"]",
      "instances": [
        {
          "index_key": 0,
          "schema_version": 0,
          "attributes": {
            "id": "1877385745",
            "json": "{\n  \"Version\": \"2012-10-17\",\n  \"Statement\": [\n    {\n      \"Effect\": \"Allow\",\n      \"Action\": [\n        \"logs:PutLogEvents\",\n        \"logs:CreateLogStream\",\n        \"logs:CreateLogGroup\"\n      ],\n      \"Resource\": [\n        \"arn:aws:logs:us-west-2:526054848789:log-group:/aws/lambda/spotify-track:*:*\",\n        \"arn:aws:logs:us-west-2:526054848789:log-group:/aws/lambda/spotify-track:*\"\n      ]\n    }\n  ]\n}",
            "override_policy_documents": null,
            "policy_id": null,
            "source_policy_documents": null,
            "statement": [
              {
                "actions": [
                  "logs:CreateLogGroup",
                  "logs:CreateLogStream",
                  "logs:PutLogEvents"
                ],
                "condition": [],
                "effect": "Allow",
                "not_actions": [],
                "not_principals": [],
                "not_resources": [],
                "principals": [],
                "resources": [
                  "arn:aws:logs:us-west-2:526054848789:log-group:/aws/lambda/spotify-track:*",
                  "arn:aws:logs:us-west-2:526054848789:log-group:/aws/lambda/spotify-track:*:*"
                ],
                "sid": ""
              }
            ],
            "version": "2012-10-17"
          },
          "sensitive_attributes": []
        }
      ]
    },
    {
      "module": "module.lambda_function_spotify_track",
      "mode": "data",
      "type": "aws_partition",
      "name": "current",
      "provider": "provider[\"registry.terraform.io/hashicorp/aws\"]",
      "instances": [
        {
          "schema_version": 0,
          "attributes": {
            "dns_suffix": "amazonaws.com",
            "id": "aws",
            "partition": "aws",
            "reverse_dns_prefix": "com.amazonaws"
          },
          "sensitive_attributes": []
        }
      ]
    },
    {
      "module": "module.lambda_function_spotify_track",
      "mode": "data",
      "type": "aws_region",
      "name": "current",
      "provider": "provider[\"registry.terraform.io/hashicorp/aws\"]",
      "instances": [
        {
          "schema_version": 0,
          "attributes": {
            "description": "US West (Oregon)",
            "endpoint": "ec2.us-west-2.amazonaws.com",
            "id": "us-west-2",
            "name": "us-west-2"
          },
          "sensitive_attributes": []
        }
      ]
    },
    {
      "module": "module.lambda_function_spotify_track",
      "mode": "data",
      "type": "external",
      "name": "archive_prepare",
      "provider": "provider[\"registry.terraform.io/hashicorp/external\"]",
      "instances": []
    },
    {
      "module": "module.lambda_function_spotify_track",
      "mode": "managed",
      "type": "aws_cloudwatch_log_group",
      "name": "lambda",
      "provider": "provider[\"registry.terraform.io/hashicorp/aws\"]",
      "instances": [
        {
          "index_key": 0,
          "schema_version": 0,
          "attributes": {
            "arn": "arn:aws:logs:us-west-2:526054848789:log-group:/aws/lambda/spotify-track",
            "id": "/aws/lambda/spotify-track",
            "kms_key_id": "",
            "name": "/aws/lambda/spotify-track",
            "name_prefix": "",
            "retention_in_days": 0,
            "skip_destroy": false,
            "tags": {},
            "tags_all": {}
          },
          "sensitive_attributes": [],
          "private": "bnVsbA=="
        }
      ]
    },
    {
      "module": "module.lambda_function_spotify_track",
      "mode": "managed",
      "type": "aws_iam_policy",
      "name": "additional_inline",
      "provider": "provider[\"registry.terraform.io/hashicorp/aws\"]",
      "instances": [
        {
          "index_key": 0,
          "schema_version": 0,
          "attributes": {
            "arn": "arn:aws:iam::526054848789:policy/spotify-track-inline",
            "description": "",
            "id": "arn:aws:iam::526054848789:policy/spotify-track-inline",
            "name": "spotify-track-inline",
            "name_prefix": "",
            "path": "/",
            "policy": "{\"Statement\":[{\"Action\":\"dynamodb:*\",\"Effect\":\"Allow\",\"Resource\":\"arn:aws:dynamodb:us-west-2:526054848789:table/playlists\",\"Sid\":\"dynamodb\"}],\"Version\":\"2012-10-17\"}",
            "policy_id": "ANPAXU62P7EKT7VJKD4Z2",
            "tags": {},
            "tags_all": {}
          },
          "sensitive_attributes": [],
          "private": "bnVsbA==",
          "dependencies": [
            "module.dynamodb_table.aws_dynamodb_table.autoscaled",
            "module.dynamodb_table.aws_dynamodb_table.autoscaled_gsi_ignore",
            "module.dynamodb_table.aws_dynamodb_table.this",
            "module.lambda_function_spotify_track.data.aws_iam_policy_document.additional_inline"
          ]
        }
      ]
    },
    {
      "module": "module.lambda_function_spotify_track",
      "mode": "managed",
      "type": "aws_iam_policy",
      "name": "logs",
      "provider": "provider[\"registry.terraform.io/hashicorp/aws\"]",
      "instances": [
        {
          "index_key": 0,
          "schema_version": 0,
          "attributes": {
            "arn": "arn:aws:iam::526054848789:policy/spotify-track-logs",
            "description": "",
            "id": "arn:aws:iam::526054848789:policy/spotify-track-logs",
            "name": "spotify-track-logs",
            "name_prefix": "",
            "path": "/",
            "policy": "{\"Statement\":[{\"Action\":[\"logs:PutLogEvents\",\"logs:CreateLogStream\",\"logs:CreateLogGroup\"],\"Effect\":\"Allow\",\"Resource\":[\"arn:aws:logs:us-west-2:526054848789:log-group:/aws/lambda/spotify-track:*:*\",\"arn:aws:logs:us-west-2:526054848789:log-group:/aws/lambda/spotify-track:*\"]}],\"Version\":\"2012-10-17\"}",
            "policy_id": "ANPAXU62P7EKZEQMQXHNO",
            "tags": {},
            "tags_all": {}
          },
          "sensitive_attributes": [],
          "private": "bnVsbA==",
          "dependencies": [
            "module.lambda_function_spotify_track.aws_cloudwatch_log_group.lambda",
            "module.lambda_function_spotify_track.data.aws_arn.log_group_arn",
            "module.lambda_function_spotify_track.data.aws_cloudwatch_log_group.lambda",
            "module.lambda_function_spotify_track.data.aws_iam_policy_document.logs"
          ]
        }
      ]
    },
    {
      "module": "module.lambda_function_spotify_track",
      "mode": "managed",
      "type": "aws_iam_role",
      "name": "lambda",
      "provider": "provider[\"registry.terraform.io/hashicorp/aws\"]",
      "instances": [
        {
          "index_key": 0,
          "schema_version": 0,
          "attributes": {
            "arn": "arn:aws:iam::526054848789:role/spotify-track",
            "assume_role_policy": "{\"Statement\":[{\"Action\":\"sts:AssumeRole\",\"Effect\":\"Allow\",\"Principal\":{\"Service\":\"lambda.amazonaws.com\"}}],\"Version\":\"2012-10-17\"}",
            "create_date": "2023-09-17T19:22:34Z",
            "description": "",
            "force_detach_policies": true,
            "id": "spotify-track",
            "inline_policy": [],
            "managed_policy_arns": [
              "arn:aws:iam::526054848789:policy/spotify-track-inline",
              "arn:aws:iam::526054848789:policy/spotify-track-logs"
            ],
            "max_session_duration": 3600,
            "name": "spotify-track",
            "name_prefix": "",
            "path": "/",
            "permissions_boundary": null,
            "tags": {},
            "tags_all": {},
            "unique_id": "AROAXU62P7EKQPSWBWI2A"
          },
          "sensitive_attributes": [],
          "private": "bnVsbA==",
          "dependencies": [
            "module.lambda_function_spotify_track.data.aws_iam_policy_document.assume_role"
          ]
        }
      ]
    },
    {
      "module": "module.lambda_function_spotify_track",
      "mode": "managed",
      "type": "aws_iam_role_policy_attachment",
      "name": "additional_inline",
      "provider": "provider[\"registry.terraform.io/hashicorp/aws\"]",
      "instances": [
        {
          "index_key": 0,
          "schema_version": 0,
          "attributes": {
            "id": "spotify-track-20230917192235392000000001",
            "policy_arn": "arn:aws:iam::526054848789:policy/spotify-track-inline",
            "role": "spotify-track"
          },
          "sensitive_attributes": [],
          "private": "bnVsbA==",
          "dependencies": [
            "module.dynamodb_table.aws_dynamodb_table.autoscaled",
            "module.dynamodb_table.aws_dynamodb_table.autoscaled_gsi_ignore",
            "module.dynamodb_table.aws_dynamodb_table.this",
            "module.lambda_function_spotify_track.aws_iam_policy.additional_inline",
            "module.lambda_function_spotify_track.aws_iam_role.lambda",
            "module.lambda_function_spotify_track.data.aws_iam_policy_document.additional_inline",
            "module.lambda_function_spotify_track.data.aws_iam_policy_document.assume_role"
          ]
        }
      ]
    },
    {
      "module": "module.lambda_function_spotify_track",
      "mode": "managed",
      "type": "aws_iam_role_policy_attachment",
      "name": "additional_json",
      "provider": "provider[\"registry.terraform.io/hashicorp/aws\"]",
      "instances": []
    },
    {
      "module": "module.lambda_function_spotify_track",
      "mode": "managed",
      "type": "aws_iam_role_policy_attachment",
      "name": "additional_jsons",
      "provider": "provider[\"registry.terraform.io/hashicorp/aws\"]",
      "instances": []
    },
    {
      "module": "module.lambda_function_spotify_track",
      "mode": "managed",
      "type": "aws_iam_role_policy_attachment",
      "name": "additional_many",
      "provider": "provider[\"registry.terraform.io/hashicorp/aws\"]",
      "instances": []
    },
    {
      "module": "module.lambda_function_spotify_track",
      "mode": "managed",
      "type": "aws_iam_role_policy_attachment",
      "name": "additional_one",
      "provider": "provider[\"registry.terraform.io/hashicorp/aws\"]",
      "instances": []
    },
    {
      "module": "module.lambda_function_spotify_track",
      "mode": "managed",
      "type": "aws_iam_role_policy_attachment",
      "name": "async",
      "provider": "provider[\"registry.terraform.io/hashicorp/aws\"]",
      "instances": []
    },
    {
      "module": "module.lambda_function_spotify_track",
      "mode": "managed",
      "type": "aws_iam_role_policy_attachment",
      "name": "dead_letter",
      "provider": "provider[\"registry.terraform.io/hashicorp/aws\"]",
      "instances": []
    },
    {
      "module": "module.lambda_function_spotify_track",
      "mode": "managed",
      "type": "aws_iam_role_policy_attachment",
      "name": "logs",
      "provider": "provider[\"registry.terraform.io/hashicorp/aws\"]",
      "instances": [
        {
          "index_key": 0,
          "schema_version": 0,
          "attributes": {
            "id": "spotify-track-20230917192236314400000002",
            "policy_arn": "arn:aws:iam::526054848789:policy/spotify-track-logs",
            "role": "spotify-track"
          },
          "sensitive_attributes": [],
          "private": "bnVsbA==",
          "dependencies": [
            "module.lambda_function_spotify_track.aws_cloudwatch_log_group.lambda",
            "module.lambda_function_spotify_track.aws_iam_policy.logs",
            "module.lambda_function_spotify_track.aws_iam_role.lambda",
            "module.lambda_function_spotify_track.data.aws_arn.log_group_arn",
            "module.lambda_function_spotify_track.data.aws_cloudwatch_log_group.lambda",
            "module.lambda_function_spotify_track.data.aws_iam_policy_document.assume_role",
            "module.lambda_function_spotify_track.data.aws_iam_policy_document.logs"
          ]
        }
      ]
    },
    {
      "module": "module.lambda_function_spotify_track",
      "mode": "managed",
      "type": "aws_iam_role_policy_attachment",
      "name": "tracing",
      "provider": "provider[\"registry.terraform.io/hashicorp/aws\"]",
      "instances": []
    },
    {
      "module": "module.lambda_function_spotify_track",
      "mode": "managed",
      "type": "aws_iam_role_policy_attachment",
      "name": "vpc",
      "provider": "provider[\"registry.terraform.io/hashicorp/aws\"]",
      "instances": []
    },
    {
      "module": "module.lambda_function_spotify_track",
      "mode": "managed",
      "type": "aws_lambda_function",
      "name": "this",
      "provider": "provider[\"registry.terraform.io/hashicorp/aws\"]",
      "instances": [
        {
          "index_key": 0,
          "schema_version": 0,
          "attributes": {
            "architectures": [
              "x86_64"
            ],
            "arn": "arn:aws:lambda:us-west-2:526054848789:function:spotify-track",
            "code_signing_config_arn": "",
            "dead_letter_config": [],
            "description": "My awesome lambda function",
            "environment": [
              {
                "variables": {
                  "TABLE_NAME": "playlists"
                }
              }
            ],
            "ephemeral_storage": [
              {
                "size": 512
              }
            ],
            "file_system_config": [],
            "filename": null,
            "function_name": "spotify-track",
            "handler": "",
            "id": "spotify-track",
            "image_config": [],
            "image_uri": "526054848789.dkr.ecr.us-west-2.amazonaws.com/spotify-track:0.23",
            "invoke_arn": "arn:aws:apigateway:us-west-2:lambda:path/2015-03-31/functions/arn:aws:lambda:us-west-2:526054848789:function:spotify-track/invocations",
            "kms_key_arn": "",
            "last_modified": "2023-09-17T20:18:10.000+0000",
            "layers": [],
            "memory_size": 1024,
            "package_type": "Image",
            "publish": false,
            "qualified_arn": "arn:aws:lambda:us-west-2:526054848789:function:spotify-track:$LATEST",
            "qualified_invoke_arn": "arn:aws:apigateway:us-west-2:lambda:path/2015-03-31/functions/arn:aws:lambda:us-west-2:526054848789:function:spotify-track:$LATEST/invocations",
            "replace_security_groups_on_destroy": null,
            "replacement_security_group_ids": null,
            "reserved_concurrent_executions": -1,
            "role": "arn:aws:iam::526054848789:role/spotify-track",
            "runtime": "",
            "s3_bucket": null,
            "s3_key": null,
            "s3_object_version": null,
            "signing_job_arn": "",
            "signing_profile_version_arn": "",
            "skip_destroy": false,
            "snap_start": [],
            "source_code_hash": "0e138a12ea3ed419c5c06fb36efb09e61043f4072ff35589add8dddc3aef57e0",
            "source_code_size": 0,
            "tags": {},
            "tags_all": {},
            "timeout": 60,
            "timeouts": null,
            "tracing_config": [
              {
                "mode": "PassThrough"
              }
            ],
            "version": "$LATEST",
            "vpc_config": []
          },
          "sensitive_attributes": [],
          "private": "eyJlMmJmYjczMC1lY2FhLTExZTYtOGY4OC0zNDM2M2JjN2M0YzAiOnsiY3JlYXRlIjo2MDAwMDAwMDAwMDAsImRlbGV0ZSI6NjAwMDAwMDAwMDAwLCJ1cGRhdGUiOjYwMDAwMDAwMDAwMH19",
          "dependencies": [
            "data.aws_caller_identity.this",
            "data.aws_ecr_authorization_token.token",
            "data.aws_region.current",
            "module.docker_image_spotify_track.aws_ecr_repository.this",
            "module.docker_image_spotify_track.data.aws_caller_identity.this",
            "module.docker_image_spotify_track.data.aws_region.current",
            "module.docker_image_spotify_track.docker_image.this",
            "module.docker_image_spotify_track.docker_registry_image.this",
            "module.dynamodb_table.aws_dynamodb_table.autoscaled",
            "module.dynamodb_table.aws_dynamodb_table.autoscaled_gsi_ignore",
            "module.dynamodb_table.aws_dynamodb_table.this",
            "module.lambda_function_spotify_track.aws_cloudwatch_log_group.lambda",
            "module.lambda_function_spotify_track.aws_iam_policy.additional_inline",
            "module.lambda_function_spotify_track.aws_iam_policy.additional_json",
            "module.lambda_function_spotify_track.aws_iam_policy.additional_jsons",
            "module.lambda_function_spotify_track.aws_iam_policy.async",
            "module.lambda_function_spotify_track.aws_iam_policy.dead_letter",
            "module.lambda_function_spotify_track.aws_iam_policy.logs",
            "module.lambda_function_spotify_track.aws_iam_policy.tracing",
            "module.lambda_function_spotify_track.aws_iam_policy.vpc",
            "module.lambda_function_spotify_track.aws_iam_role.lambda",
            "module.lambda_function_spotify_track.aws_iam_role_policy_attachment.additional_inline",
            "module.lambda_function_spotify_track.aws_iam_role_policy_attachment.additional_json",
            "module.lambda_function_spotify_track.aws_iam_role_policy_attachment.additional_jsons",
            "module.lambda_function_spotify_track.aws_iam_role_policy_attachment.additional_many",
            "module.lambda_function_spotify_track.aws_iam_role_policy_attachment.additional_one",
            "module.lambda_function_spotify_track.aws_iam_role_policy_attachment.async",
            "module.lambda_function_spotify_track.aws_iam_role_policy_attachment.dead_letter",
            "module.lambda_function_spotify_track.aws_iam_role_policy_attachment.logs",
            "module.lambda_function_spotify_track.aws_iam_role_policy_attachment.tracing",
            "module.lambda_function_spotify_track.aws_iam_role_policy_attachment.vpc",
            "module.lambda_function_spotify_track.aws_s3_object.lambda_package",
            "module.lambda_function_spotify_track.data.aws_arn.log_group_arn",
            "module.lambda_function_spotify_track.data.aws_cloudwatch_log_group.lambda",
            "module.lambda_function_spotify_track.data.aws_iam_policy.tracing",
            "module.lambda_function_spotify_track.data.aws_iam_policy.vpc",
            "module.lambda_function_spotify_track.data.aws_iam_policy_document.additional_inline",
            "module.lambda_function_spotify_track.data.aws_iam_policy_document.assume_role",
            "module.lambda_function_spotify_track.data.aws_iam_policy_document.async",
            "module.lambda_function_spotify_track.data.aws_iam_policy_document.dead_letter",
            "module.lambda_function_spotify_track.data.aws_iam_policy_document.logs",
            "module.lambda_function_spotify_track.data.aws_partition.current",
            "module.lambda_function_spotify_track.data.external.archive_prepare",
            "module.lambda_function_spotify_track.local_file.archive_plan",
            "module.lambda_function_spotify_track.null_resource.archive"
          ]
        }
      ]
    },
    {
      "module": "module.lambda_function_spotify_track",
      "mode": "managed",
      "type": "aws_s3_object",
      "name": "lambda_package",
      "provider": "provider[\"registry.terraform.io/hashicorp/aws\"]",
      "instances": []
    },
    {
      "module": "module.lambda_function_spotify_track",
      "mode": "managed",
      "type": "null_resource",
      "name": "archive",
      "provider": "provider[\"registry.terraform.io/hashicorp/null\"]",
      "instances": []
    },
    {
      "module": "module.step_function_spotify",
      "mode": "data",
      "type": "aws_caller_identity",
      "name": "current",
      "provider": "provider[\"registry.terraform.io/hashicorp/aws\"]",
      "instances": [
        {
          "schema_version": 0,
          "attributes": {
            "account_id": "526054848789",
            "arn": "arn:aws:sts::526054848789:assumed-role/AWSReservedSSO_AdministratorAccess_eaa146b6dc3a2316/igor.oliveira",
            "id": "526054848789",
            "user_id": "AROAXU62P7EKSOARTWBFI:igor.oliveira"
          },
          "sensitive_attributes": []
        }
      ]
    },
    {
      "module": "module.step_function_spotify",
      "mode": "data",
      "type": "aws_iam_policy_document",
      "name": "assume_role",
      "provider": "provider[\"registry.terraform.io/hashicorp/aws\"]",
      "instances": [
        {
          "index_key": 0,
          "schema_version": 0,
          "attributes": {
            "id": "427396675",
            "json": "{\n  \"Version\": \"2012-10-17\",\n  \"Statement\": [\n    {\n      \"Effect\": \"Allow\",\n      \"Action\": \"sts:AssumeRole\",\n      \"Principal\": {\n        \"Service\": \"states.us-west-2.amazonaws.com\"\n      }\n    }\n  ]\n}",
            "override_policy_documents": null,
            "policy_id": null,
            "source_policy_documents": null,
            "statement": [
              {
                "actions": [
                  "sts:AssumeRole"
                ],
                "condition": [],
                "effect": "Allow",
                "not_actions": [],
                "not_principals": [],
                "not_resources": [],
                "principals": [
                  {
                    "identifiers": [
                      "states.us-west-2.amazonaws.com"
                    ],
                    "type": "Service"
                  }
                ],
                "resources": [],
                "sid": ""
              }
            ],
            "version": "2012-10-17"
          },
          "sensitive_attributes": []
        }
      ]
    },
    {
      "module": "module.step_function_spotify",
      "mode": "data",
      "type": "aws_iam_policy_document",
      "name": "logs",
      "provider": "provider[\"registry.terraform.io/hashicorp/aws\"]",
      "instances": [
        {
          "index_key": 0,
          "schema_version": 0,
          "attributes": {
            "id": "2981584126",
            "json": "{\n  \"Version\": \"2012-10-17\",\n  \"Statement\": [\n    {\n      \"Effect\": \"Allow\",\n      \"Action\": [\n        \"logs:UpdateLogDelivery\",\n        \"logs:PutResourcePolicy\",\n        \"logs:ListLogDeliveries\",\n        \"logs:GetLogDelivery\",\n        \"logs:DescribeResourcePolicies\",\n        \"logs:DescribeLogGroups\",\n        \"logs:DeleteLogDelivery\",\n        \"logs:CreateLogDelivery\"\n      ],\n      \"Resource\": \"*\"\n    }\n  ]\n}",
            "override_policy_documents": null,
            "policy_id": null,
            "source_policy_documents": null,
            "statement": [
              {
                "actions": [
                  "logs:CreateLogDelivery",
                  "logs:DeleteLogDelivery",
                  "logs:DescribeLogGroups",
                  "logs:DescribeResourcePolicies",
                  "logs:GetLogDelivery",
                  "logs:ListLogDeliveries",
                  "logs:PutResourcePolicy",
                  "logs:UpdateLogDelivery"
                ],
                "condition": [],
                "effect": "Allow",
                "not_actions": [],
                "not_principals": [],
                "not_resources": [],
                "principals": [],
                "resources": [
                  "*"
                ],
                "sid": ""
              }
            ],
            "version": "2012-10-17"
          },
          "sensitive_attributes": []
        }
      ]
    },
    {
      "module": "module.step_function_spotify",
      "mode": "data",
      "type": "aws_iam_policy_document",
      "name": "service",
      "provider": "provider[\"registry.terraform.io/hashicorp/aws\"]",
      "instances": [
        {
          "index_key": "lambda",
          "schema_version": 0,
          "attributes": {
            "id": "1029029696",
            "json": "{\n  \"Version\": \"2012-10-17\",\n  \"Statement\": [\n    {\n      \"Sid\": \"lambdaLambda\",\n      \"Effect\": \"Allow\",\n      \"Action\": \"lambda:InvokeFunction\",\n      \"Resource\": [\n        \"arn:aws:lambda:us-west-2:526054848789:function:spotify-track:*\",\n        \"arn:aws:lambda:us-west-2:526054848789:function:spotify-track\",\n        \"arn:aws:lambda:us-west-2:526054848789:function:spotify-playlist:*\",\n        \"arn:aws:lambda:us-west-2:526054848789:function:spotify-playlist\"\n      ]\n    }\n  ]\n}",
            "override_policy_documents": null,
            "policy_id": null,
            "source_policy_documents": null,
            "statement": [
              {
                "actions": [
                  "lambda:InvokeFunction"
                ],
                "condition": [],
                "effect": "Allow",
                "not_actions": [],
                "not_principals": [],
                "not_resources": [],
                "principals": [],
                "resources": [
                  "arn:aws:lambda:us-west-2:526054848789:function:spotify-playlist",
                  "arn:aws:lambda:us-west-2:526054848789:function:spotify-playlist:*",
                  "arn:aws:lambda:us-west-2:526054848789:function:spotify-track",
                  "arn:aws:lambda:us-west-2:526054848789:function:spotify-track:*"
                ],
                "sid": "lambdaLambda"
              }
            ],
            "version": "2012-10-17"
          },
          "sensitive_attributes": []
        }
      ]
    },
    {
      "module": "module.step_function_spotify",
      "mode": "data",
      "type": "aws_region",
      "name": "current",
      "provider": "provider[\"registry.terraform.io/hashicorp/aws\"]",
      "instances": [
        {
          "index_key": 0,
          "schema_version": 0,
          "attributes": {
            "description": "US West (Oregon)",
            "endpoint": "ec2.us-west-2.amazonaws.com",
            "id": "us-west-2",
            "name": "us-west-2"
          },
          "sensitive_attributes": []
        }
      ]
    },
    {
      "module": "module.step_function_spotify",
      "mode": "managed",
      "type": "aws_cloudwatch_log_group",
      "name": "sfn",
      "provider": "provider[\"registry.terraform.io/hashicorp/aws\"]",
      "instances": [
        {
          "index_key": 0,
          "schema_version": 0,
          "attributes": {
            "arn": "arn:aws:logs:us-west-2:526054848789:log-group:/aws/vendedlogs/states/sf-spotify",
            "id": "/aws/vendedlogs/states/sf-spotify",
            "kms_key_id": "",
            "name": "/aws/vendedlogs/states/sf-spotify",
            "name_prefix": "",
            "retention_in_days": 0,
            "skip_destroy": false,
            "tags": {},
            "tags_all": {}
          },
          "sensitive_attributes": [],
          "private": "bnVsbA=="
        }
      ]
    },
    {
      "module": "module.step_function_spotify",
      "mode": "managed",
      "type": "aws_iam_policy",
      "name": "logs",
      "provider": "provider[\"registry.terraform.io/hashicorp/aws\"]",
      "instances": [
        {
          "index_key": 0,
          "schema_version": 0,
          "attributes": {
            "arn": "arn:aws:iam::526054848789:policy/sf-spotify-logs",
            "description": "",
            "id": "arn:aws:iam::526054848789:policy/sf-spotify-logs",
            "name": "sf-spotify-logs",
            "name_prefix": "",
            "path": "/",
            "policy": "{\"Statement\":[{\"Action\":[\"logs:UpdateLogDelivery\",\"logs:PutResourcePolicy\",\"logs:ListLogDeliveries\",\"logs:GetLogDelivery\",\"logs:DescribeResourcePolicies\",\"logs:DescribeLogGroups\",\"logs:DeleteLogDelivery\",\"logs:CreateLogDelivery\"],\"Effect\":\"Allow\",\"Resource\":\"*\"}],\"Version\":\"2012-10-17\"}",
            "policy_id": "ANPAXU62P7EK2HNI65UFB",
            "tags": {},
            "tags_all": {}
          },
          "sensitive_attributes": [],
          "private": "bnVsbA==",
          "dependencies": [
            "module.step_function_spotify.data.aws_iam_policy_document.logs"
          ]
        }
      ]
    },
    {
      "module": "module.step_function_spotify",
      "mode": "managed",
      "type": "aws_iam_policy",
      "name": "service",
      "provider": "provider[\"registry.terraform.io/hashicorp/aws\"]",
      "instances": [
        {
          "index_key": "lambda",
          "schema_version": 0,
          "attributes": {
            "arn": "arn:aws:iam::526054848789:policy/sf-spotify-lambda",
            "description": "",
            "id": "arn:aws:iam::526054848789:policy/sf-spotify-lambda",
            "name": "sf-spotify-lambda",
            "name_prefix": "",
            "path": "/",
            "policy": "{\"Statement\":[{\"Action\":\"lambda:InvokeFunction\",\"Effect\":\"Allow\",\"Resource\":[\"arn:aws:lambda:us-west-2:526054848789:function:spotify-track:*\",\"arn:aws:lambda:us-west-2:526054848789:function:spotify-track\",\"arn:aws:lambda:us-west-2:526054848789:function:spotify-playlist:*\",\"arn:aws:lambda:us-west-2:526054848789:function:spotify-playlist\"],\"Sid\":\"lambdaLambda\"}],\"Version\":\"2012-10-17\"}",
            "policy_id": "ANPAXU62P7EK2KXDLLILA",
            "tags": {},
            "tags_all": {}
          },
          "sensitive_attributes": [],
          "private": "bnVsbA==",
          "dependencies": [
            "data.aws_caller_identity.this",
            "data.aws_ecr_authorization_token.token",
            "data.aws_region.current",
            "module.docker_image_spotify_playlist.aws_ecr_repository.this",
            "module.docker_image_spotify_playlist.data.aws_caller_identity.this",
            "module.docker_image_spotify_playlist.data.aws_region.current",
            "module.docker_image_spotify_playlist.docker_image.this",
            "module.docker_image_spotify_playlist.docker_registry_image.this",
            "module.docker_image_spotify_track.aws_ecr_repository.this",
            "module.docker_image_spotify_track.data.aws_caller_identity.this",
            "module.docker_image_spotify_track.data.aws_region.current",
            "module.docker_image_spotify_track.docker_image.this",
            "module.docker_image_spotify_track.docker_registry_image.this",
            "module.dynamodb_table.aws_dynamodb_table.autoscaled",
            "module.dynamodb_table.aws_dynamodb_table.autoscaled_gsi_ignore",
            "module.dynamodb_table.aws_dynamodb_table.this",
            "module.lambda_function_spotify_playlist.aws_cloudwatch_log_group.lambda",
            "module.lambda_function_spotify_playlist.aws_iam_policy.additional_inline",
            "module.lambda_function_spotify_playlist.aws_iam_policy.additional_json",
            "module.lambda_function_spotify_playlist.aws_iam_policy.additional_jsons",
            "module.lambda_function_spotify_playlist.aws_iam_policy.async",
            "module.lambda_function_spotify_playlist.aws_iam_policy.dead_letter",
            "module.lambda_function_spotify_playlist.aws_iam_policy.logs",
            "module.lambda_function_spotify_playlist.aws_iam_policy.tracing",
            "module.lambda_function_spotify_playlist.aws_iam_policy.vpc",
            "module.lambda_function_spotify_playlist.aws_iam_role.lambda",
            "module.lambda_function_spotify_playlist.aws_iam_role_policy_attachment.additional_inline",
            "module.lambda_function_spotify_playlist.aws_iam_role_policy_attachment.additional_json",
            "module.lambda_function_spotify_playlist.aws_iam_role_policy_attachment.additional_jsons",
            "module.lambda_function_spotify_playlist.aws_iam_role_policy_attachment.additional_many",
            "module.lambda_function_spotify_playlist.aws_iam_role_policy_attachment.additional_one",
            "module.lambda_function_spotify_playlist.aws_iam_role_policy_attachment.async",
            "module.lambda_function_spotify_playlist.aws_iam_role_policy_attachment.dead_letter",
            "module.lambda_function_spotify_playlist.aws_iam_role_policy_attachment.logs",
            "module.lambda_function_spotify_playlist.aws_iam_role_policy_attachment.tracing",
            "module.lambda_function_spotify_playlist.aws_iam_role_policy_attachment.vpc",
            "module.lambda_function_spotify_playlist.aws_lambda_function.this",
            "module.lambda_function_spotify_playlist.aws_s3_object.lambda_package",
            "module.lambda_function_spotify_playlist.data.aws_arn.log_group_arn",
            "module.lambda_function_spotify_playlist.data.aws_cloudwatch_log_group.lambda",
            "module.lambda_function_spotify_playlist.data.aws_iam_policy.tracing",
            "module.lambda_function_spotify_playlist.data.aws_iam_policy.vpc",
            "module.lambda_function_spotify_playlist.data.aws_iam_policy_document.additional_inline",
            "module.lambda_function_spotify_playlist.data.aws_iam_policy_document.assume_role",
            "module.lambda_function_spotify_playlist.data.aws_iam_policy_document.async",
            "module.lambda_function_spotify_playlist.data.aws_iam_policy_document.dead_letter",
            "module.lambda_function_spotify_playlist.data.aws_iam_policy_document.logs",
            "module.lambda_function_spotify_playlist.data.aws_partition.current",
            "module.lambda_function_spotify_playlist.data.external.archive_prepare",
            "module.lambda_function_spotify_playlist.local_file.archive_plan",
            "module.lambda_function_spotify_playlist.null_resource.archive",
            "module.lambda_function_spotify_track.aws_cloudwatch_log_group.lambda",
            "module.lambda_function_spotify_track.aws_iam_policy.additional_inline",
            "module.lambda_function_spotify_track.aws_iam_policy.additional_json",
            "module.lambda_function_spotify_track.aws_iam_policy.additional_jsons",
            "module.lambda_function_spotify_track.aws_iam_policy.async",
            "module.lambda_function_spotify_track.aws_iam_policy.dead_letter",
            "module.lambda_function_spotify_track.aws_iam_policy.logs",
            "module.lambda_function_spotify_track.aws_iam_policy.tracing",
            "module.lambda_function_spotify_track.aws_iam_policy.vpc",
            "module.lambda_function_spotify_track.aws_iam_role.lambda",
            "module.lambda_function_spotify_track.aws_iam_role_policy_attachment.additional_inline",
            "module.lambda_function_spotify_track.aws_iam_role_policy_attachment.additional_json",
            "module.lambda_function_spotify_track.aws_iam_role_policy_attachment.additional_jsons",
            "module.lambda_function_spotify_track.aws_iam_role_policy_attachment.additional_many",
            "module.lambda_function_spotify_track.aws_iam_role_policy_attachment.additional_one",
            "module.lambda_function_spotify_track.aws_iam_role_policy_attachment.async",
            "module.lambda_function_spotify_track.aws_iam_role_policy_attachment.dead_letter",
            "module.lambda_function_spotify_track.aws_iam_role_policy_attachment.logs",
            "module.lambda_function_spotify_track.aws_iam_role_policy_attachment.tracing",
            "module.lambda_function_spotify_track.aws_iam_role_policy_attachment.vpc",
            "module.lambda_function_spotify_track.aws_lambda_function.this",
            "module.lambda_function_spotify_track.aws_s3_object.lambda_package",
            "module.lambda_function_spotify_track.data.aws_arn.log_group_arn",
            "module.lambda_function_spotify_track.data.aws_cloudwatch_log_group.lambda",
            "module.lambda_function_spotify_track.data.aws_iam_policy.tracing",
            "module.lambda_function_spotify_track.data.aws_iam_policy.vpc",
            "module.lambda_function_spotify_track.data.aws_iam_policy_document.additional_inline",
            "module.lambda_function_spotify_track.data.aws_iam_policy_document.assume_role",
            "module.lambda_function_spotify_track.data.aws_iam_policy_document.async",
            "module.lambda_function_spotify_track.data.aws_iam_policy_document.dead_letter",
            "module.lambda_function_spotify_track.data.aws_iam_policy_document.logs",
            "module.lambda_function_spotify_track.data.aws_partition.current",
            "module.lambda_function_spotify_track.data.external.archive_prepare",
            "module.lambda_function_spotify_track.local_file.archive_plan",
            "module.lambda_function_spotify_track.null_resource.archive",
            "module.step_function_spotify.data.aws_caller_identity.current",
            "module.step_function_spotify.data.aws_iam_policy_document.service",
            "module.step_function_spotify.data.aws_region.current"
          ]
        }
      ]
    },
    {
      "module": "module.step_function_spotify",
      "mode": "managed",
      "type": "aws_iam_policy_attachment",
      "name": "logs",
      "provider": "provider[\"registry.terraform.io/hashicorp/aws\"]",
      "instances": [
        {
          "index_key": 0,
          "schema_version": 0,
          "attributes": {
            "groups": [],
            "id": "sf-spotify-logs",
            "name": "sf-spotify-logs",
            "policy_arn": "arn:aws:iam::526054848789:policy/sf-spotify-logs",
            "roles": [
              "sf-spotify"
            ],
            "users": []
          },
          "sensitive_attributes": [],
          "private": "bnVsbA==",
          "dependencies": [
            "module.step_function_spotify.aws_iam_policy.logs",
            "module.step_function_spotify.aws_iam_role.this",
            "module.step_function_spotify.data.aws_iam_policy_document.assume_role",
            "module.step_function_spotify.data.aws_iam_policy_document.logs",
            "module.step_function_spotify.data.aws_region.current"
          ]
        }
      ]
    },
    {
      "module": "module.step_function_spotify",
      "mode": "managed",
      "type": "aws_iam_policy_attachment",
      "name": "service",
      "provider": "provider[\"registry.terraform.io/hashicorp/aws\"]",
      "instances": [
        {
          "index_key": "lambda",
          "schema_version": 0,
          "attributes": {
            "groups": [],
            "id": "sf-spotify-lambda",
            "name": "sf-spotify-lambda",
            "policy_arn": "arn:aws:iam::526054848789:policy/sf-spotify-lambda",
            "roles": [
              "sf-spotify"
            ],
            "users": []
          },
          "sensitive_attributes": [],
          "private": "bnVsbA==",
          "dependencies": [
            "data.aws_caller_identity.this",
            "data.aws_ecr_authorization_token.token",
            "data.aws_region.current",
            "module.docker_image_spotify_playlist.aws_ecr_repository.this",
            "module.docker_image_spotify_playlist.data.aws_caller_identity.this",
            "module.docker_image_spotify_playlist.data.aws_region.current",
            "module.docker_image_spotify_playlist.docker_image.this",
            "module.docker_image_spotify_playlist.docker_registry_image.this",
            "module.docker_image_spotify_track.aws_ecr_repository.this",
            "module.docker_image_spotify_track.data.aws_caller_identity.this",
            "module.docker_image_spotify_track.data.aws_region.current",
            "module.docker_image_spotify_track.docker_image.this",
            "module.docker_image_spotify_track.docker_registry_image.this",
            "module.dynamodb_table.aws_dynamodb_table.autoscaled",
            "module.dynamodb_table.aws_dynamodb_table.autoscaled_gsi_ignore",
            "module.dynamodb_table.aws_dynamodb_table.this",
            "module.lambda_function_spotify_playlist.aws_cloudwatch_log_group.lambda",
            "module.lambda_function_spotify_playlist.aws_iam_policy.additional_inline",
            "module.lambda_function_spotify_playlist.aws_iam_policy.additional_json",
            "module.lambda_function_spotify_playlist.aws_iam_policy.additional_jsons",
            "module.lambda_function_spotify_playlist.aws_iam_policy.async",
            "module.lambda_function_spotify_playlist.aws_iam_policy.dead_letter",
            "module.lambda_function_spotify_playlist.aws_iam_policy.logs",
            "module.lambda_function_spotify_playlist.aws_iam_policy.tracing",
            "module.lambda_function_spotify_playlist.aws_iam_policy.vpc",
            "module.lambda_function_spotify_playlist.aws_iam_role.lambda",
            "module.lambda_function_spotify_playlist.aws_iam_role_policy_attachment.additional_inline",
            "module.lambda_function_spotify_playlist.aws_iam_role_policy_attachment.additional_json",
            "module.lambda_function_spotify_playlist.aws_iam_role_policy_attachment.additional_jsons",
            "module.lambda_function_spotify_playlist.aws_iam_role_policy_attachment.additional_many",
            "module.lambda_function_spotify_playlist.aws_iam_role_policy_attachment.additional_one",
            "module.lambda_function_spotify_playlist.aws_iam_role_policy_attachment.async",
            "module.lambda_function_spotify_playlist.aws_iam_role_policy_attachment.dead_letter",
            "module.lambda_function_spotify_playlist.aws_iam_role_policy_attachment.logs",
            "module.lambda_function_spotify_playlist.aws_iam_role_policy_attachment.tracing",
            "module.lambda_function_spotify_playlist.aws_iam_role_policy_attachment.vpc",
            "module.lambda_function_spotify_playlist.aws_lambda_function.this",
            "module.lambda_function_spotify_playlist.aws_s3_object.lambda_package",
            "module.lambda_function_spotify_playlist.data.aws_arn.log_group_arn",
            "module.lambda_function_spotify_playlist.data.aws_cloudwatch_log_group.lambda",
            "module.lambda_function_spotify_playlist.data.aws_iam_policy.tracing",
            "module.lambda_function_spotify_playlist.data.aws_iam_policy.vpc",
            "module.lambda_function_spotify_playlist.data.aws_iam_policy_document.additional_inline",
            "module.lambda_function_spotify_playlist.data.aws_iam_policy_document.assume_role",
            "module.lambda_function_spotify_playlist.data.aws_iam_policy_document.async",
            "module.lambda_function_spotify_playlist.data.aws_iam_policy_document.dead_letter",
            "module.lambda_function_spotify_playlist.data.aws_iam_policy_document.logs",
            "module.lambda_function_spotify_playlist.data.aws_partition.current",
            "module.lambda_function_spotify_playlist.data.external.archive_prepare",
            "module.lambda_function_spotify_playlist.local_file.archive_plan",
            "module.lambda_function_spotify_playlist.null_resource.archive",
            "module.lambda_function_spotify_track.aws_cloudwatch_log_group.lambda",
            "module.lambda_function_spotify_track.aws_iam_policy.additional_inline",
            "module.lambda_function_spotify_track.aws_iam_policy.additional_json",
            "module.lambda_function_spotify_track.aws_iam_policy.additional_jsons",
            "module.lambda_function_spotify_track.aws_iam_policy.async",
            "module.lambda_function_spotify_track.aws_iam_policy.dead_letter",
            "module.lambda_function_spotify_track.aws_iam_policy.logs",
            "module.lambda_function_spotify_track.aws_iam_policy.tracing",
            "module.lambda_function_spotify_track.aws_iam_policy.vpc",
            "module.lambda_function_spotify_track.aws_iam_role.lambda",
            "module.lambda_function_spotify_track.aws_iam_role_policy_attachment.additional_inline",
            "module.lambda_function_spotify_track.aws_iam_role_policy_attachment.additional_json",
            "module.lambda_function_spotify_track.aws_iam_role_policy_attachment.additional_jsons",
            "module.lambda_function_spotify_track.aws_iam_role_policy_attachment.additional_many",
            "module.lambda_function_spotify_track.aws_iam_role_policy_attachment.additional_one",
            "module.lambda_function_spotify_track.aws_iam_role_policy_attachment.async",
            "module.lambda_function_spotify_track.aws_iam_role_policy_attachment.dead_letter",
            "module.lambda_function_spotify_track.aws_iam_role_policy_attachment.logs",
            "module.lambda_function_spotify_track.aws_iam_role_policy_attachment.tracing",
            "module.lambda_function_spotify_track.aws_iam_role_policy_attachment.vpc",
            "module.lambda_function_spotify_track.aws_lambda_function.this",
            "module.lambda_function_spotify_track.aws_s3_object.lambda_package",
            "module.lambda_function_spotify_track.data.aws_arn.log_group_arn",
            "module.lambda_function_spotify_track.data.aws_cloudwatch_log_group.lambda",
            "module.lambda_function_spotify_track.data.aws_iam_policy.tracing",
            "module.lambda_function_spotify_track.data.aws_iam_policy.vpc",
            "module.lambda_function_spotify_track.data.aws_iam_policy_document.additional_inline",
            "module.lambda_function_spotify_track.data.aws_iam_policy_document.assume_role",
            "module.lambda_function_spotify_track.data.aws_iam_policy_document.async",
            "module.lambda_function_spotify_track.data.aws_iam_policy_document.dead_letter",
            "module.lambda_function_spotify_track.data.aws_iam_policy_document.logs",
            "module.lambda_function_spotify_track.data.aws_partition.current",
            "module.lambda_function_spotify_track.data.external.archive_prepare",
            "module.lambda_function_spotify_track.local_file.archive_plan",
            "module.lambda_function_spotify_track.null_resource.archive",
            "module.step_function_spotify.aws_iam_policy.service",
            "module.step_function_spotify.aws_iam_role.this",
            "module.step_function_spotify.data.aws_caller_identity.current",
            "module.step_function_spotify.data.aws_iam_policy_document.assume_role",
            "module.step_function_spotify.data.aws_iam_policy_document.service",
            "module.step_function_spotify.data.aws_region.current"
          ]
        }
      ]
    },
    {
      "module": "module.step_function_spotify",
      "mode": "managed",
      "type": "aws_iam_role",
      "name": "this",
      "provider": "provider[\"registry.terraform.io/hashicorp/aws\"]",
      "instances": [
        {
          "index_key": 0,
          "schema_version": 0,
          "attributes": {
            "arn": "arn:aws:iam::526054848789:role/sf-spotify",
            "assume_role_policy": "{\"Statement\":[{\"Action\":\"sts:AssumeRole\",\"Effect\":\"Allow\",\"Principal\":{\"Service\":\"states.us-west-2.amazonaws.com\"}}],\"Version\":\"2012-10-17\"}",
            "create_date": "2023-09-17T18:12:23Z",
            "description": "",
            "force_detach_policies": true,
            "id": "sf-spotify",
            "inline_policy": [],
            "managed_policy_arns": [
              "arn:aws:iam::526054848789:policy/sf-spotify-lambda",
              "arn:aws:iam::526054848789:policy/sf-spotify-logs"
            ],
            "max_session_duration": 3600,
            "name": "sf-spotify",
            "name_prefix": "",
            "path": "/",
            "permissions_boundary": null,
            "tags": {},
            "tags_all": {},
            "unique_id": "AROAXU62P7EKRIGCKPBTX"
          },
          "sensitive_attributes": [],
          "private": "bnVsbA==",
          "dependencies": [
            "module.step_function_spotify.data.aws_iam_policy_document.assume_role",
            "module.step_function_spotify.data.aws_region.current"
          ]
        }
      ]
    },
    {
      "module": "module.step_function_spotify",
      "mode": "managed",
      "type": "aws_sfn_state_machine",
      "name": "this",
      "provider": "provider[\"registry.terraform.io/hashicorp/aws\"]",
      "instances": [
        {
          "index_key": 0,
          "schema_version": 0,
          "attributes": {
            "arn": "arn:aws:states:us-west-2:526054848789:stateMachine:sf-spotify",
            "creation_date": "2023-09-17T18:31:42Z",
            "definition": "{\n  \"Comment\": \"Spotify Flow\",\n  \"StartAt\": \"Get Spotify Playlists\",\n  \"States\": {\n    \"Get Spotify Playlists\": {\n      \"Type\": \"Task\",\n      \"Resource\": \"arn:aws:states:::lambda:invoke\",\n      \"OutputPath\": \"$.Payload\",\n      \"Parameters\": {\n        \"Payload.$\": \"$\",\n        \"FunctionName\": \"arn:aws:lambda:us-west-2:526054848789:function:spotify-playlist:$LATEST\"\n      },\n      \"Retry\": [\n        {\n          \"ErrorEquals\": [\n            \"Lambda.ServiceException\",\n            \"Lambda.AWSLambdaException\",\n            \"Lambda.SdkClientException\",\n            \"Lambda.TooManyRequestsException\"\n          ],\n          \"IntervalSeconds\": 2,\n          \"MaxAttempts\": 6,\n          \"BackoffRate\": 2\n        }\n      ],\n      \"Next\": \"Has Next Playlist?\",\n      \"ResultPath\": \"$\"\n    },\n    \"Has Next Playlist?\": {\n      \"Type\": \"Choice\",\n      \"Choices\": [\n        {\n          \"Variable\": \"$.next_playlist\",\n          \"IsPresent\": true,\n          \"Next\": \"Get Spotify Playlists\"\n        }\n      ],\n      \"Default\": \"Process Spotify Tracks\"\n    },\n    \"Process Spotify Tracks\": {\n      \"Type\": \"Map\",\n      \"ItemProcessor\": {\n        \"ProcessorConfig\": {\n          \"Mode\": \"INLINE\"\n        },\n        \"StartAt\": \"Get Spotify Tracks\",\n        \"States\": {\n          \"Get Spotify Tracks\": {\n            \"Type\": \"Task\",\n            \"Resource\": \"arn:aws:states:::lambda:invoke\",\n            \"OutputPath\": \"$.Payload\",\n            \"Parameters\": {\n              \"Payload.$\": \"$\",\n              \"FunctionName\": \"arn:aws:lambda:us-west-2:526054848789:function:spotify-track:$LATEST\"\n            },\n            \"Retry\": [\n              {\n                \"ErrorEquals\": [\n                  \"Lambda.ServiceException\",\n                  \"Lambda.AWSLambdaException\",\n                  \"Lambda.SdkClientException\",\n                  \"Lambda.TooManyRequestsException\"\n                ],\n                \"IntervalSeconds\": 2,\n                \"MaxAttempts\": 6,\n                \"BackoffRate\": 2\n              }\n            ],\n            \"Next\": \"Has Next Tracks?\"\n          },\n          \"Has Next Tracks?\": {\n            \"Type\": \"Choice\",\n            \"Choices\": [\n              {\n                \"Variable\": \"$.next_tracks\",\n                \"IsPresent\": true,\n                \"Next\": \"Get Spotify Tracks\"\n              }\n            ],\n            \"Default\": \"Success Map\"\n          },\n          \"Success Map\": {\n            \"Type\": \"Succeed\"\n          }\n        }\n      },\n      \"Next\": \"Success\",\n      \"ItemsPath\": \"$.tracks\",\n      \"ResultPath\": \"$\",\n      \"MaxConcurrency\": 1\n    },\n    \"Success\": {\n      \"Type\": \"Succeed\"\n    }\n  }\n}",
            "description": "",
            "id": "arn:aws:states:us-west-2:526054848789:stateMachine:sf-spotify",
            "logging_configuration": [
              {
                "include_execution_data": false,
                "level": "ERROR",
                "log_destination": "arn:aws:logs:us-west-2:526054848789:log-group:/aws/vendedlogs/states/sf-spotify:*"
              }
            ],
            "name": "sf-spotify",
            "name_prefix": "",
            "publish": false,
            "revision_id": "63979c93-1af9-4f8a-bd4d-6ef1aade0870",
            "role_arn": "arn:aws:iam::526054848789:role/sf-spotify",
            "state_machine_version_arn": "",
            "status": "ACTIVE",
            "tags": {
              "Name": "sf-spotify"
            },
            "tags_all": {
              "Name": "sf-spotify"
            },
            "timeouts": {
              "create": null,
              "delete": null,
              "update": null
            },
            "tracing_configuration": [
              {
                "enabled": false
              }
            ],
            "type": "STANDARD",
            "version_description": null
          },
          "sensitive_attributes": [],
          "private": "eyJlMmJmYjczMC1lY2FhLTExZTYtOGY4OC0zNDM2M2JjN2M0YzAiOnsiY3JlYXRlIjozMDAwMDAwMDAwMDAsImRlbGV0ZSI6MzAwMDAwMDAwMDAwLCJ1cGRhdGUiOjYwMDAwMDAwMDAwfX0=",
          "dependencies": [
            "data.aws_caller_identity.this",
            "data.aws_ecr_authorization_token.token",
            "data.aws_region.current",
            "module.docker_image_spotify_playlist.aws_ecr_repository.this",
            "module.docker_image_spotify_playlist.data.aws_caller_identity.this",
            "module.docker_image_spotify_playlist.data.aws_region.current",
            "module.docker_image_spotify_playlist.docker_image.this",
            "module.docker_image_spotify_playlist.docker_registry_image.this",
            "module.docker_image_spotify_track.aws_ecr_repository.this",
            "module.docker_image_spotify_track.data.aws_caller_identity.this",
            "module.docker_image_spotify_track.data.aws_region.current",
            "module.docker_image_spotify_track.docker_image.this",
            "module.docker_image_spotify_track.docker_registry_image.this",
            "module.dynamodb_table.aws_dynamodb_table.autoscaled",
            "module.dynamodb_table.aws_dynamodb_table.autoscaled_gsi_ignore",
            "module.dynamodb_table.aws_dynamodb_table.this",
            "module.lambda_function_spotify_playlist.aws_cloudwatch_log_group.lambda",
            "module.lambda_function_spotify_playlist.aws_iam_policy.additional_inline",
            "module.lambda_function_spotify_playlist.aws_iam_policy.additional_json",
            "module.lambda_function_spotify_playlist.aws_iam_policy.additional_jsons",
            "module.lambda_function_spotify_playlist.aws_iam_policy.async",
            "module.lambda_function_spotify_playlist.aws_iam_policy.dead_letter",
            "module.lambda_function_spotify_playlist.aws_iam_policy.logs",
            "module.lambda_function_spotify_playlist.aws_iam_policy.tracing",
            "module.lambda_function_spotify_playlist.aws_iam_policy.vpc",
            "module.lambda_function_spotify_playlist.aws_iam_role.lambda",
            "module.lambda_function_spotify_playlist.aws_iam_role_policy_attachment.additional_inline",
            "module.lambda_function_spotify_playlist.aws_iam_role_policy_attachment.additional_json",
            "module.lambda_function_spotify_playlist.aws_iam_role_policy_attachment.additional_jsons",
            "module.lambda_function_spotify_playlist.aws_iam_role_policy_attachment.additional_many",
            "module.lambda_function_spotify_playlist.aws_iam_role_policy_attachment.additional_one",
            "module.lambda_function_spotify_playlist.aws_iam_role_policy_attachment.async",
            "module.lambda_function_spotify_playlist.aws_iam_role_policy_attachment.dead_letter",
            "module.lambda_function_spotify_playlist.aws_iam_role_policy_attachment.logs",
            "module.lambda_function_spotify_playlist.aws_iam_role_policy_attachment.tracing",
            "module.lambda_function_spotify_playlist.aws_iam_role_policy_attachment.vpc",
            "module.lambda_function_spotify_playlist.aws_lambda_function.this",
            "module.lambda_function_spotify_playlist.aws_s3_object.lambda_package",
            "module.lambda_function_spotify_playlist.data.aws_arn.log_group_arn",
            "module.lambda_function_spotify_playlist.data.aws_cloudwatch_log_group.lambda",
            "module.lambda_function_spotify_playlist.data.aws_iam_policy.tracing",
            "module.lambda_function_spotify_playlist.data.aws_iam_policy.vpc",
            "module.lambda_function_spotify_playlist.data.aws_iam_policy_document.additional_inline",
            "module.lambda_function_spotify_playlist.data.aws_iam_policy_document.assume_role",
            "module.lambda_function_spotify_playlist.data.aws_iam_policy_document.async",
            "module.lambda_function_spotify_playlist.data.aws_iam_policy_document.dead_letter",
            "module.lambda_function_spotify_playlist.data.aws_iam_policy_document.logs",
            "module.lambda_function_spotify_playlist.data.aws_partition.current",
            "module.lambda_function_spotify_playlist.data.external.archive_prepare",
            "module.lambda_function_spotify_playlist.local_file.archive_plan",
            "module.lambda_function_spotify_playlist.null_resource.archive",
            "module.lambda_function_spotify_track.aws_cloudwatch_log_group.lambda",
            "module.lambda_function_spotify_track.aws_iam_policy.additional_inline",
            "module.lambda_function_spotify_track.aws_iam_policy.additional_json",
            "module.lambda_function_spotify_track.aws_iam_policy.additional_jsons",
            "module.lambda_function_spotify_track.aws_iam_policy.async",
            "module.lambda_function_spotify_track.aws_iam_policy.dead_letter",
            "module.lambda_function_spotify_track.aws_iam_policy.logs",
            "module.lambda_function_spotify_track.aws_iam_policy.tracing",
            "module.lambda_function_spotify_track.aws_iam_policy.vpc",
            "module.lambda_function_spotify_track.aws_iam_role.lambda",
            "module.lambda_function_spotify_track.aws_iam_role_policy_attachment.additional_inline",
            "module.lambda_function_spotify_track.aws_iam_role_policy_attachment.additional_json",
            "module.lambda_function_spotify_track.aws_iam_role_policy_attachment.additional_jsons",
            "module.lambda_function_spotify_track.aws_iam_role_policy_attachment.additional_many",
            "module.lambda_function_spotify_track.aws_iam_role_policy_attachment.additional_one",
            "module.lambda_function_spotify_track.aws_iam_role_policy_attachment.async",
            "module.lambda_function_spotify_track.aws_iam_role_policy_attachment.dead_letter",
            "module.lambda_function_spotify_track.aws_iam_role_policy_attachment.logs",
            "module.lambda_function_spotify_track.aws_iam_role_policy_attachment.tracing",
            "module.lambda_function_spotify_track.aws_iam_role_policy_attachment.vpc",
            "module.lambda_function_spotify_track.aws_lambda_function.this",
            "module.lambda_function_spotify_track.aws_s3_object.lambda_package",
            "module.lambda_function_spotify_track.data.aws_arn.log_group_arn",
            "module.lambda_function_spotify_track.data.aws_cloudwatch_log_group.lambda",
            "module.lambda_function_spotify_track.data.aws_iam_policy.tracing",
            "module.lambda_function_spotify_track.data.aws_iam_policy.vpc",
            "module.lambda_function_spotify_track.data.aws_iam_policy_document.additional_inline",
            "module.lambda_function_spotify_track.data.aws_iam_policy_document.assume_role",
            "module.lambda_function_spotify_track.data.aws_iam_policy_document.async",
            "module.lambda_function_spotify_track.data.aws_iam_policy_document.dead_letter",
            "module.lambda_function_spotify_track.data.aws_iam_policy_document.logs",
            "module.lambda_function_spotify_track.data.aws_partition.current",
            "module.lambda_function_spotify_track.data.external.archive_prepare",
            "module.lambda_function_spotify_track.local_file.archive_plan",
            "module.lambda_function_spotify_track.null_resource.archive",
            "module.step_function_spotify.aws_cloudwatch_log_group.sfn",
            "module.step_function_spotify.aws_iam_role.this",
            "module.step_function_spotify.data.aws_cloudwatch_log_group.sfn",
            "module.step_function_spotify.data.aws_iam_policy_document.assume_role",
            "module.step_function_spotify.data.aws_region.current"
          ]
        }
      ]
    }
  ],
  "check_results": null
}
