{
  "version": 4,
  "terraform_version": "1.5.7",
  "serial": 130,
  "lineage": "f37a54f5-ee15-7652-215d-c85e3fe05816",
  "outputs": {},
  "resources": [
    {
      "mode": "data",
      "type": "aws_caller_identity",
      "name": "this",
      "provider": "provider[\"registry.terraform.io/hashicorp/aws\"]",
      "instances": [
        {
          "schema_version": 0,
          "attributes": {
            "account_id": "526054848789",
            "arn": "arn:aws:sts::526054848789:assumed-role/AWSReservedSSO_AdministratorAccess_eaa146b6dc3a2316/igor.oliveira",
            "id": "526054848789",
            "user_id": "AROAXU62P7EKSOARTWBFI:igor.oliveira"
          },
          "sensitive_attributes": []
        }
      ]
    },
    {
      "mode": "data",
      "type": "aws_ecr_authorization_token",
      "name": "token",
      "provider": "provider[\"registry.terraform.io/hashicorp/aws\"]",
      "instances": [
        {
          "schema_version": 0,
          "attributes": {
            "authorization_token": "QVdTOmV5SndZWGxzYjJGa0lqb2lhMWcxU1M5MU1XdERVVmd6YkhOTk4xaG1hbVZ1VTJJM1R6UllkbWw2WkhaUlJWUTBkRWRvTTJabkswVTBjemxwTDNod0swTmpOSGRZVjB0V1luQXlSVXd3TW1ocVRIWkRaRlpWUVV0dWVpOXRaR1J2U1hkNWFGSkNPRFZGYUZKNlNXdHdibTlyU1VoeWFGbEpTalZTWjFBeE1FaFdkRlZpZFdKMGMzaHFNVUprZUdJeWVqWkZNM3BETldKa1pERnRZamhwUkc0dlRraExOamhyYW5kNk0yNVBUa3RNVEdwbE5pdFhXamRSWTBOTFJrbzNhalowTm5welpuTjVhbFJPVFdkT1QzUmlWVTU0VW1keFluSkpiRXhVYUVjckwzQnFaWFk0Um1aNFRWTXpNQzh6Y0ZoTFZYQk1lVkZYV25kWFMybFZSMnBKVld4MFlrZFlURk5MTkZkNlQwVjZSSEY2ZG5kTlpVdEdjV0UxZG1ZemRrcDRWVGs0TVdGS2IzWllUbXBwY25SelNtRm5OV1JFZVZGRlZWVnFMMGRIV0hsTWQyUlBObXRaSzBGYVlscERVV3BEZEhkV1ozRmphVEpMYzNOS2FFdFVXazFHY2pWWWFIQnRTR0oyVFRkalluTjJUREJLVFdkWWNHVnZZamQ2TjNacmIwTnJTMFJSUkdORlduQnVUVXRYZW5KWlJscHRPRk5KUVhKMldHbzBOVTVpTVV3MmNWTkdUbGR5YUZBMGFtdExXa2RuWkd4RE5tNVRPVTB5ZFdaTlNXaDZPVVJ6WWtGRk1UZHFXV0ppU0VOc1VGWnRNVVJWVWt4UlZETkViR2hLTURWelRqbDZjMmhyUjNWTGEzVlNSV1JSTmxWVlUyRkhUWGxwUjAwelRYRkRUVFZaWVhWallrSnNPRGczZDBoUmVGRlFPV0o1ZGprNFdYWnphMDU1ZUVWelRGZElRMlUzSzNJeE9WSkhRWE5pTHpOd1JtbFdXR05vWW5WSE5GaHdRMm92UkV4aGJIRnhUVk15Y0U5dVl6TnpWbFZ3UlM5bVVUZFZPVVJTVEdoa2JrMWpaMk5zYmsxcWJEVnJRMlpyWldKMVIzRmhVRk5CUkRkVlVXSkRUelY2ZDB4S1ZrOXVVR2hIVlRKQlpIQjViV1l2Wlc1QmJqWXlOWEZZU0VaVWJtTlpWSFE1VlZvMmVUZGxWV0UxVlRBeWNHUlBNRTFrVWtoVldqWXhZMVZtU25wNEsxVlpibHBzVURsSGFtZDVZM1EyVXl0TVkzbE9aRGR1VTI0elNXaElXa2w0UzBwaVJtaDVMM0I2Y3paS1dEUmtWWFF5TTNoRVRHeEhRV2x0Wlc1ek1uZFhUMmhVYlhWUU1pOTVWRWhET0hGTlZFWXJOMmRoTkRjeGMwMUNXbmN5YlRGa2RsUktjblUzVUM5QlVHbFNibXBWVWpaUmNsZzFRM2RrZGtwSmMwSnJNbkpDY2t3elluQm1kM2xMVDBaRVZrcDVhVFpSTTNKQmJITXZOVE4yWW1jNFltSkVOMFZuVURsNk1uQXZkbHBsYzNScUszWlZRM1ZaWVVwRFlsaHdaR3hvT0dvMk5saEpRVlZqWkV0VllrMVJjbXB1V0hCdkx6RXhkMDVDTVdkR1NUZFBRekp2ZERkaWFWbHVVRFo0YkhWeGJtUkdkMU5HTmxJNE9UbFVRVk53YWtObFNUaHZRMDh3YTNsQmMxZEdSbVU1UlV4bVMwRmhNeXRaTDBWNVFUTkhZM2t4UVZZeFJTOXVOM1ZtWjNWRmVGbHBOMlJyWTA1WGRDdEtNSFJ3U1ZWUlZtWjBUMjFuUlVkR2IwNXJlbU0xYm13NE4xQjBRWFV4VjNWSFFXVTVabGRDUjNSRU0yWTJNSEIxYWpCR1JuSTBUbmxSTUZkeE9WbEVZMk16VkRBNWQweHphMU5NYldzelEyRk9UMGxLYm1OMk5HVXdVRWRqTVc5U2NHSkVTa3hxT1VkUGNrOTJTUzlsTXpoSGRsWTRZbTFxVW1OSksxWkxhbFZRWVZocWIwTldPVmhoZDNGTlRsSTNObkF3ZFdSNE1EaHFjbWwzZVhOUVpVUm1VVXROV0dWNVpHaEZUR3B1U25CM1ZXRmFWVThyUm1vcksybGpWRWhFVVdKbFZYSlhTREptTkZFelRVRmpVVTVKTW1OMWFISjJNems0YTFOdFUxUjFRVmg1YjFoYVZsTlpVM3BUU1haaVQxQnNLMUl4WlVaUmNVeEJibFI1YmxOQldWZGlNRFpzVG1JMFJFSjZkR3Q2VGk4MlRuaHRkM0JSY3k4cmRVaFhha05OTldWVlkwSXhaWGgyWWpjNGNHdHpSRTB2T0RGUGFYYzFjVUp6ZG5kNlZGazBhR1psZW1aeFMzQm1kbnBsU2k5bFdEUkJWSGhhVVhsTWQzaG9UMUZPYmtka1JITlFSMVZLYzA5VlBTSXNJbVJoZEdGclpYa2lPaUpCVVVWQ1FVaHFObXhqTkZoSlNuY3ZOMnh1TUVoak1EQkVUV1ZyTmtkRmVFaERZbGswVWtsd1ZFMURTVFU0U1c1VmQwRkJRVWcwZDJaQldVcExiMXBKYUhaalRrRlJZMGR2UnpoM1lsRkpRa0ZFUW05Q1oydHhhR3RwUnpsM01FSkNkMFYzU0dkWlNsbEpXa2xCVjFWRVFrRkZkVTFDUlVWRVQxQTBhbFZQSzA5SGJUbDVjVnBFZUhkSlFrVkpRVGR1Ym5JeFNVRkpkV3hyVUV0S2VYaEpVa2cyWW5CdmIyMUhUMHhtUVVNclV6a3haRVZyTW5KdE9UZzVabGRGWnpsUFQzaEtVRzFCVTNGc1JGWTJhbk14V1d3cmNWRk1URE5NVlRacE5UTmpQU0lzSW5abGNuTnBiMjRpT2lJeUlpd2lkSGx3WlNJNklrUkJWRUZmUzBWWklpd2laWGh3YVhKaGRHbHZiaUk2TVRZNU5EWXhOalF3TlgwPQ==",
            "expires_at": "2023-09-13T14:46:45Z",
            "id": "us-west-2",
            "password": "eyJwYXlsb2FkIjoia1g1SS91MWtDUVgzbHNNN1hmamVuU2I3TzRYdml6ZHZRRVQ0dEdoM2ZnK0U0czlpL3hwK0NjNHdYV0tWYnAyRUwwMmhqTHZDZFZVQUtuei9tZGRvSXd5aFJCODVFaFJ6SWtwbm9rSUhyaFlJSjVSZ1AxMEhWdFVidWJ0c3hqMUJkeGIyejZFM3pDNWJkZDFtYjhpRG4vTkhLNjhrand6M25PTktMTGplNitXWjdRY0NLRko3ajZ0NnpzZnN5alROTWdOT3RiVU54UmdxYnJJbExUaEcrL3BqZXY4RmZ4TVMzMC8zcFhLVXBMeVFXWndXS2lVR2pJVWx0YkdYTFNLNFd6T0V6RHF6dndNZUtGcWE1dmYzdkp4VTk4MWFKb3ZYTmppcnRzSmFnNWREeVFFVVVqL0dHWHlMd2RPNmtZK0FaYlpDUWpDdHdWZ3FjaTJLc3NKaEtUWk1GcjVYaHBtSGJ2TTdjYnN2TDBKTWdYcGVvYjd6N3Zrb0NrS0RRRGNFWnBuTUtXenJZRlptOFNJQXJ2WGo0NU5iMUw2cVNGTldyaFA0amtLWkdnZGxDNm5TOU0ydWZNSWh6OURzYkFFMTdqWWJiSENsUFZtMURVUkxRVDNEbGhKMDVzTjl6c2hrR3VLa3VSRWRRNlVVU2FHTXlpR00zTXFDTTVZYXVjYkJsODg3d0hReFFQOWJ5djk4WXZza055eEVzTFdIQ2U3K3IxOVJHQXNiLzNwRmlWWGNoYnVHNFhwQ2ovRExhbHFxTVMycE9uYzNzVlVwRS9mUTdVOURSTGhkbk1jZ2Nsbk1qbDVrQ2ZrZWJ1R3FhUFNBRDdVUWJDTzV6d0xKVk9uUGhHVTJBZHB5bWYvZW5BbjYyNXFYSEZUbmNZVHQ5VVo2eTdlVWE1VTAycGRPME1kUkhVWjYxY1VmSnp4K1VZblpsUDlHamd5Y3Q2UytMY3lOZDduU24zSWhIWkl4S0piRmh5L3B6czZKWDRkVXQyM3hETGxHQWltZW5zMndXT2hUbXVQMi95VEhDOHFNVEYrN2dhNDcxc01CWncybTFkdlRKcnU3UC9BUGlSbmpVUjZRclg1Q3dkdkpJc0JrMnJCckwzYnBmd3lLT0ZEVkp5aTZRM3JBbHMvNTN2Ymc4YmJEN0VnUDl6MnAvdlplc3RqK3ZVQ3VZYUpDYlhwZGxoOGo2NlhJQVVjZEtVYk1RcmpuWHBvLzExd05CMWdGSTdPQzJvdDdiaVluUDZ4bHVxbmRGd1NGNlI4OTlUQVNwakNlSThvQ08wa3lBc1dGRmU5RUxmS0FhMytZL0V5QTNHY3kxQVYxRS9uN3VmZ3VFeFlpN2RrY05XdCtKMHRwSVVRVmZ0T21nRUdGb05remM1bmw4N1B0QXUxV3VHQWU5ZldCR3REM2Y2MHB1ajBGRnI0TnlRMFdxOVlEY2MzVDA5d0xza1NMbWszQ2FOT0lKbmN2NGUwUEdjMW9ScGJESkxqOUdPck92SS9lMzhHdlY4Ym1qUmNJK1ZLalVQYVhqb0NWOVhhd3FNTlI3NnAwdWR4MDhqcml3eXNQZURmUUtNWGV5ZGhFTGpuSnB3VWFaVU8rRmorK2ljVEhEUWJlVXJXSDJmNFEzTUFjUU5JMmN1aHJ2Mzk4a1NtU1R1QVh5b1haVlNZU3pTSXZiT1BsK1IxZUZRcUxBblR5blNBWVdiMDZsTmI0REJ6dGt6Ti82Tnhtd3BRcy8rdUhXakNNNWVVY0IxZXh2Yjc4cGtzRE0vODFPaXc1cUJzdnd6VFk0aGZlemZxS3BmdnplSi9lWDRBVHhaUXlMd3hoT1FObkdkRHNQR1VKc09VPSIsImRhdGFrZXkiOiJBUUVCQUhqNmxjNFhJSncvN2xuMEhjMDBETWVrNkdFeEhDYlk0UklwVE1DSTU4SW5Vd0FBQUg0d2ZBWUpLb1pJaHZjTkFRY0dvRzh3YlFJQkFEQm9CZ2txaGtpRzl3MEJCd0V3SGdZSllJWklBV1VEQkFFdU1CRUVET1A0alVPK09HbTl5cVpEeHdJQkVJQTdubnIxSUFJdWxrUEtKeXhJUkg2YnBvb21HT0xmQUMrUzkxZEVrMnJtOTg5ZldFZzlPT3hKUG1BU3FsRFY2anMxWWwrcVFMTDNMVTZpNTNjPSIsInZlcnNpb24iOiIyIiwidHlwZSI6IkRBVEFfS0VZIiwiZXhwaXJhdGlvbiI6MTY5NDYxNjQwNX0=",
            "proxy_endpoint": "https://526054848789.dkr.ecr.us-west-2.amazonaws.com",
            "registry_id": null,
            "user_name": "AWS"
          },
          "sensitive_attributes": []
        }
      ]
    },
    {
      "mode": "data",
      "type": "aws_region",
      "name": "current",
      "provider": "provider[\"registry.terraform.io/hashicorp/aws\"]",
      "instances": [
        {
          "schema_version": 0,
          "attributes": {
            "description": "US West (Oregon)",
            "endpoint": "ec2.us-west-2.amazonaws.com",
            "id": "us-west-2",
            "name": "us-west-2"
          },
          "sensitive_attributes": []
        }
      ]
    },
    {
      "module": "module.docker_image_spotify_playlist",
      "mode": "data",
      "type": "aws_caller_identity",
      "name": "this",
      "provider": "provider[\"registry.terraform.io/hashicorp/aws\"]",
      "instances": [
        {
          "schema_version": 0,
          "attributes": {
            "account_id": "526054848789",
            "arn": "arn:aws:sts::526054848789:assumed-role/AWSReservedSSO_AdministratorAccess_eaa146b6dc3a2316/igor.oliveira",
            "id": "526054848789",
            "user_id": "AROAXU62P7EKSOARTWBFI:igor.oliveira"
          },
          "sensitive_attributes": []
        }
      ]
    },
    {
      "module": "module.docker_image_spotify_playlist",
      "mode": "data",
      "type": "aws_region",
      "name": "current",
      "provider": "provider[\"registry.terraform.io/hashicorp/aws\"]",
      "instances": [
        {
          "schema_version": 0,
          "attributes": {
            "description": "US West (Oregon)",
            "endpoint": "ec2.us-west-2.amazonaws.com",
            "id": "us-west-2",
            "name": "us-west-2"
          },
          "sensitive_attributes": []
        }
      ]
    },
    {
      "module": "module.docker_image_spotify_playlist",
      "mode": "managed",
      "type": "aws_ecr_lifecycle_policy",
      "name": "this",
      "provider": "provider[\"registry.terraform.io/hashicorp/aws\"]",
      "instances": [
        {
          "index_key": 0,
          "schema_version": 0,
          "attributes": {
            "id": "spotify-playlist",
            "policy": "{\"rules\":[{\"action\":{\"type\":\"expire\"},\"description\":\"Keep only the last 2 images\",\"rulePriority\":1,\"selection\":{\"countNumber\":2,\"countType\":\"imageCountMoreThan\",\"tagStatus\":\"any\"}}]}",
            "registry_id": "526054848789",
            "repository": "spotify-playlist"
          },
          "sensitive_attributes": [],
          "private": "bnVsbA==",
          "dependencies": [
            "module.docker_image_spotify_playlist.aws_ecr_repository.this"
          ]
        }
      ]
    },
    {
      "module": "module.docker_image_spotify_playlist",
      "mode": "managed",
      "type": "aws_ecr_repository",
      "name": "this",
      "provider": "provider[\"registry.terraform.io/hashicorp/aws\"]",
      "instances": [
        {
          "index_key": 0,
          "schema_version": 0,
          "attributes": {
            "arn": "arn:aws:ecr:us-west-2:526054848789:repository/spotify-playlist",
            "encryption_configuration": [
              {
                "encryption_type": "AES256",
                "kms_key": ""
              }
            ],
            "force_delete": true,
            "id": "spotify-playlist",
            "image_scanning_configuration": [
              {
                "scan_on_push": false
              }
            ],
            "image_tag_mutability": "MUTABLE",
            "name": "spotify-playlist",
            "registry_id": "526054848789",
            "repository_url": "526054848789.dkr.ecr.us-west-2.amazonaws.com/spotify-playlist",
            "tags": {},
            "tags_all": {},
            "timeouts": null
          },
          "sensitive_attributes": [],
          "private": "eyJlMmJmYjczMC1lY2FhLTExZTYtOGY4OC0zNDM2M2JjN2M0YzAiOnsiZGVsZXRlIjoxMjAwMDAwMDAwMDAwfX0="
        }
      ]
    },
    {
      "module": "module.docker_image_spotify_playlist",
      "mode": "managed",
      "type": "docker_image",
      "name": "this",
      "provider": "provider[\"registry.terraform.io/kreuzwerker/docker\"]",
      "instances": [
        {
          "schema_version": 0,
          "attributes": {
            "build": [
              {
                "auth_config": [],
                "build_arg": null,
                "build_args": null,
                "build_id": "",
                "cache_from": [],
                "cgroup_parent": "",
                "context": "spotify-playlist",
                "cpu_period": null,
                "cpu_quota": null,
                "cpu_set_cpus": "",
                "cpu_set_mems": "",
                "cpu_shares": null,
                "dockerfile": "Dockerfile",
                "extra_hosts": [],
                "force_remove": null,
                "isolation": "",
                "label": null,
                "labels": null,
                "memory": null,
                "memory_swap": null,
                "network_mode": "",
                "no_cache": null,
                "platform": "linux/amd64",
                "pull_parent": null,
                "remote_context": "",
                "remove": true,
                "security_opt": [],
                "session_id": "",
                "shm_size": null,
                "squash": null,
                "suppress_output": null,
                "tag": [],
                "target": "",
                "ulimit": [],
                "version": ""
              }
            ],
            "force_remove": null,
            "id": "sha256:c5bec4d83eede6b61d6dfad67f6233256632b8fb303621c91a30206e471ef29b526054848789.dkr.ecr.us-west-2.amazonaws.com/spotify-playlist:0.13",
            "image_id": "sha256:c5bec4d83eede6b61d6dfad67f6233256632b8fb303621c91a30206e471ef29b",
            "keep_locally": null,
            "name": "526054848789.dkr.ecr.us-west-2.amazonaws.com/spotify-playlist:0.13",
            "platform": null,
            "pull_triggers": null,
            "repo_digest": "",
            "triggers": null
          },
          "sensitive_attributes": [],
          "private": "bnVsbA==",
          "dependencies": [
            "data.aws_caller_identity.this",
            "data.aws_ecr_authorization_token.token",
            "data.aws_region.current",
            "module.docker_image_spotify_playlist.aws_ecr_repository.this",
            "module.docker_image_spotify_playlist.data.aws_caller_identity.this",
            "module.docker_image_spotify_playlist.data.aws_region.current"
          ]
        }
      ]
    },
    {
      "module": "module.docker_image_spotify_playlist",
      "mode": "managed",
      "type": "docker_registry_image",
      "name": "this",
      "provider": "provider[\"registry.terraform.io/kreuzwerker/docker\"]",
      "instances": [
        {
          "schema_version": 0,
          "attributes": {
            "id": "sha256:828c56074fcbed3b7c90401e3afd835817f5710be1a4f848dbb9f92f5cecb41b",
            "insecure_skip_verify": false,
            "keep_remotely": false,
            "name": "526054848789.dkr.ecr.us-west-2.amazonaws.com/spotify-playlist:0.13",
            "sha256_digest": "sha256:828c56074fcbed3b7c90401e3afd835817f5710be1a4f848dbb9f92f5cecb41b",
            "triggers": null
          },
          "sensitive_attributes": [],
          "private": "bnVsbA==",
          "dependencies": [
            "data.aws_caller_identity.this",
            "data.aws_ecr_authorization_token.token",
            "data.aws_region.current",
            "module.docker_image_spotify_playlist.aws_ecr_repository.this",
            "module.docker_image_spotify_playlist.data.aws_caller_identity.this",
            "module.docker_image_spotify_playlist.data.aws_region.current",
            "module.docker_image_spotify_playlist.docker_image.this"
          ]
        }
      ]
    },
    {
      "module": "module.docker_image_spotify_playlist",
      "mode": "managed",
      "type": "null_resource",
      "name": "sam_metadata_docker_registry_image",
      "provider": "provider[\"registry.terraform.io/hashicorp/null\"]",
      "instances": [
        {
          "schema_version": 0,
          "attributes": {
            "id": "4504926560800980736",
            "triggers": {
              "built_image_uri": "526054848789.dkr.ecr.us-west-2.amazonaws.com/spotify-playlist:0.13",
              "docker_build_args": "{}",
              "docker_context": "spotify-playlist",
              "docker_file": "Dockerfile",
              "docker_tag": "0.13",
              "resource_type": "IMAGE_LAMBDA_FUNCTION"
            }
          },
          "sensitive_attributes": [],
          "dependencies": [
            "data.aws_caller_identity.this",
            "data.aws_ecr_authorization_token.token",
            "data.aws_region.current",
            "module.docker_image_spotify_playlist.aws_ecr_repository.this",
            "module.docker_image_spotify_playlist.data.aws_caller_identity.this",
            "module.docker_image_spotify_playlist.data.aws_region.current",
            "module.docker_image_spotify_playlist.docker_image.this",
            "module.docker_image_spotify_playlist.docker_registry_image.this"
          ]
        }
      ]
    },
    {
      "module": "module.dynamodb_table",
      "mode": "managed",
      "type": "aws_dynamodb_table",
      "name": "this",
      "provider": "provider[\"registry.terraform.io/hashicorp/aws\"]",
      "instances": [
        {
          "index_key": 0,
          "schema_version": 1,
          "attributes": {
            "arn": "arn:aws:dynamodb:us-west-2:526054848789:table/playlists",
            "attribute": [
              {
                "name": "pk",
                "type": "S"
              },
              {
                "name": "sk",
                "type": "S"
              }
            ],
            "billing_mode": "PAY_PER_REQUEST",
            "deletion_protection_enabled": false,
            "global_secondary_index": [],
            "hash_key": "pk",
            "id": "playlists",
            "local_secondary_index": [],
            "name": "playlists",
            "point_in_time_recovery": [
              {
                "enabled": false
              }
            ],
            "range_key": "sk",
            "read_capacity": 0,
            "replica": [],
            "restore_date_time": null,
            "restore_source_name": null,
            "restore_to_latest_time": null,
            "server_side_encryption": [],
            "stream_arn": "",
            "stream_enabled": false,
            "stream_label": "",
            "stream_view_type": "",
            "table_class": "STANDARD",
            "tags": {
              "Name": "playlists"
            },
            "tags_all": {
              "Name": "playlists"
            },
            "timeouts": {
              "create": "10m",
              "delete": "10m",
              "update": "60m"
            },
            "ttl": [
              {
                "attribute_name": "",
                "enabled": false
              }
            ],
            "write_capacity": 0
          },
          "sensitive_attributes": [],
          "private": "eyJlMmJmYjczMC1lY2FhLTExZTYtOGY4OC0zNDM2M2JjN2M0YzAiOnsiY3JlYXRlIjo2MDAwMDAwMDAwMDAsImRlbGV0ZSI6NjAwMDAwMDAwMDAwLCJ1cGRhdGUiOjM2MDAwMDAwMDAwMDB9LCJzY2hlbWFfdmVyc2lvbiI6IjEifQ=="
        }
      ]
    },
    {
      "module": "module.lambda_function_spotify_playlist",
      "mode": "data",
      "type": "aws_caller_identity",
      "name": "current",
      "provider": "provider[\"registry.terraform.io/hashicorp/aws\"]",
      "instances": [
        {
          "schema_version": 0,
          "attributes": {
            "account_id": "526054848789",
            "arn": "arn:aws:sts::526054848789:assumed-role/AWSReservedSSO_AdministratorAccess_eaa146b6dc3a2316/igor.oliveira",
            "id": "526054848789",
            "user_id": "AROAXU62P7EKSOARTWBFI:igor.oliveira"
          },
          "sensitive_attributes": []
        }
      ]
    },
    {
      "module": "module.lambda_function_spotify_playlist",
      "mode": "data",
      "type": "aws_iam_policy_document",
      "name": "additional_inline",
      "provider": "provider[\"registry.terraform.io/hashicorp/aws\"]",
      "instances": [
        {
          "index_key": 0,
          "schema_version": 0,
          "attributes": {
            "id": "629899498",
            "json": "{\n  \"Version\": \"2012-10-17\",\n  \"Statement\": [\n    {\n      \"Sid\": \"dynamodb\",\n      \"Effect\": \"Allow\",\n      \"Action\": \"dynamodb:*\",\n      \"Resource\": \"arn:aws:dynamodb:us-west-2:526054848789:table/playlists\"\n    }\n  ]\n}",
            "override_policy_documents": null,
            "policy_id": null,
            "source_policy_documents": null,
            "statement": [
              {
                "actions": [
                  "dynamodb:*"
                ],
                "condition": [],
                "effect": "Allow",
                "not_actions": [],
                "not_principals": [],
                "not_resources": [],
                "principals": [],
                "resources": [
                  "arn:aws:dynamodb:us-west-2:526054848789:table/playlists"
                ],
                "sid": "dynamodb"
              }
            ],
            "version": "2012-10-17"
          },
          "sensitive_attributes": []
        }
      ]
    },
    {
      "module": "module.lambda_function_spotify_playlist",
      "mode": "data",
      "type": "aws_iam_policy_document",
      "name": "assume_role",
      "provider": "provider[\"registry.terraform.io/hashicorp/aws\"]",
      "instances": [
        {
          "index_key": 0,
          "schema_version": 0,
          "attributes": {
            "id": "2690255455",
            "json": "{\n  \"Version\": \"2012-10-17\",\n  \"Statement\": [\n    {\n      \"Effect\": \"Allow\",\n      \"Action\": \"sts:AssumeRole\",\n      \"Principal\": {\n        \"Service\": \"lambda.amazonaws.com\"\n      }\n    }\n  ]\n}",
            "override_policy_documents": null,
            "policy_id": null,
            "source_policy_documents": null,
            "statement": [
              {
                "actions": [
                  "sts:AssumeRole"
                ],
                "condition": [],
                "effect": "Allow",
                "not_actions": [],
                "not_principals": [],
                "not_resources": [],
                "principals": [
                  {
                    "identifiers": [
                      "lambda.amazonaws.com"
                    ],
                    "type": "Service"
                  }
                ],
                "resources": [],
                "sid": ""
              }
            ],
            "version": "2012-10-17"
          },
          "sensitive_attributes": []
        }
      ]
    },
    {
      "module": "module.lambda_function_spotify_playlist",
      "mode": "data",
      "type": "aws_iam_policy_document",
      "name": "logs",
      "provider": "provider[\"registry.terraform.io/hashicorp/aws\"]",
      "instances": [
        {
          "index_key": 0,
          "schema_version": 0,
          "attributes": {
            "id": "3341041614",
            "json": "{\n  \"Version\": \"2012-10-17\",\n  \"Statement\": [\n    {\n      \"Effect\": \"Allow\",\n      \"Action\": [\n        \"logs:PutLogEvents\",\n        \"logs:CreateLogStream\",\n        \"logs:CreateLogGroup\"\n      ],\n      \"Resource\": [\n        \"arn:aws:logs:us-west-2:526054848789:log-group:/aws/lambda/spotify-playlist:*:*\",\n        \"arn:aws:logs:us-west-2:526054848789:log-group:/aws/lambda/spotify-playlist:*\"\n      ]\n    }\n  ]\n}",
            "override_policy_documents": null,
            "policy_id": null,
            "source_policy_documents": null,
            "statement": [
              {
                "actions": [
                  "logs:CreateLogGroup",
                  "logs:CreateLogStream",
                  "logs:PutLogEvents"
                ],
                "condition": [],
                "effect": "Allow",
                "not_actions": [],
                "not_principals": [],
                "not_resources": [],
                "principals": [],
                "resources": [
                  "arn:aws:logs:us-west-2:526054848789:log-group:/aws/lambda/spotify-playlist:*",
                  "arn:aws:logs:us-west-2:526054848789:log-group:/aws/lambda/spotify-playlist:*:*"
                ],
                "sid": ""
              }
            ],
            "version": "2012-10-17"
          },
          "sensitive_attributes": []
        }
      ]
    },
    {
      "module": "module.lambda_function_spotify_playlist",
      "mode": "data",
      "type": "aws_partition",
      "name": "current",
      "provider": "provider[\"registry.terraform.io/hashicorp/aws\"]",
      "instances": [
        {
          "schema_version": 0,
          "attributes": {
            "dns_suffix": "amazonaws.com",
            "id": "aws",
            "partition": "aws",
            "reverse_dns_prefix": "com.amazonaws"
          },
          "sensitive_attributes": []
        }
      ]
    },
    {
      "module": "module.lambda_function_spotify_playlist",
      "mode": "data",
      "type": "aws_region",
      "name": "current",
      "provider": "provider[\"registry.terraform.io/hashicorp/aws\"]",
      "instances": [
        {
          "schema_version": 0,
          "attributes": {
            "description": "US West (Oregon)",
            "endpoint": "ec2.us-west-2.amazonaws.com",
            "id": "us-west-2",
            "name": "us-west-2"
          },
          "sensitive_attributes": []
        }
      ]
    },
    {
      "module": "module.lambda_function_spotify_playlist",
      "mode": "managed",
      "type": "aws_cloudwatch_log_group",
      "name": "lambda",
      "provider": "provider[\"registry.terraform.io/hashicorp/aws\"]",
      "instances": [
        {
          "index_key": 0,
          "schema_version": 0,
          "attributes": {
            "arn": "arn:aws:logs:us-west-2:526054848789:log-group:/aws/lambda/spotify-playlist",
            "id": "/aws/lambda/spotify-playlist",
            "kms_key_id": "",
            "name": "/aws/lambda/spotify-playlist",
            "name_prefix": "",
            "retention_in_days": 0,
            "skip_destroy": false,
            "tags": {},
            "tags_all": {}
          },
          "sensitive_attributes": [],
          "private": "bnVsbA=="
        }
      ]
    },
    {
      "module": "module.lambda_function_spotify_playlist",
      "mode": "managed",
      "type": "aws_iam_policy",
      "name": "additional_inline",
      "provider": "provider[\"registry.terraform.io/hashicorp/aws\"]",
      "instances": [
        {
          "index_key": 0,
          "schema_version": 0,
          "attributes": {
            "arn": "arn:aws:iam::526054848789:policy/spotify-playlist-inline",
            "description": "",
            "id": "arn:aws:iam::526054848789:policy/spotify-playlist-inline",
            "name": "spotify-playlist-inline",
            "name_prefix": "",
            "path": "/",
            "policy": "{\"Statement\":[{\"Action\":\"dynamodb:*\",\"Effect\":\"Allow\",\"Resource\":\"arn:aws:dynamodb:us-west-2:526054848789:table/playlists\",\"Sid\":\"dynamodb\"}],\"Version\":\"2012-10-17\"}",
            "policy_id": "ANPAXU62P7EKW6PZ2QKFT",
            "tags": {},
            "tags_all": {}
          },
          "sensitive_attributes": [],
          "private": "bnVsbA==",
          "dependencies": [
            "module.dynamodb_table.aws_dynamodb_table.autoscaled",
            "module.dynamodb_table.aws_dynamodb_table.autoscaled_gsi_ignore",
            "module.dynamodb_table.aws_dynamodb_table.this",
            "module.lambda_function_spotify_playlist.data.aws_iam_policy_document.additional_inline"
          ]
        }
      ]
    },
    {
      "module": "module.lambda_function_spotify_playlist",
      "mode": "managed",
      "type": "aws_iam_policy",
      "name": "logs",
      "provider": "provider[\"registry.terraform.io/hashicorp/aws\"]",
      "instances": [
        {
          "index_key": 0,
          "schema_version": 0,
          "attributes": {
            "arn": "arn:aws:iam::526054848789:policy/spotify-playlist-logs",
            "description": "",
            "id": "arn:aws:iam::526054848789:policy/spotify-playlist-logs",
            "name": "spotify-playlist-logs",
            "name_prefix": "",
            "path": "/",
            "policy": "{\"Statement\":[{\"Action\":[\"logs:PutLogEvents\",\"logs:CreateLogStream\",\"logs:CreateLogGroup\"],\"Effect\":\"Allow\",\"Resource\":[\"arn:aws:logs:us-west-2:526054848789:log-group:/aws/lambda/spotify-playlist:*:*\",\"arn:aws:logs:us-west-2:526054848789:log-group:/aws/lambda/spotify-playlist:*\"]}],\"Version\":\"2012-10-17\"}",
            "policy_id": "ANPAXU62P7EK4IEVHXCCK",
            "tags": {},
            "tags_all": {}
          },
          "sensitive_attributes": [],
          "private": "bnVsbA==",
          "dependencies": [
            "module.lambda_function_spotify_playlist.aws_cloudwatch_log_group.lambda",
            "module.lambda_function_spotify_playlist.data.aws_arn.log_group_arn",
            "module.lambda_function_spotify_playlist.data.aws_cloudwatch_log_group.lambda",
            "module.lambda_function_spotify_playlist.data.aws_iam_policy_document.logs"
          ]
        }
      ]
    },
    {
      "module": "module.lambda_function_spotify_playlist",
      "mode": "managed",
      "type": "aws_iam_role",
      "name": "lambda",
      "provider": "provider[\"registry.terraform.io/hashicorp/aws\"]",
      "instances": [
        {
          "index_key": 0,
          "schema_version": 0,
          "attributes": {
            "arn": "arn:aws:iam::526054848789:role/spotify-playlist",
            "assume_role_policy": "{\"Statement\":[{\"Action\":\"sts:AssumeRole\",\"Effect\":\"Allow\",\"Principal\":{\"Service\":\"lambda.amazonaws.com\"}}],\"Version\":\"2012-10-17\"}",
            "create_date": "2023-09-13T00:06:53Z",
            "description": "",
            "force_detach_policies": true,
            "id": "spotify-playlist",
            "inline_policy": [],
            "managed_policy_arns": [
              "arn:aws:iam::526054848789:policy/spotify-playlist-inline",
              "arn:aws:iam::526054848789:policy/spotify-playlist-logs"
            ],
            "max_session_duration": 3600,
            "name": "spotify-playlist",
            "name_prefix": "",
            "path": "/",
            "permissions_boundary": null,
            "tags": {},
            "tags_all": {},
            "unique_id": "AROAXU62P7EK47JOPZVAJ"
          },
          "sensitive_attributes": [],
          "private": "bnVsbA==",
          "dependencies": [
            "module.lambda_function_spotify_playlist.data.aws_iam_policy_document.assume_role"
          ]
        }
      ]
    },
    {
      "module": "module.lambda_function_spotify_playlist",
      "mode": "managed",
      "type": "aws_iam_role_policy_attachment",
      "name": "additional_inline",
      "provider": "provider[\"registry.terraform.io/hashicorp/aws\"]",
      "instances": [
        {
          "index_key": 0,
          "schema_version": 0,
          "attributes": {
            "id": "spotify-playlist-20230913000708410100000002",
            "policy_arn": "arn:aws:iam::526054848789:policy/spotify-playlist-inline",
            "role": "spotify-playlist"
          },
          "sensitive_attributes": [],
          "private": "bnVsbA==",
          "dependencies": [
            "module.dynamodb_table.aws_dynamodb_table.autoscaled",
            "module.dynamodb_table.aws_dynamodb_table.autoscaled_gsi_ignore",
            "module.dynamodb_table.aws_dynamodb_table.this",
            "module.lambda_function_spotify_playlist.aws_iam_policy.additional_inline",
            "module.lambda_function_spotify_playlist.aws_iam_role.lambda",
            "module.lambda_function_spotify_playlist.data.aws_iam_policy_document.additional_inline",
            "module.lambda_function_spotify_playlist.data.aws_iam_policy_document.assume_role"
          ]
        }
      ]
    },
    {
      "module": "module.lambda_function_spotify_playlist",
      "mode": "managed",
      "type": "aws_iam_role_policy_attachment",
      "name": "logs",
      "provider": "provider[\"registry.terraform.io/hashicorp/aws\"]",
      "instances": [
        {
          "index_key": 0,
          "schema_version": 0,
          "attributes": {
            "id": "spotify-playlist-20230913000653995700000001",
            "policy_arn": "arn:aws:iam::526054848789:policy/spotify-playlist-logs",
            "role": "spotify-playlist"
          },
          "sensitive_attributes": [],
          "private": "bnVsbA==",
          "dependencies": [
            "module.lambda_function_spotify_playlist.aws_cloudwatch_log_group.lambda",
            "module.lambda_function_spotify_playlist.aws_iam_policy.logs",
            "module.lambda_function_spotify_playlist.aws_iam_role.lambda",
            "module.lambda_function_spotify_playlist.data.aws_arn.log_group_arn",
            "module.lambda_function_spotify_playlist.data.aws_cloudwatch_log_group.lambda",
            "module.lambda_function_spotify_playlist.data.aws_iam_policy_document.assume_role",
            "module.lambda_function_spotify_playlist.data.aws_iam_policy_document.logs"
          ]
        }
      ]
    },
    {
      "module": "module.lambda_function_spotify_playlist",
      "mode": "managed",
      "type": "aws_lambda_function",
      "name": "this",
      "provider": "provider[\"registry.terraform.io/hashicorp/aws\"]",
      "instances": [
        {
          "index_key": 0,
          "schema_version": 0,
          "attributes": {
            "architectures": [
              "x86_64"
            ],
            "arn": "arn:aws:lambda:us-west-2:526054848789:function:spotify-playlist",
            "code_signing_config_arn": "",
            "dead_letter_config": [],
            "description": "My awesome lambda function",
            "environment": [
              {
                "variables": {
                  "TABLE_NAME": "playlists"
                }
              }
            ],
            "ephemeral_storage": [
              {
                "size": 512
              }
            ],
            "file_system_config": [],
            "filename": null,
            "function_name": "spotify-playlist",
            "handler": "",
            "id": "spotify-playlist",
            "image_config": [],
            "image_uri": "526054848789.dkr.ecr.us-west-2.amazonaws.com/spotify-playlist:0.13",
            "invoke_arn": "arn:aws:apigateway:us-west-2:lambda:path/2015-03-31/functions/arn:aws:lambda:us-west-2:526054848789:function:spotify-playlist/invocations",
            "kms_key_arn": "",
            "last_modified": "2023-09-13T02:47:37.000+0000",
            "layers": [],
            "memory_size": 1024,
            "package_type": "Image",
            "publish": false,
            "qualified_arn": "arn:aws:lambda:us-west-2:526054848789:function:spotify-playlist:$LATEST",
            "qualified_invoke_arn": "arn:aws:apigateway:us-west-2:lambda:path/2015-03-31/functions/arn:aws:lambda:us-west-2:526054848789:function:spotify-playlist:$LATEST/invocations",
            "replace_security_groups_on_destroy": null,
            "replacement_security_group_ids": null,
            "reserved_concurrent_executions": -1,
            "role": "arn:aws:iam::526054848789:role/spotify-playlist",
            "runtime": "",
            "s3_bucket": null,
            "s3_key": null,
            "s3_object_version": null,
            "signing_job_arn": "",
            "signing_profile_version_arn": "",
            "skip_destroy": false,
            "snap_start": [],
            "source_code_hash": "828c56074fcbed3b7c90401e3afd835817f5710be1a4f848dbb9f92f5cecb41b",
            "source_code_size": 0,
            "tags": {},
            "tags_all": {},
            "timeout": 10,
            "timeouts": null,
            "tracing_config": [
              {
                "mode": "PassThrough"
              }
            ],
            "version": "$LATEST",
            "vpc_config": []
          },
          "sensitive_attributes": [],
          "private": "eyJlMmJmYjczMC1lY2FhLTExZTYtOGY4OC0zNDM2M2JjN2M0YzAiOnsiY3JlYXRlIjo2MDAwMDAwMDAwMDAsImRlbGV0ZSI6NjAwMDAwMDAwMDAwLCJ1cGRhdGUiOjYwMDAwMDAwMDAwMH19",
          "dependencies": [
            "data.aws_caller_identity.this",
            "data.aws_ecr_authorization_token.token",
            "data.aws_region.current",
            "module.docker_image_spotify_playlist.aws_ecr_repository.this",
            "module.docker_image_spotify_playlist.data.aws_caller_identity.this",
            "module.docker_image_spotify_playlist.data.aws_region.current",
            "module.docker_image_spotify_playlist.docker_image.this",
            "module.docker_image_spotify_playlist.docker_registry_image.this",
            "module.dynamodb_table.aws_dynamodb_table.autoscaled",
            "module.dynamodb_table.aws_dynamodb_table.autoscaled_gsi_ignore",
            "module.dynamodb_table.aws_dynamodb_table.this",
            "module.lambda_function_spotify_playlist.aws_cloudwatch_log_group.lambda",
            "module.lambda_function_spotify_playlist.aws_iam_role.lambda",
            "module.lambda_function_spotify_playlist.aws_iam_role_policy_attachment.additional_inline",
            "module.lambda_function_spotify_playlist.aws_iam_role_policy_attachment.additional_json",
            "module.lambda_function_spotify_playlist.aws_iam_role_policy_attachment.additional_jsons",
            "module.lambda_function_spotify_playlist.aws_iam_role_policy_attachment.additional_many",
            "module.lambda_function_spotify_playlist.aws_iam_role_policy_attachment.additional_one",
            "module.lambda_function_spotify_playlist.aws_iam_role_policy_attachment.async",
            "module.lambda_function_spotify_playlist.aws_iam_role_policy_attachment.dead_letter",
            "module.lambda_function_spotify_playlist.aws_iam_role_policy_attachment.logs",
            "module.lambda_function_spotify_playlist.aws_iam_role_policy_attachment.tracing",
            "module.lambda_function_spotify_playlist.aws_iam_role_policy_attachment.vpc",
            "module.lambda_function_spotify_playlist.aws_s3_object.lambda_package",
            "module.lambda_function_spotify_playlist.data.external.archive_prepare",
            "module.lambda_function_spotify_playlist.null_resource.archive"
          ]
        }
      ]
    },
    {
      "module": "module.step_function_spotify",
      "mode": "data",
      "type": "aws_caller_identity",
      "name": "current",
      "provider": "provider[\"registry.terraform.io/hashicorp/aws\"]",
      "instances": [
        {
          "schema_version": 0,
          "attributes": {
            "account_id": "526054848789",
            "arn": "arn:aws:sts::526054848789:assumed-role/AWSReservedSSO_AdministratorAccess_eaa146b6dc3a2316/igor.oliveira",
            "id": "526054848789",
            "user_id": "AROAXU62P7EKSOARTWBFI:igor.oliveira"
          },
          "sensitive_attributes": []
        }
      ]
    },
    {
      "module": "module.step_function_spotify",
      "mode": "data",
      "type": "aws_iam_policy_document",
      "name": "assume_role",
      "provider": "provider[\"registry.terraform.io/hashicorp/aws\"]",
      "instances": [
        {
          "index_key": 0,
          "schema_version": 0,
          "attributes": {
            "id": "427396675",
            "json": "{\n  \"Version\": \"2012-10-17\",\n  \"Statement\": [\n    {\n      \"Effect\": \"Allow\",\n      \"Action\": \"sts:AssumeRole\",\n      \"Principal\": {\n        \"Service\": \"states.us-west-2.amazonaws.com\"\n      }\n    }\n  ]\n}",
            "override_policy_documents": null,
            "policy_id": null,
            "source_policy_documents": null,
            "statement": [
              {
                "actions": [
                  "sts:AssumeRole"
                ],
                "condition": [],
                "effect": "Allow",
                "not_actions": [],
                "not_principals": [],
                "not_resources": [],
                "principals": [
                  {
                    "identifiers": [
                      "states.us-west-2.amazonaws.com"
                    ],
                    "type": "Service"
                  }
                ],
                "resources": [],
                "sid": ""
              }
            ],
            "version": "2012-10-17"
          },
          "sensitive_attributes": []
        }
      ]
    },
    {
      "module": "module.step_function_spotify",
      "mode": "data",
      "type": "aws_iam_policy_document",
      "name": "logs",
      "provider": "provider[\"registry.terraform.io/hashicorp/aws\"]",
      "instances": [
        {
          "index_key": 0,
          "schema_version": 0,
          "attributes": {
            "id": "2981584126",
            "json": "{\n  \"Version\": \"2012-10-17\",\n  \"Statement\": [\n    {\n      \"Effect\": \"Allow\",\n      \"Action\": [\n        \"logs:UpdateLogDelivery\",\n        \"logs:PutResourcePolicy\",\n        \"logs:ListLogDeliveries\",\n        \"logs:GetLogDelivery\",\n        \"logs:DescribeResourcePolicies\",\n        \"logs:DescribeLogGroups\",\n        \"logs:DeleteLogDelivery\",\n        \"logs:CreateLogDelivery\"\n      ],\n      \"Resource\": \"*\"\n    }\n  ]\n}",
            "override_policy_documents": null,
            "policy_id": null,
            "source_policy_documents": null,
            "statement": [
              {
                "actions": [
                  "logs:CreateLogDelivery",
                  "logs:DeleteLogDelivery",
                  "logs:DescribeLogGroups",
                  "logs:DescribeResourcePolicies",
                  "logs:GetLogDelivery",
                  "logs:ListLogDeliveries",
                  "logs:PutResourcePolicy",
                  "logs:UpdateLogDelivery"
                ],
                "condition": [],
                "effect": "Allow",
                "not_actions": [],
                "not_principals": [],
                "not_resources": [],
                "principals": [],
                "resources": [
                  "*"
                ],
                "sid": ""
              }
            ],
            "version": "2012-10-17"
          },
          "sensitive_attributes": []
        }
      ]
    },
    {
      "module": "module.step_function_spotify",
      "mode": "data",
      "type": "aws_iam_policy_document",
      "name": "service",
      "provider": "provider[\"registry.terraform.io/hashicorp/aws\"]",
      "instances": [
        {
          "index_key": "lambda",
          "schema_version": 0,
          "attributes": {
            "id": "3792524504",
            "json": "{\n  \"Version\": \"2012-10-17\",\n  \"Statement\": [\n    {\n      \"Sid\": \"lambdaLambda\",\n      \"Effect\": \"Allow\",\n      \"Action\": \"lambda:InvokeFunction\",\n      \"Resource\": [\n        \"arn:aws:lambda:us-west-2:526054848789:function:spotify-playlist:*\",\n        \"arn:aws:lambda:us-west-2:526054848789:function:spotify-playlist\"\n      ]\n    }\n  ]\n}",
            "override_policy_documents": null,
            "policy_id": null,
            "source_policy_documents": null,
            "statement": [
              {
                "actions": [
                  "lambda:InvokeFunction"
                ],
                "condition": [],
                "effect": "Allow",
                "not_actions": [],
                "not_principals": [],
                "not_resources": [],
                "principals": [],
                "resources": [
                  "arn:aws:lambda:us-west-2:526054848789:function:spotify-playlist",
                  "arn:aws:lambda:us-west-2:526054848789:function:spotify-playlist:*"
                ],
                "sid": "lambdaLambda"
              }
            ],
            "version": "2012-10-17"
          },
          "sensitive_attributes": []
        }
      ]
    },
    {
      "module": "module.step_function_spotify",
      "mode": "data",
      "type": "aws_region",
      "name": "current",
      "provider": "provider[\"registry.terraform.io/hashicorp/aws\"]",
      "instances": [
        {
          "index_key": 0,
          "schema_version": 0,
          "attributes": {
            "description": "US West (Oregon)",
            "endpoint": "ec2.us-west-2.amazonaws.com",
            "id": "us-west-2",
            "name": "us-west-2"
          },
          "sensitive_attributes": []
        }
      ]
    },
    {
      "module": "module.step_function_spotify",
      "mode": "managed",
      "type": "aws_cloudwatch_log_group",
      "name": "sfn",
      "provider": "provider[\"registry.terraform.io/hashicorp/aws\"]",
      "instances": [
        {
          "index_key": 0,
          "schema_version": 0,
          "attributes": {
            "arn": "arn:aws:logs:us-west-2:526054848789:log-group:/aws/vendedlogs/states/sf-spotify",
            "id": "/aws/vendedlogs/states/sf-spotify",
            "kms_key_id": "",
            "name": "/aws/vendedlogs/states/sf-spotify",
            "name_prefix": "",
            "retention_in_days": 0,
            "skip_destroy": false,
            "tags": {},
            "tags_all": {}
          },
          "sensitive_attributes": [],
          "private": "bnVsbA=="
        }
      ]
    },
    {
      "module": "module.step_function_spotify",
      "mode": "managed",
      "type": "aws_iam_policy",
      "name": "logs",
      "provider": "provider[\"registry.terraform.io/hashicorp/aws\"]",
      "instances": [
        {
          "index_key": 0,
          "schema_version": 0,
          "attributes": {
            "arn": "arn:aws:iam::526054848789:policy/sf-spotify-logs",
            "description": "",
            "id": "arn:aws:iam::526054848789:policy/sf-spotify-logs",
            "name": "sf-spotify-logs",
            "name_prefix": "",
            "path": "/",
            "policy": "{\"Statement\":[{\"Action\":[\"logs:UpdateLogDelivery\",\"logs:PutResourcePolicy\",\"logs:ListLogDeliveries\",\"logs:GetLogDelivery\",\"logs:DescribeResourcePolicies\",\"logs:DescribeLogGroups\",\"logs:DeleteLogDelivery\",\"logs:CreateLogDelivery\"],\"Effect\":\"Allow\",\"Resource\":\"*\"}],\"Version\":\"2012-10-17\"}",
            "policy_id": "ANPAXU62P7EKYWEH3TVFG",
            "tags": {},
            "tags_all": {}
          },
          "sensitive_attributes": [],
          "private": "bnVsbA==",
          "dependencies": [
            "module.step_function_spotify.data.aws_iam_policy_document.logs"
          ]
        }
      ]
    },
    {
      "module": "module.step_function_spotify",
      "mode": "managed",
      "type": "aws_iam_policy",
      "name": "service",
      "provider": "provider[\"registry.terraform.io/hashicorp/aws\"]",
      "instances": [
        {
          "index_key": "lambda",
          "schema_version": 0,
          "attributes": {
            "arn": "arn:aws:iam::526054848789:policy/sf-spotify-lambda",
            "description": "",
            "id": "arn:aws:iam::526054848789:policy/sf-spotify-lambda",
            "name": "sf-spotify-lambda",
            "name_prefix": "",
            "path": "/",
            "policy": "{\"Statement\":[{\"Action\":\"lambda:InvokeFunction\",\"Effect\":\"Allow\",\"Resource\":[\"arn:aws:lambda:us-west-2:526054848789:function:spotify-playlist:*\",\"arn:aws:lambda:us-west-2:526054848789:function:spotify-playlist\"],\"Sid\":\"lambdaLambda\"}],\"Version\":\"2012-10-17\"}",
            "policy_id": "ANPAXU62P7EKV4UEXA46H",
            "tags": {},
            "tags_all": {}
          },
          "sensitive_attributes": [],
          "private": "bnVsbA==",
          "dependencies": [
            "data.aws_caller_identity.this",
            "data.aws_ecr_authorization_token.token",
            "data.aws_region.current",
            "module.docker_image_spotify_playlist.aws_ecr_repository.this",
            "module.docker_image_spotify_playlist.data.aws_caller_identity.this",
            "module.docker_image_spotify_playlist.data.aws_region.current",
            "module.docker_image_spotify_playlist.docker_image.this",
            "module.docker_image_spotify_playlist.docker_registry_image.this",
            "module.dynamodb_table.aws_dynamodb_table.autoscaled",
            "module.dynamodb_table.aws_dynamodb_table.autoscaled_gsi_ignore",
            "module.dynamodb_table.aws_dynamodb_table.this",
            "module.lambda_function_spotify_playlist.aws_cloudwatch_log_group.lambda",
            "module.lambda_function_spotify_playlist.aws_iam_policy.additional_inline",
            "module.lambda_function_spotify_playlist.aws_iam_policy.additional_json",
            "module.lambda_function_spotify_playlist.aws_iam_policy.additional_jsons",
            "module.lambda_function_spotify_playlist.aws_iam_policy.async",
            "module.lambda_function_spotify_playlist.aws_iam_policy.dead_letter",
            "module.lambda_function_spotify_playlist.aws_iam_policy.logs",
            "module.lambda_function_spotify_playlist.aws_iam_policy.tracing",
            "module.lambda_function_spotify_playlist.aws_iam_policy.vpc",
            "module.lambda_function_spotify_playlist.aws_iam_role.lambda",
            "module.lambda_function_spotify_playlist.aws_iam_role_policy_attachment.additional_inline",
            "module.lambda_function_spotify_playlist.aws_iam_role_policy_attachment.additional_json",
            "module.lambda_function_spotify_playlist.aws_iam_role_policy_attachment.additional_jsons",
            "module.lambda_function_spotify_playlist.aws_iam_role_policy_attachment.additional_many",
            "module.lambda_function_spotify_playlist.aws_iam_role_policy_attachment.additional_one",
            "module.lambda_function_spotify_playlist.aws_iam_role_policy_attachment.async",
            "module.lambda_function_spotify_playlist.aws_iam_role_policy_attachment.dead_letter",
            "module.lambda_function_spotify_playlist.aws_iam_role_policy_attachment.logs",
            "module.lambda_function_spotify_playlist.aws_iam_role_policy_attachment.tracing",
            "module.lambda_function_spotify_playlist.aws_iam_role_policy_attachment.vpc",
            "module.lambda_function_spotify_playlist.aws_lambda_function.this",
            "module.lambda_function_spotify_playlist.aws_s3_object.lambda_package",
            "module.lambda_function_spotify_playlist.data.aws_arn.log_group_arn",
            "module.lambda_function_spotify_playlist.data.aws_cloudwatch_log_group.lambda",
            "module.lambda_function_spotify_playlist.data.aws_iam_policy.tracing",
            "module.lambda_function_spotify_playlist.data.aws_iam_policy.vpc",
            "module.lambda_function_spotify_playlist.data.aws_iam_policy_document.additional_inline",
            "module.lambda_function_spotify_playlist.data.aws_iam_policy_document.assume_role",
            "module.lambda_function_spotify_playlist.data.aws_iam_policy_document.async",
            "module.lambda_function_spotify_playlist.data.aws_iam_policy_document.dead_letter",
            "module.lambda_function_spotify_playlist.data.aws_iam_policy_document.logs",
            "module.lambda_function_spotify_playlist.data.aws_partition.current",
            "module.lambda_function_spotify_playlist.data.external.archive_prepare",
            "module.lambda_function_spotify_playlist.local_file.archive_plan",
            "module.lambda_function_spotify_playlist.null_resource.archive",
            "module.step_function_spotify.data.aws_caller_identity.current",
            "module.step_function_spotify.data.aws_iam_policy_document.service",
            "module.step_function_spotify.data.aws_region.current"
          ]
        }
      ]
    },
    {
      "module": "module.step_function_spotify",
      "mode": "managed",
      "type": "aws_iam_policy_attachment",
      "name": "logs",
      "provider": "provider[\"registry.terraform.io/hashicorp/aws\"]",
      "instances": [
        {
          "index_key": 0,
          "schema_version": 0,
          "attributes": {
            "groups": [],
            "id": "sf-spotify-logs",
            "name": "sf-spotify-logs",
            "policy_arn": "arn:aws:iam::526054848789:policy/sf-spotify-logs",
            "roles": [
              "sf-spotify"
            ],
            "users": []
          },
          "sensitive_attributes": [],
          "private": "bnVsbA==",
          "dependencies": [
            "module.step_function_spotify.aws_iam_policy.logs",
            "module.step_function_spotify.aws_iam_role.this",
            "module.step_function_spotify.data.aws_iam_policy_document.assume_role",
            "module.step_function_spotify.data.aws_iam_policy_document.logs",
            "module.step_function_spotify.data.aws_region.current"
          ]
        }
      ]
    },
    {
      "module": "module.step_function_spotify",
      "mode": "managed",
      "type": "aws_iam_policy_attachment",
      "name": "service",
      "provider": "provider[\"registry.terraform.io/hashicorp/aws\"]",
      "instances": [
        {
          "index_key": "lambda",
          "schema_version": 0,
          "attributes": {
            "groups": [],
            "id": "sf-spotify-lambda",
            "name": "sf-spotify-lambda",
            "policy_arn": "arn:aws:iam::526054848789:policy/sf-spotify-lambda",
            "roles": [
              "sf-spotify"
            ],
            "users": []
          },
          "sensitive_attributes": [],
          "private": "bnVsbA==",
          "dependencies": [
            "data.aws_caller_identity.this",
            "data.aws_ecr_authorization_token.token",
            "data.aws_region.current",
            "module.docker_image_spotify_playlist.aws_ecr_repository.this",
            "module.docker_image_spotify_playlist.data.aws_caller_identity.this",
            "module.docker_image_spotify_playlist.data.aws_region.current",
            "module.docker_image_spotify_playlist.docker_image.this",
            "module.docker_image_spotify_playlist.docker_registry_image.this",
            "module.dynamodb_table.aws_dynamodb_table.autoscaled",
            "module.dynamodb_table.aws_dynamodb_table.autoscaled_gsi_ignore",
            "module.dynamodb_table.aws_dynamodb_table.this",
            "module.lambda_function_spotify_playlist.aws_cloudwatch_log_group.lambda",
            "module.lambda_function_spotify_playlist.aws_iam_policy.additional_inline",
            "module.lambda_function_spotify_playlist.aws_iam_policy.additional_json",
            "module.lambda_function_spotify_playlist.aws_iam_policy.additional_jsons",
            "module.lambda_function_spotify_playlist.aws_iam_policy.async",
            "module.lambda_function_spotify_playlist.aws_iam_policy.dead_letter",
            "module.lambda_function_spotify_playlist.aws_iam_policy.logs",
            "module.lambda_function_spotify_playlist.aws_iam_policy.tracing",
            "module.lambda_function_spotify_playlist.aws_iam_policy.vpc",
            "module.lambda_function_spotify_playlist.aws_iam_role.lambda",
            "module.lambda_function_spotify_playlist.aws_iam_role_policy_attachment.additional_inline",
            "module.lambda_function_spotify_playlist.aws_iam_role_policy_attachment.additional_json",
            "module.lambda_function_spotify_playlist.aws_iam_role_policy_attachment.additional_jsons",
            "module.lambda_function_spotify_playlist.aws_iam_role_policy_attachment.additional_many",
            "module.lambda_function_spotify_playlist.aws_iam_role_policy_attachment.additional_one",
            "module.lambda_function_spotify_playlist.aws_iam_role_policy_attachment.async",
            "module.lambda_function_spotify_playlist.aws_iam_role_policy_attachment.dead_letter",
            "module.lambda_function_spotify_playlist.aws_iam_role_policy_attachment.logs",
            "module.lambda_function_spotify_playlist.aws_iam_role_policy_attachment.tracing",
            "module.lambda_function_spotify_playlist.aws_iam_role_policy_attachment.vpc",
            "module.lambda_function_spotify_playlist.aws_lambda_function.this",
            "module.lambda_function_spotify_playlist.aws_s3_object.lambda_package",
            "module.lambda_function_spotify_playlist.data.aws_arn.log_group_arn",
            "module.lambda_function_spotify_playlist.data.aws_cloudwatch_log_group.lambda",
            "module.lambda_function_spotify_playlist.data.aws_iam_policy.tracing",
            "module.lambda_function_spotify_playlist.data.aws_iam_policy.vpc",
            "module.lambda_function_spotify_playlist.data.aws_iam_policy_document.additional_inline",
            "module.lambda_function_spotify_playlist.data.aws_iam_policy_document.assume_role",
            "module.lambda_function_spotify_playlist.data.aws_iam_policy_document.async",
            "module.lambda_function_spotify_playlist.data.aws_iam_policy_document.dead_letter",
            "module.lambda_function_spotify_playlist.data.aws_iam_policy_document.logs",
            "module.lambda_function_spotify_playlist.data.aws_partition.current",
            "module.lambda_function_spotify_playlist.data.external.archive_prepare",
            "module.lambda_function_spotify_playlist.local_file.archive_plan",
            "module.lambda_function_spotify_playlist.null_resource.archive",
            "module.step_function_spotify.aws_iam_policy.service",
            "module.step_function_spotify.aws_iam_role.this",
            "module.step_function_spotify.data.aws_caller_identity.current",
            "module.step_function_spotify.data.aws_iam_policy_document.assume_role",
            "module.step_function_spotify.data.aws_iam_policy_document.service",
            "module.step_function_spotify.data.aws_region.current"
          ]
        }
      ]
    },
    {
      "module": "module.step_function_spotify",
      "mode": "managed",
      "type": "aws_iam_role",
      "name": "this",
      "provider": "provider[\"registry.terraform.io/hashicorp/aws\"]",
      "instances": [
        {
          "index_key": 0,
          "schema_version": 0,
          "attributes": {
            "arn": "arn:aws:iam::526054848789:role/sf-spotify",
            "assume_role_policy": "{\"Statement\":[{\"Action\":\"sts:AssumeRole\",\"Effect\":\"Allow\",\"Principal\":{\"Service\":\"states.us-west-2.amazonaws.com\"}}],\"Version\":\"2012-10-17\"}",
            "create_date": "2023-09-13T00:06:53Z",
            "description": "",
            "force_detach_policies": true,
            "id": "sf-spotify",
            "inline_policy": [],
            "managed_policy_arns": [
              "arn:aws:iam::526054848789:policy/sf-spotify-lambda",
              "arn:aws:iam::526054848789:policy/sf-spotify-logs"
            ],
            "max_session_duration": 3600,
            "name": "sf-spotify",
            "name_prefix": "",
            "path": "/",
            "permissions_boundary": null,
            "tags": {},
            "tags_all": {},
            "unique_id": "AROAXU62P7EK624DABOA7"
          },
          "sensitive_attributes": [],
          "private": "bnVsbA==",
          "dependencies": [
            "module.step_function_spotify.data.aws_iam_policy_document.assume_role",
            "module.step_function_spotify.data.aws_region.current"
          ]
        }
      ]
    },
    {
      "module": "module.step_function_spotify",
      "mode": "managed",
      "type": "aws_sfn_state_machine",
      "name": "this",
      "provider": "provider[\"registry.terraform.io/hashicorp/aws\"]",
      "instances": [
        {
          "index_key": 0,
          "schema_version": 0,
          "attributes": {
            "arn": "arn:aws:states:us-west-2:526054848789:stateMachine:sf-spotify",
            "creation_date": "2023-09-13T00:45:30Z",
            "definition": "{\n    \"Comment\": \"Spotify Flow\",\n    \"StartAt\": \"Get Spotify Playlist\",\n    \"States\": {\n      \"Get Spotify Playlist\": {\n        \"Type\": \"Task\",\n        \"Resource\": \"arn:aws:states:::lambda:invoke\",\n        \"OutputPath\": \"$.Payload\",\n        \"Parameters\": {\n          \"Payload.$\": \"$\",\n          \"FunctionName\": \"arn:aws:lambda:us-west-2:526054848789:function:spotify-playlist:$LATEST\"\n        },\n        \"Retry\": [\n          {\n            \"ErrorEquals\": [\n              \"Lambda.ServiceException\",\n              \"Lambda.AWSLambdaException\",\n              \"Lambda.SdkClientException\",\n              \"Lambda.TooManyRequestsException\"\n            ],\n            \"IntervalSeconds\": 2,\n            \"MaxAttempts\": 6,\n            \"BackoffRate\": 2\n          }\n        ],\n        \"Next\": \"Has Next?\"\n      },\n      \"Has Next?\": {\n        \"Type\": \"Choice\",\n        \"Choices\": [\n          {\n            \"Variable\": \"$.next\",\n            \"IsPresent\": true,\n            \"Next\": \"Get Spotify Playlist\"\n          }\n        ],\n        \"Default\": \"Success\"\n      },\n      \"Success\": {\n        \"Type\": \"Succeed\"\n      }\n    }\n  }",
            "description": "",
            "id": "arn:aws:states:us-west-2:526054848789:stateMachine:sf-spotify",
            "logging_configuration": [
              {
                "include_execution_data": false,
                "level": "ERROR",
                "log_destination": "arn:aws:logs:us-west-2:526054848789:log-group:/aws/vendedlogs/states/sf-spotify:*"
              }
            ],
            "name": "sf-spotify",
            "name_prefix": "",
            "publish": false,
            "revision_id": "",
            "role_arn": "arn:aws:iam::526054848789:role/sf-spotify",
            "state_machine_version_arn": "",
            "status": "ACTIVE",
            "tags": {
              "Name": "sf-spotify"
            },
            "tags_all": {
              "Name": "sf-spotify"
            },
            "timeouts": {
              "create": null,
              "delete": null,
              "update": null
            },
            "tracing_configuration": [
              {
                "enabled": false
              }
            ],
            "type": "STANDARD",
            "version_description": null
          },
          "sensitive_attributes": [],
          "private": "eyJlMmJmYjczMC1lY2FhLTExZTYtOGY4OC0zNDM2M2JjN2M0YzAiOnsiY3JlYXRlIjozMDAwMDAwMDAwMDAsImRlbGV0ZSI6MzAwMDAwMDAwMDAwLCJ1cGRhdGUiOjYwMDAwMDAwMDAwfX0=",
          "dependencies": [
            "data.aws_caller_identity.this",
            "data.aws_ecr_authorization_token.token",
            "data.aws_region.current",
            "module.docker_image_spotify_playlist.aws_ecr_repository.this",
            "module.docker_image_spotify_playlist.data.aws_caller_identity.this",
            "module.docker_image_spotify_playlist.data.aws_region.current",
            "module.docker_image_spotify_playlist.docker_image.this",
            "module.docker_image_spotify_playlist.docker_registry_image.this",
            "module.dynamodb_table.aws_dynamodb_table.autoscaled",
            "module.dynamodb_table.aws_dynamodb_table.autoscaled_gsi_ignore",
            "module.dynamodb_table.aws_dynamodb_table.this",
            "module.lambda_function_spotify_playlist.aws_cloudwatch_log_group.lambda",
            "module.lambda_function_spotify_playlist.aws_iam_policy.additional_inline",
            "module.lambda_function_spotify_playlist.aws_iam_policy.additional_json",
            "module.lambda_function_spotify_playlist.aws_iam_policy.additional_jsons",
            "module.lambda_function_spotify_playlist.aws_iam_policy.async",
            "module.lambda_function_spotify_playlist.aws_iam_policy.dead_letter",
            "module.lambda_function_spotify_playlist.aws_iam_policy.logs",
            "module.lambda_function_spotify_playlist.aws_iam_policy.tracing",
            "module.lambda_function_spotify_playlist.aws_iam_policy.vpc",
            "module.lambda_function_spotify_playlist.aws_iam_role.lambda",
            "module.lambda_function_spotify_playlist.aws_iam_role_policy_attachment.additional_inline",
            "module.lambda_function_spotify_playlist.aws_iam_role_policy_attachment.additional_json",
            "module.lambda_function_spotify_playlist.aws_iam_role_policy_attachment.additional_jsons",
            "module.lambda_function_spotify_playlist.aws_iam_role_policy_attachment.additional_many",
            "module.lambda_function_spotify_playlist.aws_iam_role_policy_attachment.additional_one",
            "module.lambda_function_spotify_playlist.aws_iam_role_policy_attachment.async",
            "module.lambda_function_spotify_playlist.aws_iam_role_policy_attachment.dead_letter",
            "module.lambda_function_spotify_playlist.aws_iam_role_policy_attachment.logs",
            "module.lambda_function_spotify_playlist.aws_iam_role_policy_attachment.tracing",
            "module.lambda_function_spotify_playlist.aws_iam_role_policy_attachment.vpc",
            "module.lambda_function_spotify_playlist.aws_lambda_function.this",
            "module.lambda_function_spotify_playlist.aws_s3_object.lambda_package",
            "module.lambda_function_spotify_playlist.data.aws_arn.log_group_arn",
            "module.lambda_function_spotify_playlist.data.aws_cloudwatch_log_group.lambda",
            "module.lambda_function_spotify_playlist.data.aws_iam_policy.tracing",
            "module.lambda_function_spotify_playlist.data.aws_iam_policy.vpc",
            "module.lambda_function_spotify_playlist.data.aws_iam_policy_document.additional_inline",
            "module.lambda_function_spotify_playlist.data.aws_iam_policy_document.assume_role",
            "module.lambda_function_spotify_playlist.data.aws_iam_policy_document.async",
            "module.lambda_function_spotify_playlist.data.aws_iam_policy_document.dead_letter",
            "module.lambda_function_spotify_playlist.data.aws_iam_policy_document.logs",
            "module.lambda_function_spotify_playlist.data.aws_partition.current",
            "module.lambda_function_spotify_playlist.data.external.archive_prepare",
            "module.lambda_function_spotify_playlist.local_file.archive_plan",
            "module.lambda_function_spotify_playlist.null_resource.archive",
            "module.step_function_spotify.aws_cloudwatch_log_group.sfn",
            "module.step_function_spotify.aws_iam_role.this",
            "module.step_function_spotify.data.aws_cloudwatch_log_group.sfn",
            "module.step_function_spotify.data.aws_iam_policy_document.assume_role",
            "module.step_function_spotify.data.aws_region.current"
          ]
        }
      ]
    }
  ],
  "check_results": null
}
